{
  "originHash" : "c10cd7d9b26d64d771a67bcddd9980d93cb8fcf3c3438b7c92af40eeaf82959b",
  "pins" : [
    {
      "identity" : "activityindicatorview",
      "kind" : "remoteSourceControl",
      "location" : "https://github.com/exyte/ActivityIndicatorView",
      "state" : {
        "revision" : "36140867802ae4a1d2b11490bcbbefe058001d14",
        "version" : "1.2.1"
      }
    },
    {
      "identity" : "alerttoast",
      "kind" : "remoteSourceControl",
      "location" : "https://github.com/SubvertDev/AlertToast.git",
      "state" : {
        "branch" : "d0f7d6b",
        "revision" : "d0f7d6bafd3e8ffe99afba4995822d24aee044fb"
      }
    },
    {
      "identity" : "anchoredpopup",
      "kind" : "remoteSourceControl",
      "location" : "https://github.com/SubvertDev/AnchoredPopup.git",
      "state" : {
        "branch" : "main",
        "revision" : "c409740455e14866a223715ed285da33cfd0f044"
      }
    },
    {
      "identity" : "cache",
      "kind" : "remoteSourceControl",
      "location" : "https://github.com/hyperoslo/Cache.git",
      "state" : {
        "revision" : "24e47109e31b2031cb26e25cc1b81b607496066c",
        "version" : "7.4.0"
      }
    },
    {
      "identity" : "chat",
      "kind" : "remoteSourceControl",
      "location" : "https://github.com/SubvertDev/Chat",
      "state" : {
        "branch" : "main",
        "revision" : "44a08c5141ac32dde14e5707ad25d8bbed5be0e9"
      }
    },
    {
      "identity" : "combine-schedulers",
      "kind" : "remoteSourceControl",
      "location" : "https://github.com/pointfreeco/combine-schedulers",
      "state" : {
        "revision" : "5928286acce13def418ec36d05a001a9641086f2",
        "version" : "1.0.3"
      }
    },
    {
      "identity" : "giphy-ios-sdk",
      "kind" : "remoteSourceControl",
      "location" : "https://github.com/Giphy/giphy-ios-sdk",
      "state" : {
        "revision" : "f7a8edf513ab14147ef33c942b10b45cdac1e765",
        "version" : "2.3.0"
      }
    },
    {
      "identity" : "kingfisher",
      "kind" : "remoteSourceControl",
      "location" : "https://github.com/onevcat/Kingfisher",
      "state" : {
        "revision" : "e227df15448d2ad1a5d4e4c49722a71c68f9058a",
        "version" : "8.7.0"
      }
    },
    {
      "identity" : "libwebp-xcode",
      "kind" : "remoteSourceControl",
      "location" : "https://github.com/SDWebImage/libwebp-Xcode",
      "state" : {
        "revision" : "0d60654eeefd5d7d2bef3835804892c40225e8b2",
        "version" : "1.5.0"
      }
    },
    {
      "identity" : "mediapicker",
      "kind" : "remoteSourceControl",
      "location" : "https://github.com/SubvertDev/MediaPicker.git",
      "state" : {
        "branch" : "main",
        "revision" : "199f445c1efa65291160d9589ad8509848130783"
      }
    },
    {
      "identity" : "nuke",
      "kind" : "remoteSourceControl",
      "location" : "https://github.com/kean/Nuke.git",
      "state" : {
        "revision" : "0ead44350d2737db384908569c012fe67c421e4d",
        "version" : "12.8.0"
      }
    },
    {
      "identity" : "pdapi_spm",
      "kind" : "remoteSourceControl",
      "location" : "https://github.com/SubvertDev/PDAPI_SPM.git",
      "state" : {
        "revision" : "c1d783c1fab5a54a994d5fa68f02c631405573a9",
        "version" : "0.8.0"
      }
    },
    {
      "identity" : "plcrashreporter",
      "kind" : "remoteSourceControl",
      "location" : "https://github.com/microsoft/plcrashreporter.git",
      "state" : {
        "revision" : "0254f941c646b1ed17b243654723d0f071e990d0",
        "version" : "1.12.2"
      }
    },
    {
      "identity" : "posthog-ios",
      "kind" : "remoteSourceControl",
      "location" : "https://github.com/PostHog/posthog-ios",
      "state" : {
        "revision" : "1d9e0c237040970f44615b56d2dc039ab7a288fc",
        "version" : "3.57.0"
      }
    },
    {
      "identity" : "richtextkit",
      "kind" : "remoteSourceControl",
      "location" : "https://github.com/SubvertDev/RichTextKit.git",
      "state" : {
        "branch" : "main",
        "revision" : "be15182e607ae63a6e02cede1681ab824fd338fc"
      }
    },
    {
      "identity" : "sentry-cocoa",
      "kind" : "remoteSourceControl",
      "location" : "https://github.com/getsentry/sentry-cocoa.git",
      "state" : {
        "revision" : "a49e7c2148ac9e38bd35ef4f13bc9d6ea3ff0b81",
        "version" : "9.11.0"
      }
    },
    {
      "identity" : "sfsafesymbols",
      "kind" : "remoteSourceControl",
      "location" : "https://github.com/SFSafeSymbols/SFSafeSymbols.git",
      "state" : {
        "revision" : "e01b3d4f861412f8dcee8d93c417d2c2b0cdfd77",
        "version" : "7.0.0"
      }
    },
    {
      "identity" : "skeletonui",
      "kind" : "remoteSourceControl",
      "location" : "https://github.com/CSolanaM/SkeletonUI.git",
      "state" : {
        "revision" : "f025e9ba5d051374d7344efa8859df5b9399a181",
        "version" : "2.0.2"
      }
    },
    {
      "identity" : "smoothgradient",
      "kind" : "remoteSourceControl",
      "location" : "https://github.com/raymondjavaxx/SmoothGradient.git",
      "state" : {
        "revision" : "77ac160533ce312f92b566754731e07b20315a41",
        "version" : "1.0.1"
      }
    },
    {
      "identity" : "swift-async-algorithms",
      "kind" : "remoteSourceControl",
      "location" : "https://github.com/apple/swift-async-algorithms",
      "state" : {
        "revision" : "9d349bcc328ac3c31ce40e746b5882742a0d1272",
        "version" : "1.1.3"
      }
    },
    {
      "identity" : "swift-case-paths",
      "kind" : "remoteSourceControl",
      "location" : "https://github.com/pointfreeco/swift-case-paths",
      "state" : {
        "revision" : "6989976265be3f8d2b5802c722f9ba168e227c71",
        "version" : "1.7.2"
      }
    },
    {
      "identity" : "swift-clocks",
      "kind" : "remoteSourceControl",
      "location" : "https://github.com/pointfreeco/swift-clocks",
      "state" : {
        "revision" : "cc46202b53476d64e824e0b6612da09d84ffde8e",
        "version" : "1.0.6"
      }
    },
    {
      "identity" : "swift-collections",
      "kind" : "remoteSourceControl",
      "location" : "https://github.com/apple/swift-collections",
      "state" : {
        "revision" : "7b847a3b7008b2dc2f47ca3110d8c782fb2e5c7e",
        "version" : "1.3.0"
      }
    },
    {
      "identity" : "swift-composable-architecture",
      "kind" : "remoteSourceControl",
      "location" : "https://github.com/pointfreeco/swift-composable-architecture",
      "state" : {
        "revision" : "74a5fa0d02b17ba5bbd9743dc49b4d7f3bbbed96",
        "version" : "1.24.1"
      }
    },
    {
      "identity" : "swift-concurrency-extras",
      "kind" : "remoteSourceControl",
      "location" : "https://github.com/pointfreeco/swift-concurrency-extras",
      "state" : {
        "revision" : "5a3825302b1a0d744183200915a47b508c828e6f",
        "version" : "1.3.2"
      }
    },
    {
      "identity" : "swift-custom-dump",
      "kind" : "remoteSourceControl",
      "location" : "https://github.com/pointfreeco/swift-custom-dump",
      "state" : {
        "revision" : "2a2a938798236b8fa0bc57c453ee9de9f9ec3ab0",
        "version" : "1.4.1"
      }
    },
    {
      "identity" : "swift-dependencies",
      "kind" : "remoteSourceControl",
      "location" : "https://github.com/pointfreeco/swift-dependencies",
      "state" : {
        "revision" : "706feb7858a7f6c242879d137b8ee30926aa5b26",
        "version" : "1.12.0"
      }
    },
    {
      "identity" : "swift-identified-collections",
      "kind" : "remoteSourceControl",
      "location" : "https://github.com/pointfreeco/swift-identified-collections",
      "state" : {
        "revision" : "322d9ffeeba85c9f7c4984b39422ec7cc3c56597",
        "version" : "1.1.1"
      }
    },
    {
      "identity" : "swift-memberwise-init-macro",
      "kind" : "remoteSourceControl",
      "location" : "https://github.com/gohanlon/swift-memberwise-init-macro",
      "state" : {
        "revision" : "47a2bdf45f1567e7324438f8482e362ee1c3fb44",
        "version" : "0.5.2"
      }
    },
    {
      "identity" : "swift-navigation",
      "kind" : "remoteSourceControl",
      "location" : "https://github.com/pointfreeco/swift-navigation",
      "state" : {
        "revision" : "32f35241b8be0719c4c7f00eb27713b1cadb6248",
        "version" : "2.8.0"
      }
    },
    {
      "identity" : "swift-perception",
      "kind" : "remoteSourceControl",
      "location" : "https://github.com/pointfreeco/swift-perception",
      "state" : {
        "revision" : "25ac73741c3436605d61eceb5207e896973918e7",
        "version" : "2.0.10"
      }
    },
    {
      "identity" : "swift-sharing",
      "kind" : "remoteSourceControl",
      "location" : "https://github.com/pointfreeco/swift-sharing",
      "state" : {
        "revision" : "bc27f8322bc30f6ce7d864d137dc77a6de8b57eb",
        "version" : "2.8.0"
      }
    },
    {
      "identity" : "swift-snapshot-testing",
      "kind" : "remoteSourceControl",
      "location" : "https://github.com/pointfreeco/swift-snapshot-testing",
      "state" : {
        "revision" : "ad5e3190cc63dc288f28546f9c6827efc1e9d495",
        "version" : "1.19.2"
      }
    },
    {
      "identity" : "swift-syntax",
      "kind" : "remoteSourceControl",
      "location" : "https://github.com/swiftlang/swift-syntax",
      "state" : {
        "revision" : "0687f71944021d616d34d922343dcef086855920",
        "version" : "600.0.1"
      }
    },
    {
      "identity" : "swiftygif",
      "kind" : "remoteSourceControl",
      "location" : "https://github.com/kirualex/SwiftyGif.git",
      "state" : {
        "revision" : "4430cbc148baa3907651d40562d96325426f409a",
        "version" : "5.4.5"
      }
    },
    {
      "identity" : "xctest-dynamic-overlay",
      "kind" : "remoteSourceControl",
      "location" : "https://github.com/pointfreeco/xctest-dynamic-overlay",
      "state" : {
        "revision" : "dfd70507def84cb5fb821278448a262c6ff2bbad",
        "version" : "1.9.0"
      }
    },
    {
      "identity" : "youtubeplayerkit",
      "kind" : "remoteSourceControl",
      "location" : "https://github.com/SvenTiigi/YouTubePlayerKit.git",
      "state" : {
        "revision" : "1ae827573024ab13dd6adea33b25d3eef6ff667c",
        "version" : "2.0.5"
      }
    },
    {
      "identity" : "zmarkupparser",
      "kind" : "remoteSourceControl",
      "location" : "https://github.com/ZhgChgLi/ZMarkupParser.git",
      "state" : {
        "revision" : "f25c9838e9e77ae49cc3f434ee26e669cb4043c7",
        "version" : "1.12.0"
      }
    },
    {
      "identity" : "znstextattachment",
      "kind" : "remoteSourceControl",
      "location" : "https://github.com/ZhgChgLi/ZNSTextAttachment",
      "state" : {
        "revision" : "8c6c34e82eb31ad373b209cb88c2a2aff76c6cdf",
        "version" : "1.1.9"
      }
    }
  ],
  "version" : 3
}
