{
  "originHash" : "ee0e3f856a054524d5bd9e93a6fcbc05691c9c5dccea70c43fe82afab082d916",
  "pins" : [
    {
      "identity" : "activityindicatorview",
      "kind" : "remoteSourceControl",
      "location" : "https://github.com/exyte/ActivityIndicatorView",
      "state" : {
        "revision" : "9970fd0bb7a05dad0b6566ae1f56937716686b24",
        "version" : "1.1.1"
      }
    },
    {
      "identity" : "alerttoast",
      "kind" : "remoteSourceControl",
      "location" : "https://github.com/SubvertDev/AlertToast.git",
      "state" : {
        "branch" : "d0f7d6b",
        "revision" : "d0f7d6bafd3e8ffe99afba4995822d24aee044fb"
      }
    },
    {
      "identity" : "cache",
      "kind" : "remoteSourceControl",
      "location" : "https://github.com/hyperoslo/Cache.git",
      "state" : {
        "revision" : "24e47109e31b2031cb26e25cc1b81b607496066c",
        "version" : "7.4.0"
      }
    },
    {
      "identity" : "chat",
      "kind" : "remoteSourceControl",
      "location" : "https://github.com/exyte/Chat.git",
      "state" : {
        "revision" : "b86c12a57f64b72bae1d81d3310146ebbe29c073",
        "version" : "2.4.2"
      }
    },
    {
      "identity" : "combine-schedulers",
      "kind" : "remoteSourceControl",
      "location" : "https://github.com/pointfreeco/combine-schedulers",
      "state" : {
        "revision" : "5928286acce13def418ec36d05a001a9641086f2",
        "version" : "1.0.3"
      }
    },
    {
      "identity" : "giphy-ios-sdk",
      "kind" : "remoteSourceControl",
      "location" : "https://github.com/Giphy/giphy-ios-sdk",
      "state" : {
        "revision" : "37f5b1ff6cf8bc4a78c0bc5eb1b814381bac9580",
        "version" : "2.2.16"
      }
    },
    {
      "identity" : "libwebp-xcode",
      "kind" : "remoteSourceControl",
      "location" : "https://github.com/SDWebImage/libwebp-Xcode",
      "state" : {
        "revision" : "0d60654eeefd5d7d2bef3835804892c40225e8b2",
        "version" : "1.5.0"
      }
    },
    {
      "identity" : "mediapicker",
      "kind" : "remoteSourceControl",
      "location" : "https://github.com/exyte/MediaPicker.git",
      "state" : {
        "revision" : "6f8745755530209462b60445ec4ba332c3058474",
        "version" : "2.2.4"
      }
    },
    {
      "identity" : "nuke",
      "kind" : "remoteSourceControl",
      "location" : "https://github.com/kean/Nuke.git",
      "state" : {
        "revision" : "0ead44350d2737db384908569c012fe67c421e4d",
        "version" : "12.8.0"
      }
    },
    {
      "identity" : "pdapi_spm",
      "kind" : "remoteSourceControl",
      "location" : "https://github.com/SubvertDev/PDAPI_SPM.git",
      "state" : {
        "revision" : "8c9d5c5f3b2bb9a93e4b49075fb0430a7f2c3a26",
        "version" : "0.6.5"
      }
    },
    {
      "identity" : "posthog-ios",
      "kind" : "remoteSourceControl",
      "location" : "https://github.com/PostHog/posthog-ios",
      "state" : {
        "revision" : "ba5dd65d2341ab8ea1949f072594ef67c490af3a",
        "version" : "3.34.0"
      }
    },
    {
      "identity" : "richtextkit",
      "kind" : "remoteSourceControl",
      "location" : "https://github.com/SubvertDev/RichTextKit.git",
      "state" : {
        "branch" : "main",
        "revision" : "be15182e607ae63a6e02cede1681ab824fd338fc"
      }
    },
    {
      "identity" : "sentry-cocoa",
      "kind" : "remoteSourceControl",
      "location" : "https://github.com/getsentry/sentry-cocoa.git",
      "state" : {
        "revision" : "e1e94efb9d5a688af85c607ae34a8b56961ca118",
        "version" : "8.57.1"
      }
    },
    {
      "identity" : "sfsafesymbols",
      "kind" : "remoteSourceControl",
      "location" : "https://github.com/SFSafeSymbols/SFSafeSymbols.git",
      "state" : {
        "revision" : "e01b3d4f861412f8dcee8d93c417d2c2b0cdfd77",
        "version" : "7.0.0"
      }
    },
    {
      "identity" : "skeletonui",
      "kind" : "remoteSourceControl",
      "location" : "https://github.com/CSolanaM/SkeletonUI.git",
      "state" : {
        "revision" : "f025e9ba5d051374d7344efa8859df5b9399a181",
        "version" : "2.0.2"
      }
    },
    {
      "identity" : "smoothgradient",
      "kind" : "remoteSourceControl",
      "location" : "https://github.com/raymondjavaxx/SmoothGradient.git",
      "state" : {
        "branch" : "main",
        "revision" : "7f11f2e0f2e3c4466ec78087242be49f6e8b00cc"
      }
    },
    {
      "identity" : "swift-async-algorithms",
      "kind" : "remoteSourceControl",
      "location" : "https://github.com/apple/swift-async-algorithms",
      "state" : {
        "revision" : "042e1c4d9d19748c9c228f8d4ebc97bb1e339b0b",
        "version" : "1.0.4"
      }
    },
    {
      "identity" : "swift-case-paths",
      "kind" : "remoteSourceControl",
      "location" : "https://github.com/pointfreeco/swift-case-paths",
      "state" : {
        "revision" : "6989976265be3f8d2b5802c722f9ba168e227c71",
        "version" : "1.7.2"
      }
    },
    {
      "identity" : "swift-clocks",
      "kind" : "remoteSourceControl",
      "location" : "https://github.com/pointfreeco/swift-clocks",
      "state" : {
        "revision" : "cc46202b53476d64e824e0b6612da09d84ffde8e",
        "version" : "1.0.6"
      }
    },
    {
      "identity" : "swift-collections",
      "kind" : "remoteSourceControl",
      "location" : "https://github.com/apple/swift-collections",
      "state" : {
        "revision" : "7b847a3b7008b2dc2f47ca3110d8c782fb2e5c7e",
        "version" : "1.3.0"
      }
    },
    {
      "identity" : "swift-composable-architecture",
      "kind" : "remoteSourceControl",
      "location" : "https://github.com/pointfreeco/swift-composable-architecture",
      "state" : {
        "revision" : "5b0890fabfd68a2d375d68502bc3f54a8548c494",
        "version" : "1.23.1"
      }
    },
    {
      "identity" : "swift-concurrency-extras",
      "kind" : "remoteSourceControl",
      "location" : "https://github.com/pointfreeco/swift-concurrency-extras",
      "state" : {
        "revision" : "5a3825302b1a0d744183200915a47b508c828e6f",
        "version" : "1.3.2"
      }
    },
    {
      "identity" : "swift-custom-dump",
      "kind" : "remoteSourceControl",
      "location" : "https://github.com/pointfreeco/swift-custom-dump",
      "state" : {
        "revision" : "82645ec760917961cfa08c9c0c7104a57a0fa4b1",
        "version" : "1.3.3"
      }
    },
    {
      "identity" : "swift-dependencies",
      "kind" : "remoteSourceControl",
      "location" : "https://github.com/pointfreeco/swift-dependencies",
      "state" : {
        "revision" : "a10f9feeb214bc72b5337b6ef6d5a029360db4cc",
        "version" : "1.10.0"
      }
    },
    {
      "identity" : "swift-identified-collections",
      "kind" : "remoteSourceControl",
      "location" : "https://github.com/pointfreeco/swift-identified-collections",
      "state" : {
        "revision" : "322d9ffeeba85c9f7c4984b39422ec7cc3c56597",
        "version" : "1.1.1"
      }
    },
    {
      "identity" : "swift-memberwise-init-macro",
      "kind" : "remoteSourceControl",
      "location" : "https://github.com/gohanlon/swift-memberwise-init-macro",
      "state" : {
        "revision" : "47a2bdf45f1567e7324438f8482e362ee1c3fb44",
        "version" : "0.5.2"
      }
    },
    {
      "identity" : "swift-navigation",
      "kind" : "remoteSourceControl",
      "location" : "https://github.com/pointfreeco/swift-navigation",
      "state" : {
        "revision" : "bf498690e1f6b4af790260f542e8428a4ba10d78",
        "version" : "2.6.0"
      }
    },
    {
      "identity" : "swift-perception",
      "kind" : "remoteSourceControl",
      "location" : "https://github.com/pointfreeco/swift-perception",
      "state" : {
        "revision" : "4f47ebafed5f0b0172cf5c661454fa8e28fb2ac4",
        "version" : "2.0.9"
      }
    },
    {
      "identity" : "swift-sharing",
      "kind" : "remoteSourceControl",
      "location" : "https://github.com/pointfreeco/swift-sharing",
      "state" : {
        "revision" : "3bfc408cc2d0bee2287c174da6b1c76768377818",
        "version" : "2.7.4"
      }
    },
    {
      "identity" : "swift-snapshot-testing",
      "kind" : "remoteSourceControl",
      "location" : "https://github.com/pointfreeco/swift-snapshot-testing",
      "state" : {
        "revision" : "a8b7c5e0ed33d8ab8887d1654d9b59f2cbad529b",
        "version" : "1.18.7"
      }
    },
    {
      "identity" : "swift-syntax",
      "kind" : "remoteSourceControl",
      "location" : "https://github.com/swiftlang/swift-syntax",
      "state" : {
        "revision" : "0687f71944021d616d34d922343dcef086855920",
        "version" : "600.0.1"
      }
    },
    {
      "identity" : "swiftygif",
      "kind" : "remoteSourceControl",
      "location" : "https://github.com/kirualex/SwiftyGif.git",
      "state" : {
        "revision" : "4430cbc148baa3907651d40562d96325426f409a",
        "version" : "5.4.5"
      }
    },
    {
      "identity" : "xctest-dynamic-overlay",
      "kind" : "remoteSourceControl",
      "location" : "https://github.com/pointfreeco/xctest-dynamic-overlay",
      "state" : {
        "revision" : "4c27acf5394b645b70d8ba19dc249c0472d5f618",
        "version" : "1.7.0"
      }
    },
    {
      "identity" : "youtubeplayerkit",
      "kind" : "remoteSourceControl",
      "location" : "https://github.com/SvenTiigi/YouTubePlayerKit.git",
      "state" : {
        "revision" : "0f9a98c58462686afc7d3a1355baf21f07e5d330",
        "version" : "2.0.4"
      }
    },
    {
      "identity" : "zmarkupparser",
      "kind" : "remoteSourceControl",
      "location" : "https://github.com/ZhgChgLi/ZMarkupParser.git",
      "state" : {
        "revision" : "f25c9838e9e77ae49cc3f434ee26e669cb4043c7",
        "version" : "1.12.0"
      }
    },
    {
      "identity" : "znstextattachment",
      "kind" : "remoteSourceControl",
      "location" : "https://github.com/ZhgChgLi/ZNSTextAttachment",
      "state" : {
        "revision" : "8c6c34e82eb31ad373b209cb88c2a2aff76c6cdf",
        "version" : "1.1.9"
      }
    }
  ],
  "version" : 3
}
