{
  "pins" : [
    {
      "identity" : "alamofire",
      "kind" : "remoteSourceControl",
      "location" : "https://github.com/Alamofire/Alamofire.git",
      "state" : {
        "revision" : "78424be314842833c04bc3bef5b72e85fff99204",
        "version" : "5.6.4"
      }
    },
    {
      "identity" : "marqueelabel",
      "kind" : "remoteSourceControl",
      "location" : "https://github.com/cbpowell/MarqueeLabel.git",
      "state" : {
        "revision" : "f2c72a5f8568579dade6350dc26a482076d3d346",
        "version" : "4.3.0"
      }
    },
    {
      "identity" : "nuke",
      "kind" : "remoteSourceControl",
      "location" : "https://github.com/kean/Nuke.git",
      "state" : {
        "branch" : "master",
        "revision" : "b187456fffa045e7dfc03fec1db86164ae0c0dc1"
      }
    },
    {
      "identity" : "nuke-alamofire-plugin",
      "kind" : "remoteSourceControl",
      "location" : "https://github.com/kean/Nuke-Alamofire-Plugin.git",
      "state" : {
        "revision" : "1d210ec434cb3668014eb9949e08513b34ad28cf",
        "version" : "7.0.0"
      }
    },
    {
      "identity" : "r.swift",
      "kind" : "remoteSourceControl",
      "location" : "https://github.com/mac-cain13/R.swift",
      "state" : {
        "revision" : "cffbe4aa55ab5f012590b38ad114079c407e6937",
        "version" : "7.2.4"
      }
    },
    {
      "identity" : "snapkit",
      "kind" : "remoteSourceControl",
      "location" : "https://github.com/SnapKit/SnapKit.git",
      "state" : {
        "revision" : "f222cbdf325885926566172f6f5f06af95473158",
        "version" : "5.6.0"
      }
    },
    {
      "identity" : "swift-argument-parser",
      "kind" : "remoteSourceControl",
      "location" : "https://github.com/apple/swift-argument-parser",
      "state" : {
        "revision" : "fddd1c00396eed152c45a46bea9f47b98e59301d",
        "version" : "1.2.0"
      }
    },
    {
      "identity" : "swiftmessages",
      "kind" : "remoteSourceControl",
      "location" : "https://github.com/SwiftKickMobile/SwiftMessages",
      "state" : {
        "revision" : "b29dd21090b708aa0ae9ecbaf6e2d0487028dc3f",
        "version" : "9.0.6"
      }
    },
    {
      "identity" : "swiftrichstring",
      "kind" : "remoteSourceControl",
      "location" : "https://github.com/malcommac/SwiftRichString.git",
      "state" : {
        "revision" : "9bf4b5af6bb4386865636fc504d6c588c2b65040",
        "version" : "3.7.2"
      }
    },
    {
      "identity" : "swiftsoup",
      "kind" : "remoteSourceControl",
      "location" : "https://github.com/scinfu/SwiftSoup.git",
      "state" : {
        "revision" : "6778575285177365cbad3e5b8a72f2a20583cfec",
        "version" : "2.4.3"
      }
    },
    {
      "identity" : "swiftygif",
      "kind" : "remoteSourceControl",
      "location" : "https://github.com/kirualex/SwiftyGif.git",
      "state" : {
        "branch" : "master",
        "revision" : "5e8619335d394901379c9add5c4c1c2f420b3800"
      }
    },
    {
      "identity" : "swipecellkit",
      "kind" : "remoteSourceControl",
      "location" : "https://github.com/SwipeCellKit/SwipeCellKit.git",
      "state" : {
        "revision" : "7219cad3098637176ace311510d11467dbfb9bb0",
        "version" : "2.7.1"
      }
    },
    {
      "identity" : "xcodeedit",
      "kind" : "remoteSourceControl",
      "location" : "https://github.com/tomlokhorst/XcodeEdit",
      "state" : {
        "revision" : "cd466d6e8c5ffd2f2b61165d37b0646f09068e1e",
        "version" : "2.9.0"
      }
    },
    {
      "identity" : "youtube-ios-player-helper",
      "kind" : "remoteSourceControl",
      "location" : "https://github.com/youtube/youtube-ios-player-helper.git",
      "state" : {
        "revision" : "f57129cd4380ec0a74dd3a59da3270a1d653d59b",
        "version" : "1.0.4"
      }
    }
  ],
  "version" : 2
}
