// !$*UTF8*$!
{
	archiveVersion = 1;
	classes = {
	};
	objectVersion = 56;
	objects = {

/* Begin PBXBuildFile section */
		B83CF8002C580860005A9B9B /* Localizable.xcstrings in Resources */ = {isa = PBXBuildFile; fileRef = B83CF7FF2C580860005A9B9B /* Localizable.xcstrings */; };
		B84BC1E52C77DA4000C38BB2 /* LaunchScreen.storyboard in Resources */ = {isa = PBXBuildFile; fileRef = B84BC1E42C77DA4000C38BB2 /* LaunchScreen.storyboard */; };
		B88BDA882BF6BC0200E17268 /* Assets.xcassets in Resources */ = {isa = PBXBuildFile; fileRef = B88BDA872BF6BC0200E17268 /* Assets.xcassets */; };
		B8A85A8B2AA10CF400EDFE58 /* ShareViewController.swift in Sources */ = {isa = PBXBuildFile; fileRef = B8A85A8A2AA10CF400EDFE58 /* ShareViewController.swift */; };
		B8A85A922AA10CF500EDFE58 /* ShareExtension.appex in Embed Foundation Extensions */ = {isa = PBXBuildFile; fileRef = B8A85A882AA10CF400EDFE58 /* ShareExtension.appex */; settings = {ATTRIBUTES = (RemoveHeadersOnCopy, ); }; };
		B8AB63C02AA49F6100F2CEFF /* SafariWebExtensionHandler.swift in Sources */ = {isa = PBXBuildFile; fileRef = B8AB63BF2AA49F6100F2CEFF /* SafariWebExtensionHandler.swift */; };
		B8AB63C32AA49F6100F2CEFF /* _locales in Resources */ = {isa = PBXBuildFile; fileRef = B8AB63C22AA49F6100F2CEFF /* _locales */; };
		B8AB63C52AA49F6100F2CEFF /* images in Resources */ = {isa = PBXBuildFile; fileRef = B8AB63C42AA49F6100F2CEFF /* images */; };
		B8AB63C72AA49F6100F2CEFF /* manifest.json in Resources */ = {isa = PBXBuildFile; fileRef = B8AB63C62AA49F6100F2CEFF /* manifest.json */; };
		B8AB63CB2AA49F6100F2CEFF /* content.js in Resources */ = {isa = PBXBuildFile; fileRef = B8AB63CA2AA49F6100F2CEFF /* content.js */; };
		B8AB63D52AA49F6100F2CEFF /* OpenInAppExtension.appex in Embed Foundation Extensions */ = {isa = PBXBuildFile; fileRef = B8AB63BD2AA49F6100F2CEFF /* OpenInAppExtension.appex */; settings = {ATTRIBUTES = (RemoveHeadersOnCopy, ); }; };
		B8CC72E02BF8FE660071A67A /* AppFeature in Frameworks */ = {isa = PBXBuildFile; productRef = B8CC72DF2BF8FE660071A67A /* AppFeature */; };
		B8DEB2222BAB81CC00AD97C6 /* App.swift in Sources */ = {isa = PBXBuildFile; fileRef = B8DEB2212BAB81CC00AD97C6 /* App.swift */; };
/* End PBXBuildFile section */

/* Begin PBXContainerItemProxy section */
		B8A85A902AA10CF500EDFE58 /* PBXContainerItemProxy */ = {
			isa = PBXContainerItemProxy;
			containerPortal = B8D351ED293CABB6008A84EA /* Project object */;
			proxyType = 1;
			remoteGlobalIDString = B8A85A872AA10CF400EDFE58;
			remoteInfo = ShareExtension;
		};
		B8AB63D32AA49F6100F2CEFF /* PBXContainerItemProxy */ = {
			isa = PBXContainerItemProxy;
			containerPortal = B8D351ED293CABB6008A84EA /* Project object */;
			proxyType = 1;
			remoteGlobalIDString = B8AB63BC2AA49F6100F2CEFF;
			remoteInfo = OpenInAppExtension;
		};
/* End PBXContainerItemProxy section */

/* Begin PBXCopyFilesBuildPhase section */
		B8A85A962AA10CF500EDFE58 /* Embed Foundation Extensions */ = {
			isa = PBXCopyFilesBuildPhase;
			buildActionMask = 2147483647;
			dstPath = "";
			dstSubfolderSpec = 13;
			files = (
				B8A85A922AA10CF500EDFE58 /* ShareExtension.appex in Embed Foundation Extensions */,
				B8AB63D52AA49F6100F2CEFF /* OpenInAppExtension.appex in Embed Foundation Extensions */,
			);
			name = "Embed Foundation Extensions";
			runOnlyForDeploymentPostprocessing = 0;
		};
/* End PBXCopyFilesBuildPhase section */

/* Begin PBXFileReference section */
		B802965E2AAE87D100D5B413 /* SecretsExample.xcconfig */ = {isa = PBXFileReference; fileEncoding = 4; lastKnownFileType = text.xcconfig; path = SecretsExample.xcconfig; sourceTree = "<group>"; };
		B82B2EC62A89306000CB067C /* Secrets.xcconfig */ = {isa = PBXFileReference; lastKnownFileType = text.xcconfig; path = Secrets.xcconfig; sourceTree = "<group>"; };
		B82B2EFE2A8942E900CB067C /* Info.plist */ = {isa = PBXFileReference; fileEncoding = 4; lastKnownFileType = text.plist.xml; path = Info.plist; sourceTree = "<group>"; };
		B83CF7FF2C580860005A9B9B /* Localizable.xcstrings */ = {isa = PBXFileReference; lastKnownFileType = text.json.xcstrings; path = Localizable.xcstrings; sourceTree = "<group>"; };
		B84BC1E42C77DA4000C38BB2 /* LaunchScreen.storyboard */ = {isa = PBXFileReference; lastKnownFileType = file.storyboard; path = LaunchScreen.storyboard; sourceTree = "<group>"; };
		B88BDA872BF6BC0200E17268 /* Assets.xcassets */ = {isa = PBXFileReference; lastKnownFileType = folder.assetcatalog; path = Assets.xcassets; sourceTree = "<group>"; };
		B8A3727C2BC5ACFC00432F7D /* ForPDA */ = {isa = PBXFileReference; lastKnownFileType = wrapper; name = ForPDA; path = ..; sourceTree = "<group>"; };
		B8A85A882AA10CF400EDFE58 /* ShareExtension.appex */ = {isa = PBXFileReference; explicitFileType = "wrapper.app-extension"; includeInIndex = 0; path = ShareExtension.appex; sourceTree = BUILT_PRODUCTS_DIR; };
		B8A85A8A2AA10CF400EDFE58 /* ShareViewController.swift */ = {isa = PBXFileReference; lastKnownFileType = sourcecode.swift; path = ShareViewController.swift; sourceTree = "<group>"; };
		B8A85A8F2AA10CF500EDFE58 /* Info.plist */ = {isa = PBXFileReference; lastKnownFileType = text.plist.xml; path = Info.plist; sourceTree = "<group>"; };
		B8AB63BD2AA49F6100F2CEFF /* OpenInAppExtension.appex */ = {isa = PBXFileReference; explicitFileType = "wrapper.app-extension"; includeInIndex = 0; path = OpenInAppExtension.appex; sourceTree = BUILT_PRODUCTS_DIR; };
		B8AB63BF2AA49F6100F2CEFF /* SafariWebExtensionHandler.swift */ = {isa = PBXFileReference; lastKnownFileType = sourcecode.swift; path = SafariWebExtensionHandler.swift; sourceTree = "<group>"; };
		B8AB63C22AA49F6100F2CEFF /* _locales */ = {isa = PBXFileReference; lastKnownFileType = folder; path = _locales; sourceTree = "<group>"; };
		B8AB63C42AA49F6100F2CEFF /* images */ = {isa = PBXFileReference; lastKnownFileType = folder; path = images; sourceTree = "<group>"; };
		B8AB63C62AA49F6100F2CEFF /* manifest.json */ = {isa = PBXFileReference; lastKnownFileType = text.json; path = manifest.json; sourceTree = "<group>"; };
		B8AB63CA2AA49F6100F2CEFF /* content.js */ = {isa = PBXFileReference; lastKnownFileType = sourcecode.javascript; path = content.js; sourceTree = "<group>"; };
		B8AB63D22AA49F6100F2CEFF /* Info.plist */ = {isa = PBXFileReference; lastKnownFileType = text.plist.xml; path = Info.plist; sourceTree = "<group>"; };
		B8D351F5293CABB6008A84EA /* ForPDA.app */ = {isa = PBXFileReference; explicitFileType = wrapper.application; includeInIndex = 0; path = ForPDA.app; sourceTree = BUILT_PRODUCTS_DIR; };
		B8DEB2212BAB81CC00AD97C6 /* App.swift */ = {isa = PBXFileReference; lastKnownFileType = sourcecode.swift; path = App.swift; sourceTree = "<group>"; };
/* End PBXFileReference section */

/* Begin PBXFrameworksBuildPhase section */
		B8A85A852AA10CF400EDFE58 /* Frameworks */ = {
			isa = PBXFrameworksBuildPhase;
			buildActionMask = 2147483647;
			files = (
			);
			runOnlyForDeploymentPostprocessing = 0;
		};
		B8AB63BA2AA49F6100F2CEFF /* Frameworks */ = {
			isa = PBXFrameworksBuildPhase;
			buildActionMask = 2147483647;
			files = (
			);
			runOnlyForDeploymentPostprocessing = 0;
		};
		B8D351F2293CABB6008A84EA /* Frameworks */ = {
			isa = PBXFrameworksBuildPhase;
			buildActionMask = 2147483647;
			files = (
				B8CC72E02BF8FE660071A67A /* AppFeature in Frameworks */,
			);
			runOnlyForDeploymentPostprocessing = 0;
		};
/* End PBXFrameworksBuildPhase section */

/* Begin PBXGroup section */
		B8A85A892AA10CF400EDFE58 /* ShareExtension */ = {
			isa = PBXGroup;
			children = (
				B8A85A8A2AA10CF400EDFE58 /* ShareViewController.swift */,
				B8A85A8F2AA10CF500EDFE58 /* Info.plist */,
			);
			path = ShareExtension;
			sourceTree = "<group>";
		};
		B8AB63BE2AA49F6100F2CEFF /* OpenInAppExtension */ = {
			isa = PBXGroup;
			children = (
				B8AB63BF2AA49F6100F2CEFF /* SafariWebExtensionHandler.swift */,
				B8AB63D22AA49F6100F2CEFF /* Info.plist */,
				B8AB63C12AA49F6100F2CEFF /* Resources */,
			);
			path = OpenInAppExtension;
			sourceTree = "<group>";
		};
		B8AB63C12AA49F6100F2CEFF /* Resources */ = {
			isa = PBXGroup;
			children = (
				B8AB63C22AA49F6100F2CEFF /* _locales */,
				B8AB63C42AA49F6100F2CEFF /* images */,
				B8AB63C62AA49F6100F2CEFF /* manifest.json */,
				B8AB63CA2AA49F6100F2CEFF /* content.js */,
			);
			path = Resources;
			sourceTree = "<group>";
		};
		B8D351EC293CABB6008A84EA = {
			isa = PBXGroup;
			children = (
				B8D351F7293CABB6008A84EA /* ForPDA */,
				B8A3727C2BC5ACFC00432F7D /* ForPDA */,
				B8A85A892AA10CF400EDFE58 /* ShareExtension */,
				B8AB63BE2AA49F6100F2CEFF /* OpenInAppExtension */,
				B8D351F6293CABB6008A84EA /* Products */,
				B8DEB2282BAB839300AD97C6 /* Frameworks */,
			);
			sourceTree = "<group>";
		};
		B8D351F6293CABB6008A84EA /* Products */ = {
			isa = PBXGroup;
			children = (
				B8D351F5293CABB6008A84EA /* ForPDA.app */,
				B8A85A882AA10CF400EDFE58 /* ShareExtension.appex */,
				B8AB63BD2AA49F6100F2CEFF /* OpenInAppExtension.appex */,
			);
			name = Products;
			sourceTree = "<group>";
		};
		B8D351F7293CABB6008A84EA /* ForPDA */ = {
			isa = PBXGroup;
			children = (
				B8DEB2212BAB81CC00AD97C6 /* App.swift */,
				B88BDA872BF6BC0200E17268 /* Assets.xcassets */,
				B83CF7FF2C580860005A9B9B /* Localizable.xcstrings */,
				B84BC1E42C77DA4000C38BB2 /* LaunchScreen.storyboard */,
				B82B2EC62A89306000CB067C /* Secrets.xcconfig */,
				B802965E2AAE87D100D5B413 /* SecretsExample.xcconfig */,
				B82B2EFE2A8942E900CB067C /* Info.plist */,
			);
			path = ForPDA;
			sourceTree = "<group>";
		};
		B8DEB2282BAB839300AD97C6 /* Frameworks */ = {
			isa = PBXGroup;
			children = (
			);
			name = Frameworks;
			sourceTree = "<group>";
		};
/* End PBXGroup section */

/* Begin PBXNativeTarget section */
		B8A85A872AA10CF400EDFE58 /* ShareExtension */ = {
			isa = PBXNativeTarget;
			buildConfigurationList = B8A85A932AA10CF500EDFE58 /* Build configuration list for PBXNativeTarget "ShareExtension" */;
			buildPhases = (
				B8A85A842AA10CF400EDFE58 /* Sources */,
				B8A85A852AA10CF400EDFE58 /* Frameworks */,
				B8A85A862AA10CF400EDFE58 /* Resources */,
			);
			buildRules = (
			);
			dependencies = (
			);
			name = ShareExtension;
			productName = ShareExtension;
			productReference = B8A85A882AA10CF400EDFE58 /* ShareExtension.appex */;
			productType = "com.apple.product-type.app-extension";
		};
		B8AB63BC2AA49F6100F2CEFF /* OpenInAppExtension */ = {
			isa = PBXNativeTarget;
			buildConfigurationList = B8AB63D62AA49F6100F2CEFF /* Build configuration list for PBXNativeTarget "OpenInAppExtension" */;
			buildPhases = (
				B8AB63B92AA49F6100F2CEFF /* Sources */,
				B8AB63BA2AA49F6100F2CEFF /* Frameworks */,
				B8AB63BB2AA49F6100F2CEFF /* Resources */,
			);
			buildRules = (
			);
			dependencies = (
			);
			name = OpenInAppExtension;
			productName = OpenInAppExtension;
			productReference = B8AB63BD2AA49F6100F2CEFF /* OpenInAppExtension.appex */;
			productType = "com.apple.product-type.app-extension";
		};
		B8D351F4293CABB6008A84EA /* ForPDA */ = {
			isa = PBXNativeTarget;
			buildConfigurationList = B8D35209293CABB7008A84EA /* Build configuration list for PBXNativeTarget "ForPDA" */;
			buildPhases = (
				B8D351F1293CABB6008A84EA /* Sources */,
				B8D351F2293CABB6008A84EA /* Frameworks */,
				B8D351F3293CABB6008A84EA /* Resources */,
				B8A85A962AA10CF500EDFE58 /* Embed Foundation Extensions */,
				B869B55B2AE4AFA6008A4B7E /* Swiftlint */,
			);
			buildRules = (
			);
			dependencies = (
				B8A85A912AA10CF500EDFE58 /* PBXTargetDependency */,
				B8AB63D42AA49F6100F2CEFF /* PBXTargetDependency */,
			);
			name = ForPDA;
			packageProductDependencies = (
				B8CC72DF2BF8FE660071A67A /* AppFeature */,
			);
			productName = ForPDA;
			productReference = B8D351F5293CABB6008A84EA /* ForPDA.app */;
			productType = "com.apple.product-type.application";
		};
/* End PBXNativeTarget section */

/* Begin PBXProject section */
		B8D351ED293CABB6008A84EA /* Project object */ = {
			isa = PBXProject;
			attributes = {
				BuildIndependentTargetsInParallel = 1;
				LastSwiftUpdateCheck = 1430;
				LastUpgradeCheck = 1600;
				TargetAttributes = {
					B8A85A872AA10CF400EDFE58 = {
						CreatedOnToolsVersion = 14.3.1;
					};
					B8AB63BC2AA49F6100F2CEFF = {
						CreatedOnToolsVersion = 14.3.1;
					};
					B8D351F4293CABB6008A84EA = {
						CreatedOnToolsVersion = 14.1;
					};
				};
			};
			buildConfigurationList = B8D351F0293CABB6008A84EA /* Build configuration list for PBXProject "ForPDA" */;
			compatibilityVersion = "Xcode 14.0";
			developmentRegion = en;
			hasScannedForEncodings = 0;
			knownRegions = (
				en,
				Base,
				ru,
			);
			mainGroup = B8D351EC293CABB6008A84EA;
			productRefGroup = B8D351F6293CABB6008A84EA /* Products */;
			projectDirPath = "";
			projectRoot = "";
			targets = (
				B8D351F4293CABB6008A84EA /* ForPDA */,
				B8A85A872AA10CF400EDFE58 /* ShareExtension */,
				B8AB63BC2AA49F6100F2CEFF /* OpenInAppExtension */,
			);
		};
/* End PBXProject section */

/* Begin PBXResourcesBuildPhase section */
		B8A85A862AA10CF400EDFE58 /* Resources */ = {
			isa = PBXResourcesBuildPhase;
			buildActionMask = 2147483647;
			files = (
			);
			runOnlyForDeploymentPostprocessing = 0;
		};
		B8AB63BB2AA49F6100F2CEFF /* Resources */ = {
			isa = PBXResourcesBuildPhase;
			buildActionMask = 2147483647;
			files = (
				B8AB63C52AA49F6100F2CEFF /* images in Resources */,
				B8AB63C72AA49F6100F2CEFF /* manifest.json in Resources */,
				B8AB63C32AA49F6100F2CEFF /* _locales in Resources */,
				B8AB63CB2AA49F6100F2CEFF /* content.js in Resources */,
			);
			runOnlyForDeploymentPostprocessing = 0;
		};
		B8D351F3293CABB6008A84EA /* Resources */ = {
			isa = PBXResourcesBuildPhase;
			buildActionMask = 2147483647;
			files = (
				B84BC1E52C77DA4000C38BB2 /* LaunchScreen.storyboard in Resources */,
				B83CF8002C580860005A9B9B /* Localizable.xcstrings in Resources */,
				B88BDA882BF6BC0200E17268 /* Assets.xcassets in Resources */,
			);
			runOnlyForDeploymentPostprocessing = 0;
		};
/* End PBXResourcesBuildPhase section */

/* Begin PBXShellScriptBuildPhase section */
		B869B55B2AE4AFA6008A4B7E /* Swiftlint */ = {
			isa = PBXShellScriptBuildPhase;
			buildActionMask = 2147483647;
			files = (
			);
			inputFileListPaths = (
				"$(SRCROOT)/swiftlint/build_phases/ForPDA_swiftlint.xcfilelist",
			);
			inputPaths = (
			);
			name = Swiftlint;
			outputFileListPaths = (
			);
			outputPaths = (
				"$(SRCROOT)/swiftlint/build_phases/ForPDA_swiftlint_static_output\n",
			);
			runOnlyForDeploymentPostprocessing = 0;
			shellPath = /bin/sh;
			shellScript = "echo \"test\"\n#if [[ \"$(uname -m)\" == arm64 ]]; then\n #   export PATH=\"/opt/homebrew/bin:$PATH\"\n#fi\n\n#if which swiftlint > /dev/null; then\n#    if [ \"${CONFIGURATION}\" == \"Debug\" ]; then\n        # swiftlint\n#    fi\n#else\n#  echo \"warning: SwiftLint not installed, download from https://github.com/realm/SwiftLint\"\n#fi\n";
		};
/* End PBXShellScriptBuildPhase section */

/* Begin PBXSourcesBuildPhase section */
		B8A85A842AA10CF400EDFE58 /* Sources */ = {
			isa = PBXSourcesBuildPhase;
			buildActionMask = 2147483647;
			files = (
				B8A85A8B2AA10CF400EDFE58 /* ShareViewController.swift in Sources */,
			);
			runOnlyForDeploymentPostprocessing = 0;
		};
		B8AB63B92AA49F6100F2CEFF /* Sources */ = {
			isa = PBXSourcesBuildPhase;
			buildActionMask = 2147483647;
			files = (
				B8AB63C02AA49F6100F2CEFF /* SafariWebExtensionHandler.swift in Sources */,
			);
			runOnlyForDeploymentPostprocessing = 0;
		};
		B8D351F1293CABB6008A84EA /* Sources */ = {
			isa = PBXSourcesBuildPhase;
			buildActionMask = 2147483647;
			files = (
				B8DEB2222BAB81CC00AD97C6 /* App.swift in Sources */,
			);
			runOnlyForDeploymentPostprocessing = 0;
		};
/* End PBXSourcesBuildPhase section */

/* Begin PBXTargetDependency section */
		B8A85A912AA10CF500EDFE58 /* PBXTargetDependency */ = {
			isa = PBXTargetDependency;
			target = B8A85A872AA10CF400EDFE58 /* ShareExtension */;
			targetProxy = B8A85A902AA10CF500EDFE58 /* PBXContainerItemProxy */;
		};
		B8AB63D42AA49F6100F2CEFF /* PBXTargetDependency */ = {
			isa = PBXTargetDependency;
			target = B8AB63BC2AA49F6100F2CEFF /* OpenInAppExtension */;
			targetProxy = B8AB63D32AA49F6100F2CEFF /* PBXContainerItemProxy */;
		};
/* End PBXTargetDependency section */

/* Begin XCBuildConfiguration section */
		B8A85A942AA10CF500EDFE58 /* Debug */ = {
			isa = XCBuildConfiguration;
			buildSettings = {
				CODE_SIGN_IDENTITY = "Apple Development";
				CODE_SIGN_STYLE = Automatic;
				CURRENT_PROJECT_VERSION = 204;
				DEVELOPMENT_TEAM = 7353CQCGQC;
				GENERATE_INFOPLIST_FILE = YES;
				INFOPLIST_FILE = ShareExtension/Info.plist;
				INFOPLIST_KEY_CFBundleDisplayName = ShareExtension;
				INFOPLIST_KEY_NSHumanReadableCopyright = "";
				IPHONEOS_DEPLOYMENT_TARGET = 16.0;
				LD_RUNPATH_SEARCH_PATHS = (
					"$(inherited)",
					"@executable_path/Frameworks",
					"@executable_path/../../Frameworks",
				);
				MARKETING_VERSION = 0.6.0;
				PRODUCT_BUNDLE_IDENTIFIER = com.subvert.forpda.ShareExtension;
				PRODUCT_NAME = "$(TARGET_NAME)";
				PROVISIONING_PROFILE_SPECIFIER = "";
				SKIP_INSTALL = YES;
				SUPPORTED_PLATFORMS = "iphoneos iphonesimulator";
				SUPPORTS_MACCATALYST = NO;
				SUPPORTS_MAC_DESIGNED_FOR_IPHONE_IPAD = NO;
				SUPPORTS_XR_DESIGNED_FOR_IPHONE_IPAD = NO;
				SWIFT_EMIT_LOC_STRINGS = YES;
				SWIFT_VERSION = 5.0;
				TARGETED_DEVICE_FAMILY = 1;
			};
			name = Debug;
		};
		B8A85A952AA10CF500EDFE58 /* Release */ = {
			isa = XCBuildConfiguration;
			buildSettings = {
				CODE_SIGN_IDENTITY = "Apple Development";
				CODE_SIGN_STYLE = Automatic;
				CURRENT_PROJECT_VERSION = 204;
				DEVELOPMENT_TEAM = 7353CQCGQC;
				GENERATE_INFOPLIST_FILE = YES;
				INFOPLIST_FILE = ShareExtension/Info.plist;
				INFOPLIST_KEY_CFBundleDisplayName = ShareExtension;
				INFOPLIST_KEY_NSHumanReadableCopyright = "";
				IPHONEOS_DEPLOYMENT_TARGET = 16.0;
				LD_RUNPATH_SEARCH_PATHS = (
					"$(inherited)",
					"@executable_path/Frameworks",
					"@executable_path/../../Frameworks",
				);
				MARKETING_VERSION = 0.6.0;
				PRODUCT_BUNDLE_IDENTIFIER = com.subvert.forpda.ShareExtension;
				PRODUCT_NAME = "$(TARGET_NAME)";
				PROVISIONING_PROFILE_SPECIFIER = "";
				SKIP_INSTALL = YES;
				SUPPORTED_PLATFORMS = "iphoneos iphonesimulator";
				SUPPORTS_MACCATALYST = NO;
				SUPPORTS_MAC_DESIGNED_FOR_IPHONE_IPAD = NO;
				SUPPORTS_XR_DESIGNED_FOR_IPHONE_IPAD = NO;
				SWIFT_EMIT_LOC_STRINGS = YES;
				SWIFT_VERSION = 5.0;
				TARGETED_DEVICE_FAMILY = 1;
			};
			name = Release;
		};
		B8AB63D72AA49F6100F2CEFF /* Debug */ = {
			isa = XCBuildConfiguration;
			buildSettings = {
				CODE_SIGN_IDENTITY = "Apple Development";
				CODE_SIGN_STYLE = Automatic;
				CURRENT_PROJECT_VERSION = 204;
				DEVELOPMENT_TEAM = 7353CQCGQC;
				GENERATE_INFOPLIST_FILE = YES;
				INFOPLIST_FILE = OpenInAppExtension/Info.plist;
				INFOPLIST_KEY_CFBundleDisplayName = OpenInAppExtension;
				INFOPLIST_KEY_NSHumanReadableCopyright = "";
				IPHONEOS_DEPLOYMENT_TARGET = 16.0;
				LD_RUNPATH_SEARCH_PATHS = (
					"$(inherited)",
					"@executable_path/Frameworks",
					"@executable_path/../../Frameworks",
				);
				MARKETING_VERSION = 0.6.0;
				OTHER_LDFLAGS = (
					"-framework",
					SafariServices,
				);
				PRODUCT_BUNDLE_IDENTIFIER = com.subvert.forpda.OpenInAppExtension;
				PRODUCT_NAME = "$(TARGET_NAME)";
				PROVISIONING_PROFILE_SPECIFIER = "";
				SKIP_INSTALL = YES;
				SUPPORTED_PLATFORMS = "iphoneos iphonesimulator";
				SUPPORTS_MACCATALYST = NO;
				SUPPORTS_MAC_DESIGNED_FOR_IPHONE_IPAD = NO;
				SUPPORTS_XR_DESIGNED_FOR_IPHONE_IPAD = NO;
				SWIFT_EMIT_LOC_STRINGS = YES;
				SWIFT_VERSION = 5.0;
				TARGETED_DEVICE_FAMILY = 1;
			};
			name = Debug;
		};
		B8AB63D82AA49F6100F2CEFF /* Release */ = {
			isa = XCBuildConfiguration;
			buildSettings = {
				CODE_SIGN_IDENTITY = "Apple Development";
				CODE_SIGN_STYLE = Automatic;
				CURRENT_PROJECT_VERSION = 204;
				DEVELOPMENT_TEAM = 7353CQCGQC;
				GENERATE_INFOPLIST_FILE = YES;
				INFOPLIST_FILE = OpenInAppExtension/Info.plist;
				INFOPLIST_KEY_CFBundleDisplayName = OpenInAppExtension;
				INFOPLIST_KEY_NSHumanReadableCopyright = "";
				IPHONEOS_DEPLOYMENT_TARGET = 16.0;
				LD_RUNPATH_SEARCH_PATHS = (
					"$(inherited)",
					"@executable_path/Frameworks",
					"@executable_path/../../Frameworks",
				);
				MARKETING_VERSION = 0.6.0;
				OTHER_LDFLAGS = (
					"-framework",
					SafariServices,
				);
				PRODUCT_BUNDLE_IDENTIFIER = com.subvert.forpda.OpenInAppExtension;
				PRODUCT_NAME = "$(TARGET_NAME)";
				PROVISIONING_PROFILE_SPECIFIER = "";
				SKIP_INSTALL = YES;
				SUPPORTED_PLATFORMS = "iphoneos iphonesimulator";
				SUPPORTS_MACCATALYST = NO;
				SUPPORTS_MAC_DESIGNED_FOR_IPHONE_IPAD = NO;
				SUPPORTS_XR_DESIGNED_FOR_IPHONE_IPAD = NO;
				SWIFT_EMIT_LOC_STRINGS = YES;
				SWIFT_VERSION = 5.0;
				TARGETED_DEVICE_FAMILY = 1;
			};
			name = Release;
		};
		B8D35207293CABB7008A84EA /* Debug */ = {
			isa = XCBuildConfiguration;
			baseConfigurationReference = B82B2EC62A89306000CB067C /* Secrets.xcconfig */;
			buildSettings = {
				ALWAYS_SEARCH_USER_PATHS = NO;
				ASSETCATALOG_COMPILER_GENERATE_SWIFT_ASSET_SYMBOL_EXTENSIONS = YES;
				CLANG_ANALYZER_LOCALIZABILITY_NONLOCALIZED = YES;
				CLANG_ANALYZER_NONNULL = YES;
				CLANG_ANALYZER_NUMBER_OBJECT_CONVERSION = YES_AGGRESSIVE;
				CLANG_CXX_LANGUAGE_STANDARD = "gnu++20";
				CLANG_ENABLE_MODULES = YES;
				CLANG_ENABLE_OBJC_ARC = YES;
				CLANG_ENABLE_OBJC_WEAK = YES;
				CLANG_WARN_BLOCK_CAPTURE_AUTORELEASING = YES;
				CLANG_WARN_BOOL_CONVERSION = YES;
				CLANG_WARN_COMMA = YES;
				CLANG_WARN_CONSTANT_CONVERSION = YES;
				CLANG_WARN_DEPRECATED_OBJC_IMPLEMENTATIONS = YES;
				CLANG_WARN_DIRECT_OBJC_ISA_USAGE = YES_ERROR;
				CLANG_WARN_DOCUMENTATION_COMMENTS = YES;
				CLANG_WARN_EMPTY_BODY = YES;
				CLANG_WARN_ENUM_CONVERSION = YES;
				CLANG_WARN_INFINITE_RECURSION = YES;
				CLANG_WARN_INT_CONVERSION = YES;
				CLANG_WARN_NON_LITERAL_NULL_CONVERSION = YES;
				CLANG_WARN_OBJC_IMPLICIT_RETAIN_SELF = YES;
				CLANG_WARN_OBJC_LITERAL_CONVERSION = YES;
				CLANG_WARN_OBJC_ROOT_CLASS = YES_ERROR;
				CLANG_WARN_QUOTED_INCLUDE_IN_FRAMEWORK_HEADER = YES;
				CLANG_WARN_RANGE_LOOP_ANALYSIS = YES;
				CLANG_WARN_STRICT_PROTOTYPES = YES;
				CLANG_WARN_SUSPICIOUS_MOVE = YES;
				CLANG_WARN_UNGUARDED_AVAILABILITY = YES_AGGRESSIVE;
				CLANG_WARN_UNREACHABLE_CODE = YES;
				CLANG_WARN__DUPLICATE_METHOD_MATCH = YES;
				COPY_PHASE_STRIP = NO;
				CURRENT_PROJECT_VERSION = "";
				DEBUG_ACTIVITY_MODE = "";
				"DEBUG_ACTIVITY_MODE[sdk=iphonesimulator*]" = DISABLE;
				DEBUG_INFORMATION_FORMAT = dwarf;
				ENABLE_STRICT_OBJC_MSGSEND = YES;
				ENABLE_TESTABILITY = YES;
				ENABLE_USER_SCRIPT_SANDBOXING = YES;
				GCC_C_LANGUAGE_STANDARD = gnu11;
				GCC_DYNAMIC_NO_PIC = NO;
				GCC_NO_COMMON_BLOCKS = YES;
				GCC_OPTIMIZATION_LEVEL = 0;
				GCC_PREPROCESSOR_DEFINITIONS = (
					"DEBUG=1",
					"$(inherited)",
				);
				GCC_WARN_64_TO_32_BIT_CONVERSION = YES;
				GCC_WARN_ABOUT_RETURN_TYPE = YES_ERROR;
				GCC_WARN_UNDECLARED_SELECTOR = YES;
				GCC_WARN_UNINITIALIZED_AUTOS = YES_AGGRESSIVE;
				GCC_WARN_UNUSED_FUNCTION = YES;
				GCC_WARN_UNUSED_VARIABLE = YES;
				IPHONEOS_DEPLOYMENT_TARGET = 14.0;
				LOCALIZATION_PREFERS_STRING_CATALOGS = YES;
				MARKETING_VERSION = "";
				MTL_ENABLE_DEBUG_INFO = INCLUDE_SOURCE;
				MTL_FAST_MATH = YES;
				ONLY_ACTIVE_ARCH = YES;
				SDKROOT = iphoneos;
				SWIFT_ACTIVE_COMPILATION_CONDITIONS = DEBUG;
				SWIFT_EMIT_LOC_STRINGS = YES;
				SWIFT_OPTIMIZATION_LEVEL = "-Onone";
			};
			name = Debug;
		};
		B8D35208293CABB7008A84EA /* Release */ = {
			isa = XCBuildConfiguration;
			baseConfigurationReference = B82B2EC62A89306000CB067C /* Secrets.xcconfig */;
			buildSettings = {
				ALWAYS_SEARCH_USER_PATHS = NO;
				ASSETCATALOG_COMPILER_GENERATE_SWIFT_ASSET_SYMBOL_EXTENSIONS = YES;
				CLANG_ANALYZER_LOCALIZABILITY_NONLOCALIZED = YES;
				CLANG_ANALYZER_NONNULL = YES;
				CLANG_ANALYZER_NUMBER_OBJECT_CONVERSION = YES_AGGRESSIVE;
				CLANG_CXX_LANGUAGE_STANDARD = "gnu++20";
				CLANG_ENABLE_MODULES = YES;
				CLANG_ENABLE_OBJC_ARC = YES;
				CLANG_ENABLE_OBJC_WEAK = YES;
				CLANG_WARN_BLOCK_CAPTURE_AUTORELEASING = YES;
				CLANG_WARN_BOOL_CONVERSION = YES;
				CLANG_WARN_COMMA = YES;
				CLANG_WARN_CONSTANT_CONVERSION = YES;
				CLANG_WARN_DEPRECATED_OBJC_IMPLEMENTATIONS = YES;
				CLANG_WARN_DIRECT_OBJC_ISA_USAGE = YES_ERROR;
				CLANG_WARN_DOCUMENTATION_COMMENTS = YES;
				CLANG_WARN_EMPTY_BODY = YES;
				CLANG_WARN_ENUM_CONVERSION = YES;
				CLANG_WARN_INFINITE_RECURSION = YES;
				CLANG_WARN_INT_CONVERSION = YES;
				CLANG_WARN_NON_LITERAL_NULL_CONVERSION = YES;
				CLANG_WARN_OBJC_IMPLICIT_RETAIN_SELF = YES;
				CLANG_WARN_OBJC_LITERAL_CONVERSION = YES;
				CLANG_WARN_OBJC_ROOT_CLASS = YES_ERROR;
				CLANG_WARN_QUOTED_INCLUDE_IN_FRAMEWORK_HEADER = YES;
				CLANG_WARN_RANGE_LOOP_ANALYSIS = YES;
				CLANG_WARN_STRICT_PROTOTYPES = YES;
				CLANG_WARN_SUSPICIOUS_MOVE = YES;
				CLANG_WARN_UNGUARDED_AVAILABILITY = YES_AGGRESSIVE;
				CLANG_WARN_UNREACHABLE_CODE = YES;
				CLANG_WARN__DUPLICATE_METHOD_MATCH = YES;
				COPY_PHASE_STRIP = NO;
				CURRENT_PROJECT_VERSION = "";
				DEBUG_ACTIVITY_MODE = "";
				DEBUG_INFORMATION_FORMAT = "dwarf-with-dsym";
				ENABLE_NS_ASSERTIONS = NO;
				ENABLE_STRICT_OBJC_MSGSEND = YES;
				ENABLE_USER_SCRIPT_SANDBOXING = YES;
				GCC_C_LANGUAGE_STANDARD = gnu11;
				GCC_NO_COMMON_BLOCKS = YES;
				GCC_WARN_64_TO_32_BIT_CONVERSION = YES;
				GCC_WARN_ABOUT_RETURN_TYPE = YES_ERROR;
				GCC_WARN_UNDECLARED_SELECTOR = YES;
				GCC_WARN_UNINITIALIZED_AUTOS = YES_AGGRESSIVE;
				GCC_WARN_UNUSED_FUNCTION = YES;
				GCC_WARN_UNUSED_VARIABLE = YES;
				IPHONEOS_DEPLOYMENT_TARGET = 14.0;
				LOCALIZATION_PREFERS_STRING_CATALOGS = YES;
				MARKETING_VERSION = "";
				MTL_ENABLE_DEBUG_INFO = NO;
				MTL_FAST_MATH = YES;
				SDKROOT = iphoneos;
				SWIFT_COMPILATION_MODE = wholemodule;
				SWIFT_EMIT_LOC_STRINGS = YES;
				SWIFT_OPTIMIZATION_LEVEL = "-O";
				VALIDATE_PRODUCT = YES;
			};
			name = Release;
		};
		B8D3520A293CABB7008A84EA /* Debug */ = {
			isa = XCBuildConfiguration;
			buildSettings = {
				ALWAYS_EMBED_SWIFT_STANDARD_LIBRARIES = YES;
				ASSETCATALOG_COMPILER_APPICON_NAME = AppIcon;
				ASSETCATALOG_COMPILER_GLOBAL_ACCENT_COLOR_NAME = AccentColor;
				CODE_SIGN_IDENTITY = "Apple Development";
				CODE_SIGN_STYLE = Automatic;
				CURRENT_PROJECT_VERSION = 204;
				DEBUG_INFORMATION_FORMAT = "dwarf-with-dsym";
				DEVELOPMENT_TEAM = 7353CQCGQC;
				ENABLE_USER_SCRIPT_SANDBOXING = NO;
				GENERATE_INFOPLIST_FILE = YES;
				INFOPLIST_FILE = ForPDA/Info.plist;
				INFOPLIST_KEY_CFBundleDisplayName = "ForPDA Beta";
				INFOPLIST_KEY_LSApplicationCategoryType = "public.app-category.news";
				INFOPLIST_KEY_UIApplicationSupportsIndirectInputEvents = YES;
				INFOPLIST_KEY_UILaunchStoryboardName = LaunchScreen;
				INFOPLIST_KEY_UISupportedInterfaceOrientations = UIInterfaceOrientationPortrait;
				INFOPLIST_KEY_UISupportedInterfaceOrientations_iPad = "UIInterfaceOrientationLandscapeLeft UIInterfaceOrientationLandscapeRight UIInterfaceOrientationPortrait UIInterfaceOrientationPortraitUpsideDown";
				IPHONEOS_DEPLOYMENT_TARGET = 16.0;
				LD_RUNPATH_SEARCH_PATHS = (
					"$(inherited)",
					"@executable_path/Frameworks",
				);
				MARKETING_VERSION = 0.6.0;
				PRODUCT_BUNDLE_IDENTIFIER = com.subvert.forpda;
				PRODUCT_NAME = "$(TARGET_NAME)";
				PROVISIONING_PROFILE_SPECIFIER = "";
				SUPPORTED_PLATFORMS = "iphoneos iphonesimulator";
				SUPPORTS_MACCATALYST = NO;
				SUPPORTS_MAC_DESIGNED_FOR_IPHONE_IPAD = NO;
				SUPPORTS_XR_DESIGNED_FOR_IPHONE_IPAD = NO;
				SWIFT_EMIT_LOC_STRINGS = YES;
				SWIFT_STRICT_CONCURRENCY = complete;
				SWIFT_UPCOMING_FEATURE_CONCISE_MAGIC_FILE = YES;
				SWIFT_UPCOMING_FEATURE_DEPRECATE_APPLICATION_MAIN = YES;
				SWIFT_UPCOMING_FEATURE_DISABLE_OUTWARD_ACTOR_ISOLATION = YES;
				SWIFT_UPCOMING_FEATURE_EXISTENTIAL_ANY = YES;
				SWIFT_UPCOMING_FEATURE_FORWARD_TRAILING_CLOSURES = YES;
				SWIFT_UPCOMING_FEATURE_GLOBAL_CONCURRENCY = YES;
				SWIFT_UPCOMING_FEATURE_IMPLICIT_OPEN_EXISTENTIALS = YES;
				SWIFT_UPCOMING_FEATURE_IMPORT_OBJC_FORWARD_DECLS = YES;
				SWIFT_UPCOMING_FEATURE_INFER_SENDABLE_FROM_CAPTURES = YES;
				SWIFT_UPCOMING_FEATURE_INTERNAL_IMPORTS_BY_DEFAULT = YES;
				SWIFT_UPCOMING_FEATURE_ISOLATED_DEFAULT_VALUES = YES;
				SWIFT_UPCOMING_FEATURE_REGION_BASED_ISOLATION = YES;
				SWIFT_VERSION = 5.0;
				TARGETED_DEVICE_FAMILY = 1;
			};
			name = Debug;
		};
		B8D3520B293CABB7008A84EA /* Release */ = {
			isa = XCBuildConfiguration;
			buildSettings = {
				ALWAYS_EMBED_SWIFT_STANDARD_LIBRARIES = YES;
				ASSETCATALOG_COMPILER_APPICON_NAME = AppIcon;
				ASSETCATALOG_COMPILER_GLOBAL_ACCENT_COLOR_NAME = AccentColor;
				CODE_SIGN_IDENTITY = "Apple Development";
				CODE_SIGN_STYLE = Automatic;
				CURRENT_PROJECT_VERSION = 204;
				DEVELOPMENT_TEAM = 7353CQCGQC;
				ENABLE_USER_SCRIPT_SANDBOXING = NO;
				GENERATE_INFOPLIST_FILE = YES;
				INFOPLIST_FILE = ForPDA/Info.plist;
				INFOPLIST_KEY_CFBundleDisplayName = "ForPDA Beta";
				INFOPLIST_KEY_LSApplicationCategoryType = "public.app-category.news";
				INFOPLIST_KEY_UIApplicationSupportsIndirectInputEvents = YES;
				INFOPLIST_KEY_UILaunchStoryboardName = LaunchScreen;
				INFOPLIST_KEY_UISupportedInterfaceOrientations = UIInterfaceOrientationPortrait;
				INFOPLIST_KEY_UISupportedInterfaceOrientations_iPad = "UIInterfaceOrientationLandscapeLeft UIInterfaceOrientationLandscapeRight UIInterfaceOrientationPortrait UIInterfaceOrientationPortraitUpsideDown";
				IPHONEOS_DEPLOYMENT_TARGET = 16.0;
				LD_RUNPATH_SEARCH_PATHS = (
					"$(inherited)",
					"@executable_path/Frameworks",
				);
				MARKETING_VERSION = 0.6.0;
				PRODUCT_BUNDLE_IDENTIFIER = com.subvert.forpda;
				PRODUCT_NAME = "$(TARGET_NAME)";
				PROVISIONING_PROFILE_SPECIFIER = "";
				SUPPORTED_PLATFORMS = "iphoneos iphonesimulator";
				SUPPORTS_MACCATALYST = NO;
				SUPPORTS_MAC_DESIGNED_FOR_IPHONE_IPAD = NO;
				SUPPORTS_XR_DESIGNED_FOR_IPHONE_IPAD = NO;
				SWIFT_EMIT_LOC_STRINGS = YES;
				SWIFT_STRICT_CONCURRENCY = complete;
				SWIFT_UPCOMING_FEATURE_CONCISE_MAGIC_FILE = YES;
				SWIFT_UPCOMING_FEATURE_DEPRECATE_APPLICATION_MAIN = YES;
				SWIFT_UPCOMING_FEATURE_DISABLE_OUTWARD_ACTOR_ISOLATION = YES;
				SWIFT_UPCOMING_FEATURE_EXISTENTIAL_ANY = YES;
				SWIFT_UPCOMING_FEATURE_FORWARD_TRAILING_CLOSURES = YES;
				SWIFT_UPCOMING_FEATURE_GLOBAL_CONCURRENCY = YES;
				SWIFT_UPCOMING_FEATURE_IMPLICIT_OPEN_EXISTENTIALS = YES;
				SWIFT_UPCOMING_FEATURE_IMPORT_OBJC_FORWARD_DECLS = YES;
				SWIFT_UPCOMING_FEATURE_INFER_SENDABLE_FROM_CAPTURES = YES;
				SWIFT_UPCOMING_FEATURE_INTERNAL_IMPORTS_BY_DEFAULT = YES;
				SWIFT_UPCOMING_FEATURE_ISOLATED_DEFAULT_VALUES = YES;
				SWIFT_UPCOMING_FEATURE_REGION_BASED_ISOLATION = YES;
				SWIFT_VERSION = 5.0;
				TARGETED_DEVICE_FAMILY = 1;
			};
			name = Release;
		};
/* End XCBuildConfiguration section */

/* Begin XCConfigurationList section */
		B8A85A932AA10CF500EDFE58 /* Build configuration list for PBXNativeTarget "ShareExtension" */ = {
			isa = XCConfigurationList;
			buildConfigurations = (
				B8A85A942AA10CF500EDFE58 /* Debug */,
				B8A85A952AA10CF500EDFE58 /* Release */,
			);
			defaultConfigurationIsVisible = 0;
			defaultConfigurationName = Release;
		};
		B8AB63D62AA49F6100F2CEFF /* Build configuration list for PBXNativeTarget "OpenInAppExtension" */ = {
			isa = XCConfigurationList;
			buildConfigurations = (
				B8AB63D72AA49F6100F2CEFF /* Debug */,
				B8AB63D82AA49F6100F2CEFF /* Release */,
			);
			defaultConfigurationIsVisible = 0;
			defaultConfigurationName = Release;
		};
		B8D351F0293CABB6008A84EA /* Build configuration list for PBXProject "ForPDA" */ = {
			isa = XCConfigurationList;
			buildConfigurations = (
				B8D35207293CABB7008A84EA /* Debug */,
				B8D35208293CABB7008A84EA /* Release */,
			);
			defaultConfigurationIsVisible = 0;
			defaultConfigurationName = Release;
		};
		B8D35209293CABB7008A84EA /* Build configuration list for PBXNativeTarget "ForPDA" */ = {
			isa = XCConfigurationList;
			buildConfigurations = (
				B8D3520A293CABB7008A84EA /* Debug */,
				B8D3520B293CABB7008A84EA /* Release */,
			);
			defaultConfigurationIsVisible = 0;
			defaultConfigurationName = Release;
		};
/* End XCConfigurationList section */

/* Begin XCSwiftPackageProductDependency section */
		B8CC72DF2BF8FE660071A67A /* AppFeature */ = {
			isa = XCSwiftPackageProductDependency;
			productName = AppFeature;
		};
/* End XCSwiftPackageProductDependency section */
	};
	rootObject = B8D351ED293CABB6008A84EA /* Project object */;
}
