// !$*UTF8*$!
{
	archiveVersion = 1;
	classes = {
	};
	objectVersion = 70;
	objects = {

/* Begin PBXBuildFile section */
		B8133B4B2C7FA3C800506430 /* Packages in Resources */ = {isa = PBXBuildFile; fileRef = B8133B4A2C7FA3C800506430 /* Packages */; };
		B82D8DB02D1CB03500784698 /* IconAnimator.swift in Sources */ = {isa = PBXBuildFile; fileRef = B82D8D702D1CB03500784698 /* IconAnimator.swift */; };
		B839079B2D1DF26A00153557 /* AnimatedIcon080.png in Resources */ = {isa = PBXBuildFile; fileRef = B83907912D1DF26A00153557 /* AnimatedIcon080.png */; };
		B839079C2D1DF26A00153557 /* AnimatedIcon088.png in Resources */ = {isa = PBXBuildFile; fileRef = B83907992D1DF26A00153557 /* AnimatedIcon088.png */; };
		B839079D2D1DF26A00153557 /* AnimatedIcon089.png in Resources */ = {isa = PBXBuildFile; fileRef = B839079A2D1DF26A00153557 /* AnimatedIcon089.png */; };
		B839079E2D1DF26A00153557 /* AnimatedIcon049.png in Resources */ = {isa = PBXBuildFile; fileRef = B83907722D1DF26A00153557 /* AnimatedIcon049.png */; };
		B839079F2D1DF26A00153557 /* AnimatedIcon033.png in Resources */ = {isa = PBXBuildFile; fileRef = B83907622D1DF26A00153557 /* AnimatedIcon033.png */; };
		B83907A02D1DF26A00153557 /* AnimatedIcon005.png in Resources */ = {isa = PBXBuildFile; fileRef = B83907462D1DF26A00153557 /* AnimatedIcon005.png */; };
		B83907A12D1DF26A00153557 /* AnimatedIcon041.png in Resources */ = {isa = PBXBuildFile; fileRef = B839076A2D1DF26A00153557 /* AnimatedIcon041.png */; };
		B83907A22D1DF26A00153557 /* AnimatedIcon001.png in Resources */ = {isa = PBXBuildFile; fileRef = B83907422D1DF26A00153557 /* AnimatedIcon001.png */; };
		B83907A32D1DF26A00153557 /* AnimatedIcon047.png in Resources */ = {isa = PBXBuildFile; fileRef = B83907702D1DF26A00153557 /* AnimatedIcon047.png */; };
		B83907A42D1DF26A00153557 /* AnimatedIcon002.png in Resources */ = {isa = PBXBuildFile; fileRef = B83907432D1DF26A00153557 /* AnimatedIcon002.png */; };
		B83907A52D1DF26A00153557 /* AnimatedIcon055.png in Resources */ = {isa = PBXBuildFile; fileRef = B83907782D1DF26A00153557 /* AnimatedIcon055.png */; };
		B83907A62D1DF26A00153557 /* AnimatedIcon016.png in Resources */ = {isa = PBXBuildFile; fileRef = B83907512D1DF26A00153557 /* AnimatedIcon016.png */; };
		B83907A72D1DF26A00153557 /* AnimatedIcon046.png in Resources */ = {isa = PBXBuildFile; fileRef = B839076F2D1DF26A00153557 /* AnimatedIcon046.png */; };
		B83907A82D1DF26A00153557 /* AnimatedIcon068.png in Resources */ = {isa = PBXBuildFile; fileRef = B83907852D1DF26A00153557 /* AnimatedIcon068.png */; };
		B83907A92D1DF26A00153557 /* AnimatedIcon064.png in Resources */ = {isa = PBXBuildFile; fileRef = B83907812D1DF26A00153557 /* AnimatedIcon064.png */; };
		B83907AA2D1DF26A00153557 /* AnimatedIcon063.png in Resources */ = {isa = PBXBuildFile; fileRef = B83907802D1DF26A00153557 /* AnimatedIcon063.png */; };
		B83907AB2D1DF26A00153557 /* AnimatedIcon067.png in Resources */ = {isa = PBXBuildFile; fileRef = B83907842D1DF26A00153557 /* AnimatedIcon067.png */; };
		B83907AC2D1DF26A00153557 /* AnimatedIcon029.png in Resources */ = {isa = PBXBuildFile; fileRef = B839075E2D1DF26A00153557 /* AnimatedIcon029.png */; };
		B83907AD2D1DF26A00153557 /* AnimatedIcon054.png in Resources */ = {isa = PBXBuildFile; fileRef = B83907772D1DF26A00153557 /* AnimatedIcon054.png */; };
		B83907AE2D1DF26A00153557 /* AnimatedIcon083.png in Resources */ = {isa = PBXBuildFile; fileRef = B83907942D1DF26A00153557 /* AnimatedIcon083.png */; };
		B83907AF2D1DF26A00153557 /* AnimatedIcon020.png in Resources */ = {isa = PBXBuildFile; fileRef = B83907552D1DF26A00153557 /* AnimatedIcon020.png */; };
		B83907B02D1DF26A00153557 /* AnimatedIcon052.png in Resources */ = {isa = PBXBuildFile; fileRef = B83907752D1DF26A00153557 /* AnimatedIcon052.png */; };
		B83907B12D1DF26A00153557 /* AnimatedIcon053.png in Resources */ = {isa = PBXBuildFile; fileRef = B83907762D1DF26A00153557 /* AnimatedIcon053.png */; };
		B83907B22D1DF26A00153557 /* AnimatedIcon010.png in Resources */ = {isa = PBXBuildFile; fileRef = B839074B2D1DF26A00153557 /* AnimatedIcon010.png */; };
		B83907B32D1DF26A00153557 /* AnimatedIcon007.png in Resources */ = {isa = PBXBuildFile; fileRef = B83907482D1DF26A00153557 /* AnimatedIcon007.png */; };
		B83907B42D1DF26A00153557 /* AnimatedIcon076.png in Resources */ = {isa = PBXBuildFile; fileRef = B839078D2D1DF26A00153557 /* AnimatedIcon076.png */; };
		B83907B52D1DF26A00153557 /* AnimatedIcon050.png in Resources */ = {isa = PBXBuildFile; fileRef = B83907732D1DF26A00153557 /* AnimatedIcon050.png */; };
		B83907B62D1DF26A00153557 /* AnimatedIcon074.png in Resources */ = {isa = PBXBuildFile; fileRef = B839078B2D1DF26A00153557 /* AnimatedIcon074.png */; };
		B83907B72D1DF26A00153557 /* AnimatedIcon022.png in Resources */ = {isa = PBXBuildFile; fileRef = B83907572D1DF26A00153557 /* AnimatedIcon022.png */; };
		B83907B82D1DF26A00153557 /* AnimatedIcon070.png in Resources */ = {isa = PBXBuildFile; fileRef = B83907872D1DF26A00153557 /* AnimatedIcon070.png */; };
		B83907B92D1DF26A00153557 /* AnimatedIcon017.png in Resources */ = {isa = PBXBuildFile; fileRef = B83907522D1DF26A00153557 /* AnimatedIcon017.png */; };
		B83907BA2D1DF26A00153557 /* AnimatedIcon048.png in Resources */ = {isa = PBXBuildFile; fileRef = B83907712D1DF26A00153557 /* AnimatedIcon048.png */; };
		B83907BB2D1DF26A00153557 /* AnimatedIcon009.png in Resources */ = {isa = PBXBuildFile; fileRef = B839074A2D1DF26A00153557 /* AnimatedIcon009.png */; };
		B83907BC2D1DF26A00153557 /* AnimatedIcon021.png in Resources */ = {isa = PBXBuildFile; fileRef = B83907562D1DF26A00153557 /* AnimatedIcon021.png */; };
		B83907BD2D1DF26A00153557 /* AnimatedIcon037.png in Resources */ = {isa = PBXBuildFile; fileRef = B83907662D1DF26A00153557 /* AnimatedIcon037.png */; };
		B83907BE2D1DF26A00153557 /* AnimatedIcon072.png in Resources */ = {isa = PBXBuildFile; fileRef = B83907892D1DF26A00153557 /* AnimatedIcon072.png */; };
		B83907BF2D1DF26A00153557 /* AnimatedIcon018.png in Resources */ = {isa = PBXBuildFile; fileRef = B83907532D1DF26A00153557 /* AnimatedIcon018.png */; };
		B83907C02D1DF26A00153557 /* AnimatedIcon038.png in Resources */ = {isa = PBXBuildFile; fileRef = B83907672D1DF26A00153557 /* AnimatedIcon038.png */; };
		B83907C12D1DF26A00153557 /* AnimatedIcon003.png in Resources */ = {isa = PBXBuildFile; fileRef = B83907442D1DF26A00153557 /* AnimatedIcon003.png */; };
		B83907C22D1DF26A00153557 /* AnimatedIcon006.png in Resources */ = {isa = PBXBuildFile; fileRef = B83907472D1DF26A00153557 /* AnimatedIcon006.png */; };
		B83907C32D1DF26A00153557 /* AnimatedIcon030.png in Resources */ = {isa = PBXBuildFile; fileRef = B839075F2D1DF26A00153557 /* AnimatedIcon030.png */; };
		B83907C42D1DF26A00153557 /* AnimatedIcon035.png in Resources */ = {isa = PBXBuildFile; fileRef = B83907642D1DF26A00153557 /* AnimatedIcon035.png */; };
		B83907C52D1DF26A00153557 /* AnimatedIcon019.png in Resources */ = {isa = PBXBuildFile; fileRef = B83907542D1DF26A00153557 /* AnimatedIcon019.png */; };
		B83907C62D1DF26A00153557 /* AnimatedIcon044.png in Resources */ = {isa = PBXBuildFile; fileRef = B839076D2D1DF26A00153557 /* AnimatedIcon044.png */; };
		B83907C72D1DF26A00153557 /* AnimatedIcon057.png in Resources */ = {isa = PBXBuildFile; fileRef = B839077A2D1DF26A00153557 /* AnimatedIcon057.png */; };
		B83907C82D1DF26A00153557 /* AnimatedIcon058.png in Resources */ = {isa = PBXBuildFile; fileRef = B839077B2D1DF26A00153557 /* AnimatedIcon058.png */; };
		B83907C92D1DF26A00153557 /* AnimatedIcon086.png in Resources */ = {isa = PBXBuildFile; fileRef = B83907972D1DF26A00153557 /* AnimatedIcon086.png */; };
		B83907CA2D1DF26A00153557 /* AnimatedIcon081.png in Resources */ = {isa = PBXBuildFile; fileRef = B83907922D1DF26A00153557 /* AnimatedIcon081.png */; };
		B83907CB2D1DF26A00153557 /* AnimatedIcon008.png in Resources */ = {isa = PBXBuildFile; fileRef = B83907492D1DF26A00153557 /* AnimatedIcon008.png */; };
		B83907CC2D1DF26A00153557 /* AnimatedIcon024.png in Resources */ = {isa = PBXBuildFile; fileRef = B83907592D1DF26A00153557 /* AnimatedIcon024.png */; };
		B83907CD2D1DF26A00153557 /* AnimatedIcon060.png in Resources */ = {isa = PBXBuildFile; fileRef = B839077D2D1DF26A00153557 /* AnimatedIcon060.png */; };
		B83907CE2D1DF26A00153557 /* AnimatedIcon011.png in Resources */ = {isa = PBXBuildFile; fileRef = B839074C2D1DF26A00153557 /* AnimatedIcon011.png */; };
		B83907CF2D1DF26A00153557 /* AnimatedIcon034.png in Resources */ = {isa = PBXBuildFile; fileRef = B83907632D1DF26A00153557 /* AnimatedIcon034.png */; };
		B83907D02D1DF26A00153557 /* AnimatedIcon059.png in Resources */ = {isa = PBXBuildFile; fileRef = B839077C2D1DF26A00153557 /* AnimatedIcon059.png */; };
		B83907D12D1DF26A00153557 /* AnimatedIcon036.png in Resources */ = {isa = PBXBuildFile; fileRef = B83907652D1DF26A00153557 /* AnimatedIcon036.png */; };
		B83907D22D1DF26A00153557 /* AnimatedIcon028.png in Resources */ = {isa = PBXBuildFile; fileRef = B839075D2D1DF26A00153557 /* AnimatedIcon028.png */; };
		B83907D32D1DF26A00153557 /* AnimatedIcon065.png in Resources */ = {isa = PBXBuildFile; fileRef = B83907822D1DF26A00153557 /* AnimatedIcon065.png */; };
		B83907D42D1DF26A00153557 /* AnimatedIcon075.png in Resources */ = {isa = PBXBuildFile; fileRef = B839078C2D1DF26A00153557 /* AnimatedIcon075.png */; };
		B83907D52D1DF26A00153557 /* AnimatedIcon087.png in Resources */ = {isa = PBXBuildFile; fileRef = B83907982D1DF26A00153557 /* AnimatedIcon087.png */; };
		B83907D62D1DF26A00153557 /* AnimatedIcon040.png in Resources */ = {isa = PBXBuildFile; fileRef = B83907692D1DF26A00153557 /* AnimatedIcon040.png */; };
		B83907D72D1DF26A00153557 /* AnimatedIcon032.png in Resources */ = {isa = PBXBuildFile; fileRef = B83907612D1DF26A00153557 /* AnimatedIcon032.png */; };
		B83907D82D1DF26A00153557 /* AnimatedIcon079.png in Resources */ = {isa = PBXBuildFile; fileRef = B83907902D1DF26A00153557 /* AnimatedIcon079.png */; };
		B83907D92D1DF26A00153557 /* AnimatedIcon061.png in Resources */ = {isa = PBXBuildFile; fileRef = B839077E2D1DF26A00153557 /* AnimatedIcon061.png */; };
		B83907DA2D1DF26A00153557 /* AnimatedIcon015.png in Resources */ = {isa = PBXBuildFile; fileRef = B83907502D1DF26A00153557 /* AnimatedIcon015.png */; };
		B83907DB2D1DF26A00153557 /* AnimatedIcon023.png in Resources */ = {isa = PBXBuildFile; fileRef = B83907582D1DF26A00153557 /* AnimatedIcon023.png */; };
		B83907DC2D1DF26A00153557 /* AnimatedIcon056.png in Resources */ = {isa = PBXBuildFile; fileRef = B83907792D1DF26A00153557 /* AnimatedIcon056.png */; };
		B83907DD2D1DF26A00153557 /* AnimatedIcon014.png in Resources */ = {isa = PBXBuildFile; fileRef = B839074F2D1DF26A00153557 /* AnimatedIcon014.png */; };
		B83907DE2D1DF26A00153557 /* AnimatedIcon073.png in Resources */ = {isa = PBXBuildFile; fileRef = B839078A2D1DF26A00153557 /* AnimatedIcon073.png */; };
		B83907DF2D1DF26A00153557 /* AnimatedIcon051.png in Resources */ = {isa = PBXBuildFile; fileRef = B83907742D1DF26A00153557 /* AnimatedIcon051.png */; };
		B83907E02D1DF26A00153557 /* AnimatedIcon078.png in Resources */ = {isa = PBXBuildFile; fileRef = B839078F2D1DF26A00153557 /* AnimatedIcon078.png */; };
		B83907E12D1DF26A00153557 /* AnimatedIcon085.png in Resources */ = {isa = PBXBuildFile; fileRef = B83907962D1DF26A00153557 /* AnimatedIcon085.png */; };
		B83907E22D1DF26A00153557 /* AnimatedIcon066.png in Resources */ = {isa = PBXBuildFile; fileRef = B83907832D1DF26A00153557 /* AnimatedIcon066.png */; };
		B83907E32D1DF26A00153557 /* AnimatedIcon084.png in Resources */ = {isa = PBXBuildFile; fileRef = B83907952D1DF26A00153557 /* AnimatedIcon084.png */; };
		B83907E42D1DF26A00153557 /* AnimatedIcon031.png in Resources */ = {isa = PBXBuildFile; fileRef = B83907602D1DF26A00153557 /* AnimatedIcon031.png */; };
		B83907E52D1DF26A00153557 /* AnimatedIcon025.png in Resources */ = {isa = PBXBuildFile; fileRef = B839075A2D1DF26A00153557 /* AnimatedIcon025.png */; };
		B83907E62D1DF26A00153557 /* AnimatedIcon043.png in Resources */ = {isa = PBXBuildFile; fileRef = B839076C2D1DF26A00153557 /* AnimatedIcon043.png */; };
		B83907E72D1DF26A00153557 /* AnimatedIcon026.png in Resources */ = {isa = PBXBuildFile; fileRef = B839075B2D1DF26A00153557 /* AnimatedIcon026.png */; };
		B83907E82D1DF26A00153557 /* AnimatedIcon069.png in Resources */ = {isa = PBXBuildFile; fileRef = B83907862D1DF26A00153557 /* AnimatedIcon069.png */; };
		B83907E92D1DF26A00153557 /* AnimatedIcon082.png in Resources */ = {isa = PBXBuildFile; fileRef = B83907932D1DF26A00153557 /* AnimatedIcon082.png */; };
		B83907EA2D1DF26A00153557 /* AnimatedIcon013.png in Resources */ = {isa = PBXBuildFile; fileRef = B839074E2D1DF26A00153557 /* AnimatedIcon013.png */; };
		B83907EB2D1DF26A00153557 /* AnimatedIcon039.png in Resources */ = {isa = PBXBuildFile; fileRef = B83907682D1DF26A00153557 /* AnimatedIcon039.png */; };
		B83907EC2D1DF26A00153557 /* AnimatedIcon042.png in Resources */ = {isa = PBXBuildFile; fileRef = B839076B2D1DF26A00153557 /* AnimatedIcon042.png */; };
		B83907ED2D1DF26A00153557 /* AnimatedIcon000.png in Resources */ = {isa = PBXBuildFile; fileRef = B83907412D1DF26A00153557 /* AnimatedIcon000.png */; };
		B83907EE2D1DF26A00153557 /* AnimatedIcon027.png in Resources */ = {isa = PBXBuildFile; fileRef = B839075C2D1DF26A00153557 /* AnimatedIcon027.png */; };
		B83907EF2D1DF26A00153557 /* AnimatedIcon012.png in Resources */ = {isa = PBXBuildFile; fileRef = B839074D2D1DF26A00153557 /* AnimatedIcon012.png */; };
		B83907F02D1DF26A00153557 /* AnimatedIcon062.png in Resources */ = {isa = PBXBuildFile; fileRef = B839077F2D1DF26A00153557 /* AnimatedIcon062.png */; };
		B83907F12D1DF26A00153557 /* AnimatedIcon071.png in Resources */ = {isa = PBXBuildFile; fileRef = B83907882D1DF26A00153557 /* AnimatedIcon071.png */; };
		B83907F22D1DF26A00153557 /* AnimatedIcon045.png in Resources */ = {isa = PBXBuildFile; fileRef = B839076E2D1DF26A00153557 /* AnimatedIcon045.png */; };
		B83907F32D1DF26A00153557 /* AnimatedIcon004.png in Resources */ = {isa = PBXBuildFile; fileRef = B83907452D1DF26A00153557 /* AnimatedIcon004.png */; };
		B83907F42D1DF26A00153557 /* AnimatedIcon077.png in Resources */ = {isa = PBXBuildFile; fileRef = B839078E2D1DF26A00153557 /* AnimatedIcon077.png */; };
		B84BC1E52C77DA4000C38BB2 /* LaunchScreen.storyboard in Resources */ = {isa = PBXBuildFile; fileRef = B84BC1E42C77DA4000C38BB2 /* LaunchScreen.storyboard */; };
		B88BDA882BF6BC0200E17268 /* Assets.xcassets in Resources */ = {isa = PBXBuildFile; fileRef = B88BDA872BF6BC0200E17268 /* Assets.xcassets */; };
		B894CE162C7FB54700D0D18B /* AppFeature in Frameworks */ = {isa = PBXBuildFile; productRef = B894CE152C7FB54700D0D18B /* AppFeature */; };
		B8AB63C02AA49F6100F2CEFF /* SafariWebExtensionHandler.swift in Sources */ = {isa = PBXBuildFile; fileRef = B8AB63BF2AA49F6100F2CEFF /* SafariWebExtensionHandler.swift */; };
		B8AB63C32AA49F6100F2CEFF /* _locales in Resources */ = {isa = PBXBuildFile; fileRef = B8AB63C22AA49F6100F2CEFF /* _locales */; };
		B8AB63C52AA49F6100F2CEFF /* images in Resources */ = {isa = PBXBuildFile; fileRef = B8AB63C42AA49F6100F2CEFF /* images */; };
		B8AB63C72AA49F6100F2CEFF /* manifest.json in Resources */ = {isa = PBXBuildFile; fileRef = B8AB63C62AA49F6100F2CEFF /* manifest.json */; };
		B8AB63CB2AA49F6100F2CEFF /* content.js in Resources */ = {isa = PBXBuildFile; fileRef = B8AB63CA2AA49F6100F2CEFF /* content.js */; };
		B8AB63D52AA49F6100F2CEFF /* OpenInAppExtension.appex in Embed Foundation Extensions */ = {isa = PBXBuildFile; fileRef = B8AB63BD2AA49F6100F2CEFF /* OpenInAppExtension.appex */; settings = {ATTRIBUTES = (RemoveHeadersOnCopy, ); }; };
		B8DEB2222BAB81CC00AD97C6 /* App.swift in Sources */ = {isa = PBXBuildFile; fileRef = B8DEB2212BAB81CC00AD97C6 /* App.swift */; };
/* End PBXBuildFile section */

/* Begin PBXContainerItemProxy section */
		B8AB63D32AA49F6100F2CEFF /* PBXContainerItemProxy */ = {
			isa = PBXContainerItemProxy;
			containerPortal = B8D351ED293CABB6008A84EA /* Project object */;
			proxyType = 1;
			remoteGlobalIDString = B8AB63BC2AA49F6100F2CEFF;
			remoteInfo = OpenInAppExtension;
		};
/* End PBXContainerItemProxy section */

/* Begin PBXCopyFilesBuildPhase section */
		B8A85A962AA10CF500EDFE58 /* Embed Foundation Extensions */ = {
			isa = PBXCopyFilesBuildPhase;
			buildActionMask = 2147483647;
			dstPath = "";
			dstSubfolderSpec = 13;
			files = (
				B8AB63D52AA49F6100F2CEFF /* OpenInAppExtension.appex in Embed Foundation Extensions */,
			);
			name = "Embed Foundation Extensions";
			runOnlyForDeploymentPostprocessing = 0;
		};
/* End PBXCopyFilesBuildPhase section */

/* Begin PBXFileReference section */
		B8133B4A2C7FA3C800506430 /* Packages */ = {isa = PBXFileReference; lastKnownFileType = wrapper; path = Packages; sourceTree = "<group>"; };
		B82B2EFE2A8942E900CB067C /* Info.plist */ = {isa = PBXFileReference; fileEncoding = 4; lastKnownFileType = text.plist.xml; path = Info.plist; sourceTree = "<group>"; };
		B82D8D702D1CB03500784698 /* IconAnimator.swift */ = {isa = PBXFileReference; lastKnownFileType = sourcecode.swift; path = IconAnimator.swift; sourceTree = "<group>"; };
		B83907412D1DF26A00153557 /* AnimatedIcon000.png */ = {isa = PBXFileReference; lastKnownFileType = image.png; path = AnimatedIcon000.png; sourceTree = "<group>"; };
		B83907422D1DF26A00153557 /* AnimatedIcon001.png */ = {isa = PBXFileReference; lastKnownFileType = image.png; path = AnimatedIcon001.png; sourceTree = "<group>"; };
		B83907432D1DF26A00153557 /* AnimatedIcon002.png */ = {isa = PBXFileReference; lastKnownFileType = image.png; path = AnimatedIcon002.png; sourceTree = "<group>"; };
		B83907442D1DF26A00153557 /* AnimatedIcon003.png */ = {isa = PBXFileReference; lastKnownFileType = image.png; path = AnimatedIcon003.png; sourceTree = "<group>"; };
		B83907452D1DF26A00153557 /* AnimatedIcon004.png */ = {isa = PBXFileReference; lastKnownFileType = image.png; path = AnimatedIcon004.png; sourceTree = "<group>"; };
		B83907462D1DF26A00153557 /* AnimatedIcon005.png */ = {isa = PBXFileReference; lastKnownFileType = image.png; path = AnimatedIcon005.png; sourceTree = "<group>"; };
		B83907472D1DF26A00153557 /* AnimatedIcon006.png */ = {isa = PBXFileReference; lastKnownFileType = image.png; path = AnimatedIcon006.png; sourceTree = "<group>"; };
		B83907482D1DF26A00153557 /* AnimatedIcon007.png */ = {isa = PBXFileReference; lastKnownFileType = image.png; path = AnimatedIcon007.png; sourceTree = "<group>"; };
		B83907492D1DF26A00153557 /* AnimatedIcon008.png */ = {isa = PBXFileReference; lastKnownFileType = image.png; path = AnimatedIcon008.png; sourceTree = "<group>"; };
		B839074A2D1DF26A00153557 /* AnimatedIcon009.png */ = {isa = PBXFileReference; lastKnownFileType = image.png; path = AnimatedIcon009.png; sourceTree = "<group>"; };
		B839074B2D1DF26A00153557 /* AnimatedIcon010.png */ = {isa = PBXFileReference; lastKnownFileType = image.png; path = AnimatedIcon010.png; sourceTree = "<group>"; };
		B839074C2D1DF26A00153557 /* AnimatedIcon011.png */ = {isa = PBXFileReference; lastKnownFileType = image.png; path = AnimatedIcon011.png; sourceTree = "<group>"; };
		B839074D2D1DF26A00153557 /* AnimatedIcon012.png */ = {isa = PBXFileReference; lastKnownFileType = image.png; path = AnimatedIcon012.png; sourceTree = "<group>"; };
		B839074E2D1DF26A00153557 /* AnimatedIcon013.png */ = {isa = PBXFileReference; lastKnownFileType = image.png; path = AnimatedIcon013.png; sourceTree = "<group>"; };
		B839074F2D1DF26A00153557 /* AnimatedIcon014.png */ = {isa = PBXFileReference; lastKnownFileType = image.png; path = AnimatedIcon014.png; sourceTree = "<group>"; };
		B83907502D1DF26A00153557 /* AnimatedIcon015.png */ = {isa = PBXFileReference; lastKnownFileType = image.png; path = AnimatedIcon015.png; sourceTree = "<group>"; };
		B83907512D1DF26A00153557 /* AnimatedIcon016.png */ = {isa = PBXFileReference; lastKnownFileType = image.png; path = AnimatedIcon016.png; sourceTree = "<group>"; };
		B83907522D1DF26A00153557 /* AnimatedIcon017.png */ = {isa = PBXFileReference; lastKnownFileType = image.png; path = AnimatedIcon017.png; sourceTree = "<group>"; };
		B83907532D1DF26A00153557 /* AnimatedIcon018.png */ = {isa = PBXFileReference; lastKnownFileType = image.png; path = AnimatedIcon018.png; sourceTree = "<group>"; };
		B83907542D1DF26A00153557 /* AnimatedIcon019.png */ = {isa = PBXFileReference; lastKnownFileType = image.png; path = AnimatedIcon019.png; sourceTree = "<group>"; };
		B83907552D1DF26A00153557 /* AnimatedIcon020.png */ = {isa = PBXFileReference; lastKnownFileType = image.png; path = AnimatedIcon020.png; sourceTree = "<group>"; };
		B83907562D1DF26A00153557 /* AnimatedIcon021.png */ = {isa = PBXFileReference; lastKnownFileType = image.png; path = AnimatedIcon021.png; sourceTree = "<group>"; };
		B83907572D1DF26A00153557 /* AnimatedIcon022.png */ = {isa = PBXFileReference; lastKnownFileType = image.png; path = AnimatedIcon022.png; sourceTree = "<group>"; };
		B83907582D1DF26A00153557 /* AnimatedIcon023.png */ = {isa = PBXFileReference; lastKnownFileType = image.png; path = AnimatedIcon023.png; sourceTree = "<group>"; };
		B83907592D1DF26A00153557 /* AnimatedIcon024.png */ = {isa = PBXFileReference; lastKnownFileType = image.png; path = AnimatedIcon024.png; sourceTree = "<group>"; };
		B839075A2D1DF26A00153557 /* AnimatedIcon025.png */ = {isa = PBXFileReference; lastKnownFileType = image.png; path = AnimatedIcon025.png; sourceTree = "<group>"; };
		B839075B2D1DF26A00153557 /* AnimatedIcon026.png */ = {isa = PBXFileReference; lastKnownFileType = image.png; path = AnimatedIcon026.png; sourceTree = "<group>"; };
		B839075C2D1DF26A00153557 /* AnimatedIcon027.png */ = {isa = PBXFileReference; lastKnownFileType = image.png; path = AnimatedIcon027.png; sourceTree = "<group>"; };
		B839075D2D1DF26A00153557 /* AnimatedIcon028.png */ = {isa = PBXFileReference; lastKnownFileType = image.png; path = AnimatedIcon028.png; sourceTree = "<group>"; };
		B839075E2D1DF26A00153557 /* AnimatedIcon029.png */ = {isa = PBXFileReference; lastKnownFileType = image.png; path = AnimatedIcon029.png; sourceTree = "<group>"; };
		B839075F2D1DF26A00153557 /* AnimatedIcon030.png */ = {isa = PBXFileReference; lastKnownFileType = image.png; path = AnimatedIcon030.png; sourceTree = "<group>"; };
		B83907602D1DF26A00153557 /* AnimatedIcon031.png */ = {isa = PBXFileReference; lastKnownFileType = image.png; path = AnimatedIcon031.png; sourceTree = "<group>"; };
		B83907612D1DF26A00153557 /* AnimatedIcon032.png */ = {isa = PBXFileReference; lastKnownFileType = image.png; path = AnimatedIcon032.png; sourceTree = "<group>"; };
		B83907622D1DF26A00153557 /* AnimatedIcon033.png */ = {isa = PBXFileReference; lastKnownFileType = image.png; path = AnimatedIcon033.png; sourceTree = "<group>"; };
		B83907632D1DF26A00153557 /* AnimatedIcon034.png */ = {isa = PBXFileReference; lastKnownFileType = image.png; path = AnimatedIcon034.png; sourceTree = "<group>"; };
		B83907642D1DF26A00153557 /* AnimatedIcon035.png */ = {isa = PBXFileReference; lastKnownFileType = image.png; path = AnimatedIcon035.png; sourceTree = "<group>"; };
		B83907652D1DF26A00153557 /* AnimatedIcon036.png */ = {isa = PBXFileReference; lastKnownFileType = image.png; path = AnimatedIcon036.png; sourceTree = "<group>"; };
		B83907662D1DF26A00153557 /* AnimatedIcon037.png */ = {isa = PBXFileReference; lastKnownFileType = image.png; path = AnimatedIcon037.png; sourceTree = "<group>"; };
		B83907672D1DF26A00153557 /* AnimatedIcon038.png */ = {isa = PBXFileReference; lastKnownFileType = image.png; path = AnimatedIcon038.png; sourceTree = "<group>"; };
		B83907682D1DF26A00153557 /* AnimatedIcon039.png */ = {isa = PBXFileReference; lastKnownFileType = image.png; path = AnimatedIcon039.png; sourceTree = "<group>"; };
		B83907692D1DF26A00153557 /* AnimatedIcon040.png */ = {isa = PBXFileReference; lastKnownFileType = image.png; path = AnimatedIcon040.png; sourceTree = "<group>"; };
		B839076A2D1DF26A00153557 /* AnimatedIcon041.png */ = {isa = PBXFileReference; lastKnownFileType = image.png; path = AnimatedIcon041.png; sourceTree = "<group>"; };
		B839076B2D1DF26A00153557 /* AnimatedIcon042.png */ = {isa = PBXFileReference; lastKnownFileType = image.png; path = AnimatedIcon042.png; sourceTree = "<group>"; };
		B839076C2D1DF26A00153557 /* AnimatedIcon043.png */ = {isa = PBXFileReference; lastKnownFileType = image.png; path = AnimatedIcon043.png; sourceTree = "<group>"; };
		B839076D2D1DF26A00153557 /* AnimatedIcon044.png */ = {isa = PBXFileReference; lastKnownFileType = image.png; path = AnimatedIcon044.png; sourceTree = "<group>"; };
		B839076E2D1DF26A00153557 /* AnimatedIcon045.png */ = {isa = PBXFileReference; lastKnownFileType = image.png; path = AnimatedIcon045.png; sourceTree = "<group>"; };
		B839076F2D1DF26A00153557 /* AnimatedIcon046.png */ = {isa = PBXFileReference; lastKnownFileType = image.png; path = AnimatedIcon046.png; sourceTree = "<group>"; };
		B83907702D1DF26A00153557 /* AnimatedIcon047.png */ = {isa = PBXFileReference; lastKnownFileType = image.png; path = AnimatedIcon047.png; sourceTree = "<group>"; };
		B83907712D1DF26A00153557 /* AnimatedIcon048.png */ = {isa = PBXFileReference; lastKnownFileType = image.png; path = AnimatedIcon048.png; sourceTree = "<group>"; };
		B83907722D1DF26A00153557 /* AnimatedIcon049.png */ = {isa = PBXFileReference; lastKnownFileType = image.png; path = AnimatedIcon049.png; sourceTree = "<group>"; };
		B83907732D1DF26A00153557 /* AnimatedIcon050.png */ = {isa = PBXFileReference; lastKnownFileType = image.png; path = AnimatedIcon050.png; sourceTree = "<group>"; };
		B83907742D1DF26A00153557 /* AnimatedIcon051.png */ = {isa = PBXFileReference; lastKnownFileType = image.png; path = AnimatedIcon051.png; sourceTree = "<group>"; };
		B83907752D1DF26A00153557 /* AnimatedIcon052.png */ = {isa = PBXFileReference; lastKnownFileType = image.png; path = AnimatedIcon052.png; sourceTree = "<group>"; };
		B83907762D1DF26A00153557 /* AnimatedIcon053.png */ = {isa = PBXFileReference; lastKnownFileType = image.png; path = AnimatedIcon053.png; sourceTree = "<group>"; };
		B83907772D1DF26A00153557 /* AnimatedIcon054.png */ = {isa = PBXFileReference; lastKnownFileType = image.png; path = AnimatedIcon054.png; sourceTree = "<group>"; };
		B83907782D1DF26A00153557 /* AnimatedIcon055.png */ = {isa = PBXFileReference; lastKnownFileType = image.png; path = AnimatedIcon055.png; sourceTree = "<group>"; };
		B83907792D1DF26A00153557 /* AnimatedIcon056.png */ = {isa = PBXFileReference; lastKnownFileType = image.png; path = AnimatedIcon056.png; sourceTree = "<group>"; };
		B839077A2D1DF26A00153557 /* AnimatedIcon057.png */ = {isa = PBXFileReference; lastKnownFileType = image.png; path = AnimatedIcon057.png; sourceTree = "<group>"; };
		B839077B2D1DF26A00153557 /* AnimatedIcon058.png */ = {isa = PBXFileReference; lastKnownFileType = image.png; path = AnimatedIcon058.png; sourceTree = "<group>"; };
		B839077C2D1DF26A00153557 /* AnimatedIcon059.png */ = {isa = PBXFileReference; lastKnownFileType = image.png; path = AnimatedIcon059.png; sourceTree = "<group>"; };
		B839077D2D1DF26A00153557 /* AnimatedIcon060.png */ = {isa = PBXFileReference; lastKnownFileType = image.png; path = AnimatedIcon060.png; sourceTree = "<group>"; };
		B839077E2D1DF26A00153557 /* AnimatedIcon061.png */ = {isa = PBXFileReference; lastKnownFileType = image.png; path = AnimatedIcon061.png; sourceTree = "<group>"; };
		B839077F2D1DF26A00153557 /* AnimatedIcon062.png */ = {isa = PBXFileReference; lastKnownFileType = image.png; path = AnimatedIcon062.png; sourceTree = "<group>"; };
		B83907802D1DF26A00153557 /* AnimatedIcon063.png */ = {isa = PBXFileReference; lastKnownFileType = image.png; path = AnimatedIcon063.png; sourceTree = "<group>"; };
		B83907812D1DF26A00153557 /* AnimatedIcon064.png */ = {isa = PBXFileReference; lastKnownFileType = image.png; path = AnimatedIcon064.png; sourceTree = "<group>"; };
		B83907822D1DF26A00153557 /* AnimatedIcon065.png */ = {isa = PBXFileReference; lastKnownFileType = image.png; path = AnimatedIcon065.png; sourceTree = "<group>"; };
		B83907832D1DF26A00153557 /* AnimatedIcon066.png */ = {isa = PBXFileReference; lastKnownFileType = image.png; path = AnimatedIcon066.png; sourceTree = "<group>"; };
		B83907842D1DF26A00153557 /* AnimatedIcon067.png */ = {isa = PBXFileReference; lastKnownFileType = image.png; path = AnimatedIcon067.png; sourceTree = "<group>"; };
		B83907852D1DF26A00153557 /* AnimatedIcon068.png */ = {isa = PBXFileReference; lastKnownFileType = image.png; path = AnimatedIcon068.png; sourceTree = "<group>"; };
		B83907862D1DF26A00153557 /* AnimatedIcon069.png */ = {isa = PBXFileReference; lastKnownFileType = image.png; path = AnimatedIcon069.png; sourceTree = "<group>"; };
		B83907872D1DF26A00153557 /* AnimatedIcon070.png */ = {isa = PBXFileReference; lastKnownFileType = image.png; path = AnimatedIcon070.png; sourceTree = "<group>"; };
		B83907882D1DF26A00153557 /* AnimatedIcon071.png */ = {isa = PBXFileReference; lastKnownFileType = image.png; path = AnimatedIcon071.png; sourceTree = "<group>"; };
		B83907892D1DF26A00153557 /* AnimatedIcon072.png */ = {isa = PBXFileReference; lastKnownFileType = image.png; path = AnimatedIcon072.png; sourceTree = "<group>"; };
		B839078A2D1DF26A00153557 /* AnimatedIcon073.png */ = {isa = PBXFileReference; lastKnownFileType = image.png; path = AnimatedIcon073.png; sourceTree = "<group>"; };
		B839078B2D1DF26A00153557 /* AnimatedIcon074.png */ = {isa = PBXFileReference; lastKnownFileType = image.png; path = AnimatedIcon074.png; sourceTree = "<group>"; };
		B839078C2D1DF26A00153557 /* AnimatedIcon075.png */ = {isa = PBXFileReference; lastKnownFileType = image.png; path = AnimatedIcon075.png; sourceTree = "<group>"; };
		B839078D2D1DF26A00153557 /* AnimatedIcon076.png */ = {isa = PBXFileReference; lastKnownFileType = image.png; path = AnimatedIcon076.png; sourceTree = "<group>"; };
		B839078E2D1DF26A00153557 /* AnimatedIcon077.png */ = {isa = PBXFileReference; lastKnownFileType = image.png; path = AnimatedIcon077.png; sourceTree = "<group>"; };
		B839078F2D1DF26A00153557 /* AnimatedIcon078.png */ = {isa = PBXFileReference; lastKnownFileType = image.png; path = AnimatedIcon078.png; sourceTree = "<group>"; };
		B83907902D1DF26A00153557 /* AnimatedIcon079.png */ = {isa = PBXFileReference; lastKnownFileType = image.png; path = AnimatedIcon079.png; sourceTree = "<group>"; };
		B83907912D1DF26A00153557 /* AnimatedIcon080.png */ = {isa = PBXFileReference; lastKnownFileType = image.png; path = AnimatedIcon080.png; sourceTree = "<group>"; };
		B83907922D1DF26A00153557 /* AnimatedIcon081.png */ = {isa = PBXFileReference; lastKnownFileType = image.png; path = AnimatedIcon081.png; sourceTree = "<group>"; };
		B83907932D1DF26A00153557 /* AnimatedIcon082.png */ = {isa = PBXFileReference; lastKnownFileType = image.png; path = AnimatedIcon082.png; sourceTree = "<group>"; };
		B83907942D1DF26A00153557 /* AnimatedIcon083.png */ = {isa = PBXFileReference; lastKnownFileType = image.png; path = AnimatedIcon083.png; sourceTree = "<group>"; };
		B83907952D1DF26A00153557 /* AnimatedIcon084.png */ = {isa = PBXFileReference; lastKnownFileType = image.png; path = AnimatedIcon084.png; sourceTree = "<group>"; };
		B83907962D1DF26A00153557 /* AnimatedIcon085.png */ = {isa = PBXFileReference; lastKnownFileType = image.png; path = AnimatedIcon085.png; sourceTree = "<group>"; };
		B83907972D1DF26A00153557 /* AnimatedIcon086.png */ = {isa = PBXFileReference; lastKnownFileType = image.png; path = AnimatedIcon086.png; sourceTree = "<group>"; };
		B83907982D1DF26A00153557 /* AnimatedIcon087.png */ = {isa = PBXFileReference; lastKnownFileType = image.png; path = AnimatedIcon087.png; sourceTree = "<group>"; };
		B83907992D1DF26A00153557 /* AnimatedIcon088.png */ = {isa = PBXFileReference; lastKnownFileType = image.png; path = AnimatedIcon088.png; sourceTree = "<group>"; };
		B839079A2D1DF26A00153557 /* AnimatedIcon089.png */ = {isa = PBXFileReference; lastKnownFileType = image.png; path = AnimatedIcon089.png; sourceTree = "<group>"; };
		B84BC1E42C77DA4000C38BB2 /* LaunchScreen.storyboard */ = {isa = PBXFileReference; lastKnownFileType = file.storyboard; path = LaunchScreen.storyboard; sourceTree = "<group>"; };
		B88BDA872BF6BC0200E17268 /* Assets.xcassets */ = {isa = PBXFileReference; lastKnownFileType = folder.assetcatalog; path = Assets.xcassets; sourceTree = "<group>"; };
		B8AB63BD2AA49F6100F2CEFF /* OpenInAppExtension.appex */ = {isa = PBXFileReference; explicitFileType = "wrapper.app-extension"; includeInIndex = 0; path = OpenInAppExtension.appex; sourceTree = BUILT_PRODUCTS_DIR; };
		B8AB63BF2AA49F6100F2CEFF /* SafariWebExtensionHandler.swift */ = {isa = PBXFileReference; lastKnownFileType = sourcecode.swift; path = SafariWebExtensionHandler.swift; sourceTree = "<group>"; };
		B8AB63C22AA49F6100F2CEFF /* _locales */ = {isa = PBXFileReference; lastKnownFileType = folder; path = _locales; sourceTree = "<group>"; };
		B8AB63C42AA49F6100F2CEFF /* images */ = {isa = PBXFileReference; lastKnownFileType = folder; path = images; sourceTree = "<group>"; };
		B8AB63C62AA49F6100F2CEFF /* manifest.json */ = {isa = PBXFileReference; lastKnownFileType = text.json; path = manifest.json; sourceTree = "<group>"; };
		B8AB63CA2AA49F6100F2CEFF /* content.js */ = {isa = PBXFileReference; lastKnownFileType = sourcecode.javascript; path = content.js; sourceTree = "<group>"; };
		B8AB63D22AA49F6100F2CEFF /* Info.plist */ = {isa = PBXFileReference; lastKnownFileType = text.plist.xml; path = Info.plist; sourceTree = "<group>"; };
		B8D351F5293CABB6008A84EA /* ForPDA.app */ = {isa = PBXFileReference; explicitFileType = wrapper.application; includeInIndex = 0; path = ForPDA.app; sourceTree = BUILT_PRODUCTS_DIR; };
		B8DEB2212BAB81CC00AD97C6 /* App.swift */ = {isa = PBXFileReference; lastKnownFileType = sourcecode.swift; path = App.swift; sourceTree = "<group>"; };
/* End PBXFileReference section */

/* Begin PBXFileSystemSynchronizedRootGroup section */
		13C9F9FA2CADCDFF003280F3 /* Fonts */ = {
			isa = PBXFileSystemSynchronizedRootGroup;
			exceptions = (
			);
			explicitFileTypes = {
			};
			explicitFolders = (
			);
			path = Fonts;
			sourceTree = "<group>";
		};
/* End PBXFileSystemSynchronizedRootGroup section */

/* Begin PBXFrameworksBuildPhase section */
		B8AB63BA2AA49F6100F2CEFF /* Frameworks */ = {
			isa = PBXFrameworksBuildPhase;
			buildActionMask = 2147483647;
			files = (
			);
			runOnlyForDeploymentPostprocessing = 0;
		};
		B8D351F2293CABB6008A84EA /* Frameworks */ = {
			isa = PBXFrameworksBuildPhase;
			buildActionMask = 2147483647;
			files = (
				B894CE162C7FB54700D0D18B /* AppFeature in Frameworks */,
			);
			runOnlyForDeploymentPostprocessing = 0;
		};
/* End PBXFrameworksBuildPhase section */

/* Begin PBXGroup section */
		B82D8D732D1CB03500784698 /* Icons */ = {
			isa = PBXGroup;
			children = (
				B82D8D702D1CB03500784698 /* IconAnimator.swift */,
				B83907412D1DF26A00153557 /* AnimatedIcon000.png */,
				B83907422D1DF26A00153557 /* AnimatedIcon001.png */,
				B83907432D1DF26A00153557 /* AnimatedIcon002.png */,
				B83907442D1DF26A00153557 /* AnimatedIcon003.png */,
				B83907452D1DF26A00153557 /* AnimatedIcon004.png */,
				B83907462D1DF26A00153557 /* AnimatedIcon005.png */,
				B83907472D1DF26A00153557 /* AnimatedIcon006.png */,
				B83907482D1DF26A00153557 /* AnimatedIcon007.png */,
				B83907492D1DF26A00153557 /* AnimatedIcon008.png */,
				B839074A2D1DF26A00153557 /* AnimatedIcon009.png */,
				B839074B2D1DF26A00153557 /* AnimatedIcon010.png */,
				B839074C2D1DF26A00153557 /* AnimatedIcon011.png */,
				B839074D2D1DF26A00153557 /* AnimatedIcon012.png */,
				B839074E2D1DF26A00153557 /* AnimatedIcon013.png */,
				B839074F2D1DF26A00153557 /* AnimatedIcon014.png */,
				B83907502D1DF26A00153557 /* AnimatedIcon015.png */,
				B83907512D1DF26A00153557 /* AnimatedIcon016.png */,
				B83907522D1DF26A00153557 /* AnimatedIcon017.png */,
				B83907532D1DF26A00153557 /* AnimatedIcon018.png */,
				B83907542D1DF26A00153557 /* AnimatedIcon019.png */,
				B83907552D1DF26A00153557 /* AnimatedIcon020.png */,
				B83907562D1DF26A00153557 /* AnimatedIcon021.png */,
				B83907572D1DF26A00153557 /* AnimatedIcon022.png */,
				B83907582D1DF26A00153557 /* AnimatedIcon023.png */,
				B83907592D1DF26A00153557 /* AnimatedIcon024.png */,
				B839075A2D1DF26A00153557 /* AnimatedIcon025.png */,
				B839075B2D1DF26A00153557 /* AnimatedIcon026.png */,
				B839075C2D1DF26A00153557 /* AnimatedIcon027.png */,
				B839075D2D1DF26A00153557 /* AnimatedIcon028.png */,
				B839075E2D1DF26A00153557 /* AnimatedIcon029.png */,
				B839075F2D1DF26A00153557 /* AnimatedIcon030.png */,
				B83907602D1DF26A00153557 /* AnimatedIcon031.png */,
				B83907612D1DF26A00153557 /* AnimatedIcon032.png */,
				B83907622D1DF26A00153557 /* AnimatedIcon033.png */,
				B83907632D1DF26A00153557 /* AnimatedIcon034.png */,
				B83907642D1DF26A00153557 /* AnimatedIcon035.png */,
				B83907652D1DF26A00153557 /* AnimatedIcon036.png */,
				B83907662D1DF26A00153557 /* AnimatedIcon037.png */,
				B83907672D1DF26A00153557 /* AnimatedIcon038.png */,
				B83907682D1DF26A00153557 /* AnimatedIcon039.png */,
				B83907692D1DF26A00153557 /* AnimatedIcon040.png */,
				B839076A2D1DF26A00153557 /* AnimatedIcon041.png */,
				B839076B2D1DF26A00153557 /* AnimatedIcon042.png */,
				B839076C2D1DF26A00153557 /* AnimatedIcon043.png */,
				B839076D2D1DF26A00153557 /* AnimatedIcon044.png */,
				B839076E2D1DF26A00153557 /* AnimatedIcon045.png */,
				B839076F2D1DF26A00153557 /* AnimatedIcon046.png */,
				B83907702D1DF26A00153557 /* AnimatedIcon047.png */,
				B83907712D1DF26A00153557 /* AnimatedIcon048.png */,
				B83907722D1DF26A00153557 /* AnimatedIcon049.png */,
				B83907732D1DF26A00153557 /* AnimatedIcon050.png */,
				B83907742D1DF26A00153557 /* AnimatedIcon051.png */,
				B83907752D1DF26A00153557 /* AnimatedIcon052.png */,
				B83907762D1DF26A00153557 /* AnimatedIcon053.png */,
				B83907772D1DF26A00153557 /* AnimatedIcon054.png */,
				B83907782D1DF26A00153557 /* AnimatedIcon055.png */,
				B83907792D1DF26A00153557 /* AnimatedIcon056.png */,
				B839077A2D1DF26A00153557 /* AnimatedIcon057.png */,
				B839077B2D1DF26A00153557 /* AnimatedIcon058.png */,
				B839077C2D1DF26A00153557 /* AnimatedIcon059.png */,
				B839077D2D1DF26A00153557 /* AnimatedIcon060.png */,
				B839077E2D1DF26A00153557 /* AnimatedIcon061.png */,
				B839077F2D1DF26A00153557 /* AnimatedIcon062.png */,
				B83907802D1DF26A00153557 /* AnimatedIcon063.png */,
				B83907812D1DF26A00153557 /* AnimatedIcon064.png */,
				B83907822D1DF26A00153557 /* AnimatedIcon065.png */,
				B83907832D1DF26A00153557 /* AnimatedIcon066.png */,
				B83907842D1DF26A00153557 /* AnimatedIcon067.png */,
				B83907852D1DF26A00153557 /* AnimatedIcon068.png */,
				B83907862D1DF26A00153557 /* AnimatedIcon069.png */,
				B83907872D1DF26A00153557 /* AnimatedIcon070.png */,
				B83907882D1DF26A00153557 /* AnimatedIcon071.png */,
				B83907892D1DF26A00153557 /* AnimatedIcon072.png */,
				B839078A2D1DF26A00153557 /* AnimatedIcon073.png */,
				B839078B2D1DF26A00153557 /* AnimatedIcon074.png */,
				B839078C2D1DF26A00153557 /* AnimatedIcon075.png */,
				B839078D2D1DF26A00153557 /* AnimatedIcon076.png */,
				B839078E2D1DF26A00153557 /* AnimatedIcon077.png */,
				B839078F2D1DF26A00153557 /* AnimatedIcon078.png */,
				B83907902D1DF26A00153557 /* AnimatedIcon079.png */,
				B83907912D1DF26A00153557 /* AnimatedIcon080.png */,
				B83907922D1DF26A00153557 /* AnimatedIcon081.png */,
				B83907932D1DF26A00153557 /* AnimatedIcon082.png */,
				B83907942D1DF26A00153557 /* AnimatedIcon083.png */,
				B83907952D1DF26A00153557 /* AnimatedIcon084.png */,
				B83907962D1DF26A00153557 /* AnimatedIcon085.png */,
				B83907972D1DF26A00153557 /* AnimatedIcon086.png */,
				B83907982D1DF26A00153557 /* AnimatedIcon087.png */,
				B83907992D1DF26A00153557 /* AnimatedIcon088.png */,
				B839079A2D1DF26A00153557 /* AnimatedIcon089.png */,
			);
			path = Icons;
			sourceTree = "<group>";
		};
		B8AB63BE2AA49F6100F2CEFF /* OpenInAppExtension */ = {
			isa = PBXGroup;
			children = (
				B8AB63BF2AA49F6100F2CEFF /* SafariWebExtensionHandler.swift */,
				B8AB63D22AA49F6100F2CEFF /* Info.plist */,
				B8AB63C12AA49F6100F2CEFF /* Resources */,
			);
			path = OpenInAppExtension;
			sourceTree = "<group>";
		};
		B8AB63C12AA49F6100F2CEFF /* Resources */ = {
			isa = PBXGroup;
			children = (
				B8AB63C22AA49F6100F2CEFF /* _locales */,
				B8AB63C42AA49F6100F2CEFF /* images */,
				B8AB63C62AA49F6100F2CEFF /* manifest.json */,
				B8AB63CA2AA49F6100F2CEFF /* content.js */,
			);
			path = Resources;
			sourceTree = "<group>";
		};
		B8D351EC293CABB6008A84EA = {
			isa = PBXGroup;
			children = (
				B8D351F7293CABB6008A84EA /* App */,
				B8133B4A2C7FA3C800506430 /* Packages */,
				B8AB63BE2AA49F6100F2CEFF /* OpenInAppExtension */,
				B8D351F6293CABB6008A84EA /* Products */,
			);
			sourceTree = "<group>";
		};
		B8D351F6293CABB6008A84EA /* Products */ = {
			isa = PBXGroup;
			children = (
				B8D351F5293CABB6008A84EA /* ForPDA.app */,
				B8AB63BD2AA49F6100F2CEFF /* OpenInAppExtension.appex */,
			);
			name = Products;
			sourceTree = "<group>";
		};
		B8D351F7293CABB6008A84EA /* App */ = {
			isa = PBXGroup;
			children = (
				B82D8D732D1CB03500784698 /* Icons */,
				13C9F9FA2CADCDFF003280F3 /* Fonts */,
				B8DEB2212BAB81CC00AD97C6 /* App.swift */,
				B88BDA872BF6BC0200E17268 /* Assets.xcassets */,
				B84BC1E42C77DA4000C38BB2 /* LaunchScreen.storyboard */,
				B82B2EFE2A8942E900CB067C /* Info.plist */,
			);
			path = App;
			sourceTree = "<group>";
		};
/* End PBXGroup section */

/* Begin PBXNativeTarget section */
		B8AB63BC2AA49F6100F2CEFF /* OpenInAppExtension */ = {
			isa = PBXNativeTarget;
			buildConfigurationList = B8AB63D62AA49F6100F2CEFF /* Build configuration list for PBXNativeTarget "OpenInAppExtension" */;
			buildPhases = (
				B8AB63B92AA49F6100F2CEFF /* Sources */,
				B8AB63BA2AA49F6100F2CEFF /* Frameworks */,
				B8AB63BB2AA49F6100F2CEFF /* Resources */,
			);
			buildRules = (
			);
			dependencies = (
			);
			name = OpenInAppExtension;
			productName = OpenInAppExtension;
			productReference = B8AB63BD2AA49F6100F2CEFF /* OpenInAppExtension.appex */;
			productType = "com.apple.product-type.app-extension";
		};
		B8D351F4293CABB6008A84EA /* ForPDA */ = {
			isa = PBXNativeTarget;
			buildConfigurationList = B8D35209293CABB7008A84EA /* Build configuration list for PBXNativeTarget "ForPDA" */;
			buildPhases = (
				B8D351F1293CABB6008A84EA /* Sources */,
				B8D351F2293CABB6008A84EA /* Frameworks */,
				B8D351F3293CABB6008A84EA /* Resources */,
				B8A85A962AA10CF500EDFE58 /* Embed Foundation Extensions */,
				B869B55B2AE4AFA6008A4B7E /* Swiftlint */,
			);
			buildRules = (
			);
			dependencies = (
				B8AB63D42AA49F6100F2CEFF /* PBXTargetDependency */,
			);
			fileSystemSynchronizedGroups = (
				13C9F9FA2CADCDFF003280F3 /* Fonts */,
			);
			name = ForPDA;
			packageProductDependencies = (
				B894CE152C7FB54700D0D18B /* AppFeature */,
			);
			productName = ForPDA;
			productReference = B8D351F5293CABB6008A84EA /* ForPDA.app */;
			productType = "com.apple.product-type.application";
		};
/* End PBXNativeTarget section */

/* Begin PBXProject section */
		B8D351ED293CABB6008A84EA /* Project object */ = {
			isa = PBXProject;
			attributes = {
				BuildIndependentTargetsInParallel = 1;
				LastSwiftUpdateCheck = 1430;
				LastUpgradeCheck = 1600;
				TargetAttributes = {
					B8AB63BC2AA49F6100F2CEFF = {
						CreatedOnToolsVersion = 14.3.1;
					};
					B8D351F4293CABB6008A84EA = {
						CreatedOnToolsVersion = 14.1;
					};
				};
			};
			buildConfigurationList = B8D351F0293CABB6008A84EA /* Build configuration list for PBXProject "ForPDA" */;
			compatibilityVersion = "Xcode 14.0";
			developmentRegion = en;
			hasScannedForEncodings = 0;
			knownRegions = (
				en,
				Base,
				ru,
			);
			mainGroup = B8D351EC293CABB6008A84EA;
			productRefGroup = B8D351F6293CABB6008A84EA /* Products */;
			projectDirPath = "";
			projectRoot = "";
			targets = (
				B8D351F4293CABB6008A84EA /* ForPDA */,
				B8AB63BC2AA49F6100F2CEFF /* OpenInAppExtension */,
			);
		};
/* End PBXProject section */

/* Begin PBXResourcesBuildPhase section */
		B8AB63BB2AA49F6100F2CEFF /* Resources */ = {
			isa = PBXResourcesBuildPhase;
			buildActionMask = 2147483647;
			files = (
				B8AB63C52AA49F6100F2CEFF /* images in Resources */,
				B8AB63C72AA49F6100F2CEFF /* manifest.json in Resources */,
				B8AB63C32AA49F6100F2CEFF /* _locales in Resources */,
				B8AB63CB2AA49F6100F2CEFF /* content.js in Resources */,
			);
			runOnlyForDeploymentPostprocessing = 0;
		};
		B8D351F3293CABB6008A84EA /* Resources */ = {
			isa = PBXResourcesBuildPhase;
			buildActionMask = 2147483647;
			files = (
				B8133B4B2C7FA3C800506430 /* Packages in Resources */,
				B84BC1E52C77DA4000C38BB2 /* LaunchScreen.storyboard in Resources */,
				B88BDA882BF6BC0200E17268 /* Assets.xcassets in Resources */,
				B839079B2D1DF26A00153557 /* AnimatedIcon080.png in Resources */,
				B839079C2D1DF26A00153557 /* AnimatedIcon088.png in Resources */,
				B839079D2D1DF26A00153557 /* AnimatedIcon089.png in Resources */,
				B839079E2D1DF26A00153557 /* AnimatedIcon049.png in Resources */,
				B839079F2D1DF26A00153557 /* AnimatedIcon033.png in Resources */,
				B83907A02D1DF26A00153557 /* AnimatedIcon005.png in Resources */,
				B83907A12D1DF26A00153557 /* AnimatedIcon041.png in Resources */,
				B83907A22D1DF26A00153557 /* AnimatedIcon001.png in Resources */,
				B83907A32D1DF26A00153557 /* AnimatedIcon047.png in Resources */,
				B83907A42D1DF26A00153557 /* AnimatedIcon002.png in Resources */,
				B83907A52D1DF26A00153557 /* AnimatedIcon055.png in Resources */,
				B83907A62D1DF26A00153557 /* AnimatedIcon016.png in Resources */,
				B83907A72D1DF26A00153557 /* AnimatedIcon046.png in Resources */,
				B83907A82D1DF26A00153557 /* AnimatedIcon068.png in Resources */,
				B83907A92D1DF26A00153557 /* AnimatedIcon064.png in Resources */,
				B83907AA2D1DF26A00153557 /* AnimatedIcon063.png in Resources */,
				B83907AB2D1DF26A00153557 /* AnimatedIcon067.png in Resources */,
				B83907AC2D1DF26A00153557 /* AnimatedIcon029.png in Resources */,
				B83907AD2D1DF26A00153557 /* AnimatedIcon054.png in Resources */,
				B83907AE2D1DF26A00153557 /* AnimatedIcon083.png in Resources */,
				B83907AF2D1DF26A00153557 /* AnimatedIcon020.png in Resources */,
				B83907B02D1DF26A00153557 /* AnimatedIcon052.png in Resources */,
				B83907B12D1DF26A00153557 /* AnimatedIcon053.png in Resources */,
				B83907B22D1DF26A00153557 /* AnimatedIcon010.png in Resources */,
				B83907B32D1DF26A00153557 /* AnimatedIcon007.png in Resources */,
				B83907B42D1DF26A00153557 /* AnimatedIcon076.png in Resources */,
				B83907B52D1DF26A00153557 /* AnimatedIcon050.png in Resources */,
				B83907B62D1DF26A00153557 /* AnimatedIcon074.png in Resources */,
				B83907B72D1DF26A00153557 /* AnimatedIcon022.png in Resources */,
				B83907B82D1DF26A00153557 /* AnimatedIcon070.png in Resources */,
				B83907B92D1DF26A00153557 /* AnimatedIcon017.png in Resources */,
				B83907BA2D1DF26A00153557 /* AnimatedIcon048.png in Resources */,
				B83907BB2D1DF26A00153557 /* AnimatedIcon009.png in Resources */,
				B83907BC2D1DF26A00153557 /* AnimatedIcon021.png in Resources */,
				B83907BD2D1DF26A00153557 /* AnimatedIcon037.png in Resources */,
				B83907BE2D1DF26A00153557 /* AnimatedIcon072.png in Resources */,
				B83907BF2D1DF26A00153557 /* AnimatedIcon018.png in Resources */,
				B83907C02D1DF26A00153557 /* AnimatedIcon038.png in Resources */,
				B83907C12D1DF26A00153557 /* AnimatedIcon003.png in Resources */,
				B83907C22D1DF26A00153557 /* AnimatedIcon006.png in Resources */,
				B83907C32D1DF26A00153557 /* AnimatedIcon030.png in Resources */,
				B83907C42D1DF26A00153557 /* AnimatedIcon035.png in Resources */,
				B83907C52D1DF26A00153557 /* AnimatedIcon019.png in Resources */,
				B83907C62D1DF26A00153557 /* AnimatedIcon044.png in Resources */,
				B83907C72D1DF26A00153557 /* AnimatedIcon057.png in Resources */,
				B83907C82D1DF26A00153557 /* AnimatedIcon058.png in Resources */,
				B83907C92D1DF26A00153557 /* AnimatedIcon086.png in Resources */,
				B83907CA2D1DF26A00153557 /* AnimatedIcon081.png in Resources */,
				B83907CB2D1DF26A00153557 /* AnimatedIcon008.png in Resources */,
				B83907CC2D1DF26A00153557 /* AnimatedIcon024.png in Resources */,
				B83907CD2D1DF26A00153557 /* AnimatedIcon060.png in Resources */,
				B83907CE2D1DF26A00153557 /* AnimatedIcon011.png in Resources */,
				B83907CF2D1DF26A00153557 /* AnimatedIcon034.png in Resources */,
				B83907D02D1DF26A00153557 /* AnimatedIcon059.png in Resources */,
				B83907D12D1DF26A00153557 /* AnimatedIcon036.png in Resources */,
				B83907D22D1DF26A00153557 /* AnimatedIcon028.png in Resources */,
				B83907D32D1DF26A00153557 /* AnimatedIcon065.png in Resources */,
				B83907D42D1DF26A00153557 /* AnimatedIcon075.png in Resources */,
				B83907D52D1DF26A00153557 /* AnimatedIcon087.png in Resources */,
				B83907D62D1DF26A00153557 /* AnimatedIcon040.png in Resources */,
				B83907D72D1DF26A00153557 /* AnimatedIcon032.png in Resources */,
				B83907D82D1DF26A00153557 /* AnimatedIcon079.png in Resources */,
				B83907D92D1DF26A00153557 /* AnimatedIcon061.png in Resources */,
				B83907DA2D1DF26A00153557 /* AnimatedIcon015.png in Resources */,
				B83907DB2D1DF26A00153557 /* AnimatedIcon023.png in Resources */,
				B83907DC2D1DF26A00153557 /* AnimatedIcon056.png in Resources */,
				B83907DD2D1DF26A00153557 /* AnimatedIcon014.png in Resources */,
				B83907DE2D1DF26A00153557 /* AnimatedIcon073.png in Resources */,
				B83907DF2D1DF26A00153557 /* AnimatedIcon051.png in Resources */,
				B83907E02D1DF26A00153557 /* AnimatedIcon078.png in Resources */,
				B83907E12D1DF26A00153557 /* AnimatedIcon085.png in Resources */,
				B83907E22D1DF26A00153557 /* AnimatedIcon066.png in Resources */,
				B83907E32D1DF26A00153557 /* AnimatedIcon084.png in Resources */,
				B83907E42D1DF26A00153557 /* AnimatedIcon031.png in Resources */,
				B83907E52D1DF26A00153557 /* AnimatedIcon025.png in Resources */,
				B83907E62D1DF26A00153557 /* AnimatedIcon043.png in Resources */,
				B83907E72D1DF26A00153557 /* AnimatedIcon026.png in Resources */,
				B83907E82D1DF26A00153557 /* AnimatedIcon069.png in Resources */,
				B83907E92D1DF26A00153557 /* AnimatedIcon082.png in Resources */,
				B83907EA2D1DF26A00153557 /* AnimatedIcon013.png in Resources */,
				B83907EB2D1DF26A00153557 /* AnimatedIcon039.png in Resources */,
				B83907EC2D1DF26A00153557 /* AnimatedIcon042.png in Resources */,
				B83907ED2D1DF26A00153557 /* AnimatedIcon000.png in Resources */,
				B83907EE2D1DF26A00153557 /* AnimatedIcon027.png in Resources */,
				B83907EF2D1DF26A00153557 /* AnimatedIcon012.png in Resources */,
				B83907F02D1DF26A00153557 /* AnimatedIcon062.png in Resources */,
				B83907F12D1DF26A00153557 /* AnimatedIcon071.png in Resources */,
				B83907F22D1DF26A00153557 /* AnimatedIcon045.png in Resources */,
				B83907F32D1DF26A00153557 /* AnimatedIcon004.png in Resources */,
				B83907F42D1DF26A00153557 /* AnimatedIcon077.png in Resources */,
			);
			runOnlyForDeploymentPostprocessing = 0;
		};
/* End PBXResourcesBuildPhase section */

/* Begin PBXShellScriptBuildPhase section */
		B869B55B2AE4AFA6008A4B7E /* Swiftlint */ = {
			isa = PBXShellScriptBuildPhase;
			buildActionMask = 2147483647;
			files = (
			);
			inputFileListPaths = (
				"$(SRCROOT)/Scripts/build_phases/Packages_swiftlint.xcfilelist",
			);
			inputPaths = (
			);
			name = Swiftlint;
			outputFileListPaths = (
			);
			outputPaths = (
				"$(SRCROOT)/Scripts/build_phases/Packages_swiftlint_static_output\n",
			);
			runOnlyForDeploymentPostprocessing = 0;
			shellPath = /bin/sh;
			shellScript = "echo \"test\"\n#if [[ \"$(uname -m)\" == arm64 ]]; then\n #   export PATH=\"/opt/homebrew/bin:$PATH\"\n#fi\n\n#if which swiftlint > /dev/null; then\n#    if [ \"${CONFIGURATION}\" == \"Debug\" ]; then\n        # swiftlint\n#    fi\n#else\n#  echo \"warning: SwiftLint not installed, download from https://github.com/realm/SwiftLint\"\n#fi\n";
		};
/* End PBXShellScriptBuildPhase section */

/* Begin PBXSourcesBuildPhase section */
		B8AB63B92AA49F6100F2CEFF /* Sources */ = {
			isa = PBXSourcesBuildPhase;
			buildActionMask = 2147483647;
			files = (
				B8AB63C02AA49F6100F2CEFF /* SafariWebExtensionHandler.swift in Sources */,
			);
			runOnlyForDeploymentPostprocessing = 0;
		};
		B8D351F1293CABB6008A84EA /* Sources */ = {
			isa = PBXSourcesBuildPhase;
			buildActionMask = 2147483647;
			files = (
				B8DEB2222BAB81CC00AD97C6 /* App.swift in Sources */,
				B82D8DB02D1CB03500784698 /* IconAnimator.swift in Sources */,
			);
			runOnlyForDeploymentPostprocessing = 0;
		};
/* End PBXSourcesBuildPhase section */

/* Begin PBXTargetDependency section */
		B8AB63D42AA49F6100F2CEFF /* PBXTargetDependency */ = {
			isa = PBXTargetDependency;
			target = B8AB63BC2AA49F6100F2CEFF /* OpenInAppExtension */;
			targetProxy = B8AB63D32AA49F6100F2CEFF /* PBXContainerItemProxy */;
		};
/* End PBXTargetDependency section */

/* Begin XCBuildConfiguration section */
		B8AB63D72AA49F6100F2CEFF /* Debug */ = {
			isa = XCBuildConfiguration;
			buildSettings = {
				CODE_SIGN_IDENTITY = "Apple Development";
				CODE_SIGN_STYLE = Automatic;
				CURRENT_PROJECT_VERSION = 556;
				DEVELOPMENT_TEAM = 7353CQCGQC;
				GENERATE_INFOPLIST_FILE = YES;
				INFOPLIST_FILE = OpenInAppExtension/Info.plist;
				INFOPLIST_KEY_CFBundleDisplayName = OpenInAppExtension;
				INFOPLIST_KEY_NSHumanReadableCopyright = "";
				IPHONEOS_DEPLOYMENT_TARGET = 16.0;
				LD_RUNPATH_SEARCH_PATHS = (
					"$(inherited)",
					"@executable_path/Frameworks",
					"@executable_path/../../Frameworks",
				);
				MARKETING_VERSION = 0.8.0;
				OTHER_LDFLAGS = (
					"-framework",
					SafariServices,
				);
				PRODUCT_BUNDLE_IDENTIFIER = com.subvert.forpda.OpenInAppExtension;
				PRODUCT_NAME = "$(TARGET_NAME)";
				PROVISIONING_PROFILE_SPECIFIER = "";
				SKIP_INSTALL = YES;
				SUPPORTED_PLATFORMS = "iphoneos iphonesimulator";
				SUPPORTS_MACCATALYST = NO;
				SUPPORTS_MAC_DESIGNED_FOR_IPHONE_IPAD = NO;
				SUPPORTS_XR_DESIGNED_FOR_IPHONE_IPAD = NO;
				SWIFT_EMIT_LOC_STRINGS = YES;
				SWIFT_VERSION = 5.0;
				TARGETED_DEVICE_FAMILY = 1;
			};
			name = Debug;
		};
		B8AB63D82AA49F6100F2CEFF /* Release */ = {
			isa = XCBuildConfiguration;
			buildSettings = {
				CODE_SIGN_IDENTITY = "Apple Development";
				CODE_SIGN_STYLE = Automatic;
				CURRENT_PROJECT_VERSION = 556;
				DEVELOPMENT_TEAM = 7353CQCGQC;
				GENERATE_INFOPLIST_FILE = YES;
				INFOPLIST_FILE = OpenInAppExtension/Info.plist;
				INFOPLIST_KEY_CFBundleDisplayName = OpenInAppExtension;
				INFOPLIST_KEY_NSHumanReadableCopyright = "";
				IPHONEOS_DEPLOYMENT_TARGET = 16.0;
				LD_RUNPATH_SEARCH_PATHS = (
					"$(inherited)",
					"@executable_path/Frameworks",
					"@executable_path/../../Frameworks",
				);
				MARKETING_VERSION = 0.8.0;
				OTHER_LDFLAGS = (
					"-framework",
					SafariServices,
				);
				PRODUCT_BUNDLE_IDENTIFIER = com.subvert.forpda.OpenInAppExtension;
				PRODUCT_NAME = "$(TARGET_NAME)";
				PROVISIONING_PROFILE_SPECIFIER = "";
				SKIP_INSTALL = YES;
				SUPPORTED_PLATFORMS = "iphoneos iphonesimulator";
				SUPPORTS_MACCATALYST = NO;
				SUPPORTS_MAC_DESIGNED_FOR_IPHONE_IPAD = NO;
				SUPPORTS_XR_DESIGNED_FOR_IPHONE_IPAD = NO;
				SWIFT_EMIT_LOC_STRINGS = YES;
				SWIFT_VERSION = 5.0;
				TARGETED_DEVICE_FAMILY = 1;
			};
			name = Release;
		};
		B8D35207293CABB7008A84EA /* Debug */ = {
			isa = XCBuildConfiguration;
			buildSettings = {
				ALWAYS_SEARCH_USER_PATHS = NO;
				ASSETCATALOG_COMPILER_GENERATE_ASSET_SYMBOL_FRAMEWORKS = "SwiftUI UIKit";
				ASSETCATALOG_COMPILER_GENERATE_SWIFT_ASSET_SYMBOL_EXTENSIONS = YES;
				CLANG_ANALYZER_LOCALIZABILITY_NONLOCALIZED = YES;
				CLANG_ANALYZER_NONNULL = YES;
				CLANG_ANALYZER_NUMBER_OBJECT_CONVERSION = YES_AGGRESSIVE;
				CLANG_CXX_LANGUAGE_STANDARD = "gnu++20";
				CLANG_ENABLE_MODULES = YES;
				CLANG_ENABLE_OBJC_ARC = YES;
				CLANG_ENABLE_OBJC_WEAK = YES;
				CLANG_WARN_BLOCK_CAPTURE_AUTORELEASING = YES;
				CLANG_WARN_BOOL_CONVERSION = YES;
				CLANG_WARN_COMMA = YES;
				CLANG_WARN_CONSTANT_CONVERSION = YES;
				CLANG_WARN_DEPRECATED_OBJC_IMPLEMENTATIONS = YES;
				CLANG_WARN_DIRECT_OBJC_ISA_USAGE = YES_ERROR;
				CLANG_WARN_DOCUMENTATION_COMMENTS = YES;
				CLANG_WARN_EMPTY_BODY = YES;
				CLANG_WARN_ENUM_CONVERSION = YES;
				CLANG_WARN_INFINITE_RECURSION = YES;
				CLANG_WARN_INT_CONVERSION = YES;
				CLANG_WARN_NON_LITERAL_NULL_CONVERSION = YES;
				CLANG_WARN_OBJC_IMPLICIT_RETAIN_SELF = YES;
				CLANG_WARN_OBJC_LITERAL_CONVERSION = YES;
				CLANG_WARN_OBJC_ROOT_CLASS = YES_ERROR;
				CLANG_WARN_QUOTED_INCLUDE_IN_FRAMEWORK_HEADER = YES;
				CLANG_WARN_RANGE_LOOP_ANALYSIS = YES;
				CLANG_WARN_STRICT_PROTOTYPES = YES;
				CLANG_WARN_SUSPICIOUS_MOVE = YES;
				CLANG_WARN_UNGUARDED_AVAILABILITY = YES_AGGRESSIVE;
				CLANG_WARN_UNREACHABLE_CODE = YES;
				CLANG_WARN__DUPLICATE_METHOD_MATCH = YES;
				COPY_PHASE_STRIP = NO;
				CURRENT_PROJECT_VERSION = "";
				DEBUG_ACTIVITY_MODE = "";
				"DEBUG_ACTIVITY_MODE[sdk=iphonesimulator*]" = DISABLE;
				DEBUG_INFORMATION_FORMAT = dwarf;
				ENABLE_STRICT_OBJC_MSGSEND = YES;
				ENABLE_TESTABILITY = YES;
				ENABLE_USER_SCRIPT_SANDBOXING = YES;
				GCC_C_LANGUAGE_STANDARD = gnu11;
				GCC_DYNAMIC_NO_PIC = NO;
				GCC_NO_COMMON_BLOCKS = YES;
				GCC_OPTIMIZATION_LEVEL = 0;
				GCC_PREPROCESSOR_DEFINITIONS = (
					"DEBUG=1",
					"$(inherited)",
				);
				GCC_WARN_64_TO_32_BIT_CONVERSION = YES;
				GCC_WARN_ABOUT_RETURN_TYPE = YES_ERROR;
				GCC_WARN_UNDECLARED_SELECTOR = YES;
				GCC_WARN_UNINITIALIZED_AUTOS = YES_AGGRESSIVE;
				GCC_WARN_UNUSED_FUNCTION = YES;
				GCC_WARN_UNUSED_VARIABLE = YES;
				IPHONEOS_DEPLOYMENT_TARGET = 14.0;
				LOCALIZATION_PREFERS_STRING_CATALOGS = YES;
				MARKETING_VERSION = "";
				MTL_ENABLE_DEBUG_INFO = INCLUDE_SOURCE;
				MTL_FAST_MATH = YES;
				ONLY_ACTIVE_ARCH = YES;
				SDKROOT = iphoneos;
				SWIFT_ACTIVE_COMPILATION_CONDITIONS = DEBUG;
				SWIFT_EMIT_LOC_STRINGS = YES;
				SWIFT_OPTIMIZATION_LEVEL = "-Onone";
			};
			name = Debug;
		};
		B8D35208293CABB7008A84EA /* Release */ = {
			isa = XCBuildConfiguration;
			buildSettings = {
				ALWAYS_SEARCH_USER_PATHS = NO;
				ASSETCATALOG_COMPILER_GENERATE_ASSET_SYMBOL_FRAMEWORKS = "SwiftUI UIKit";
				ASSETCATALOG_COMPILER_GENERATE_SWIFT_ASSET_SYMBOL_EXTENSIONS = YES;
				CLANG_ANALYZER_LOCALIZABILITY_NONLOCALIZED = YES;
				CLANG_ANALYZER_NONNULL = YES;
				CLANG_ANALYZER_NUMBER_OBJECT_CONVERSION = YES_AGGRESSIVE;
				CLANG_CXX_LANGUAGE_STANDARD = "gnu++20";
				CLANG_ENABLE_MODULES = YES;
				CLANG_ENABLE_OBJC_ARC = YES;
				CLANG_ENABLE_OBJC_WEAK = YES;
				CLANG_WARN_BLOCK_CAPTURE_AUTORELEASING = YES;
				CLANG_WARN_BOOL_CONVERSION = YES;
				CLANG_WARN_COMMA = YES;
				CLANG_WARN_CONSTANT_CONVERSION = YES;
				CLANG_WARN_DEPRECATED_OBJC_IMPLEMENTATIONS = YES;
				CLANG_WARN_DIRECT_OBJC_ISA_USAGE = YES_ERROR;
				CLANG_WARN_DOCUMENTATION_COMMENTS = YES;
				CLANG_WARN_EMPTY_BODY = YES;
				CLANG_WARN_ENUM_CONVERSION = YES;
				CLANG_WARN_INFINITE_RECURSION = YES;
				CLANG_WARN_INT_CONVERSION = YES;
				CLANG_WARN_NON_LITERAL_NULL_CONVERSION = YES;
				CLANG_WARN_OBJC_IMPLICIT_RETAIN_SELF = YES;
				CLANG_WARN_OBJC_LITERAL_CONVERSION = YES;
				CLANG_WARN_OBJC_ROOT_CLASS = YES_ERROR;
				CLANG_WARN_QUOTED_INCLUDE_IN_FRAMEWORK_HEADER = YES;
				CLANG_WARN_RANGE_LOOP_ANALYSIS = YES;
				CLANG_WARN_STRICT_PROTOTYPES = YES;
				CLANG_WARN_SUSPICIOUS_MOVE = YES;
				CLANG_WARN_UNGUARDED_AVAILABILITY = YES_AGGRESSIVE;
				CLANG_WARN_UNREACHABLE_CODE = YES;
				CLANG_WARN__DUPLICATE_METHOD_MATCH = YES;
				COPY_PHASE_STRIP = NO;
				CURRENT_PROJECT_VERSION = "";
				DEBUG_ACTIVITY_MODE = "";
				DEBUG_INFORMATION_FORMAT = "dwarf-with-dsym";
				ENABLE_NS_ASSERTIONS = NO;
				ENABLE_STRICT_OBJC_MSGSEND = YES;
				ENABLE_USER_SCRIPT_SANDBOXING = YES;
				GCC_C_LANGUAGE_STANDARD = gnu11;
				GCC_NO_COMMON_BLOCKS = YES;
				GCC_WARN_64_TO_32_BIT_CONVERSION = YES;
				GCC_WARN_ABOUT_RETURN_TYPE = YES_ERROR;
				GCC_WARN_UNDECLARED_SELECTOR = YES;
				GCC_WARN_UNINITIALIZED_AUTOS = YES_AGGRESSIVE;
				GCC_WARN_UNUSED_FUNCTION = YES;
				GCC_WARN_UNUSED_VARIABLE = YES;
				IPHONEOS_DEPLOYMENT_TARGET = 14.0;
				LOCALIZATION_PREFERS_STRING_CATALOGS = YES;
				MARKETING_VERSION = "";
				MTL_ENABLE_DEBUG_INFO = NO;
				MTL_FAST_MATH = YES;
				SDKROOT = iphoneos;
				SWIFT_COMPILATION_MODE = wholemodule;
				SWIFT_EMIT_LOC_STRINGS = YES;
				SWIFT_OPTIMIZATION_LEVEL = "-O";
				VALIDATE_PRODUCT = YES;
			};
			name = Release;
		};
		B8D3520A293CABB7008A84EA /* Debug */ = {
			isa = XCBuildConfiguration;
			buildSettings = {
				ASSETCATALOG_COMPILER_APPICON_NAME = AppIcon;
				ASSETCATALOG_COMPILER_GLOBAL_ACCENT_COLOR_NAME = AccentColor;
				ASSETCATALOG_COMPILER_INCLUDE_ALL_APPICON_ASSETS = YES;
				CODE_SIGN_ENTITLEMENTS = ForPDA/ForPDA.entitlements;
				CODE_SIGN_IDENTITY = "Apple Development";
				CODE_SIGN_STYLE = Automatic;
				CURRENT_PROJECT_VERSION = 556;
				DEBUG_INFORMATION_FORMAT = "dwarf-with-dsym";
				DEVELOPMENT_TEAM = 7353CQCGQC;
				ENABLE_USER_SCRIPT_SANDBOXING = NO;
				GENERATE_INFOPLIST_FILE = YES;
				INFOPLIST_FILE = App/Info.plist;
				INFOPLIST_KEY_CFBundleDisplayName = ForPDA;
				INFOPLIST_KEY_LSApplicationCategoryType = "public.app-category.news";
				INFOPLIST_KEY_UIApplicationSupportsIndirectInputEvents = YES;
				INFOPLIST_KEY_UILaunchStoryboardName = LaunchScreen;
				INFOPLIST_KEY_UISupportedInterfaceOrientations = UIInterfaceOrientationPortrait;
				INFOPLIST_KEY_UISupportedInterfaceOrientations_iPad = "UIInterfaceOrientationLandscapeLeft UIInterfaceOrientationLandscapeRight UIInterfaceOrientationPortrait UIInterfaceOrientationPortraitUpsideDown";
				IPHONEOS_DEPLOYMENT_TARGET = 16.0;
				LD_RUNPATH_SEARCH_PATHS = (
					"$(inherited)",
					"@executable_path/Frameworks",
				);
				MARKETING_VERSION = 0.8.0;
				OTHER_LDFLAGS = "";
				OTHER_SWIFT_FLAGS = "";
				PRODUCT_BUNDLE_IDENTIFIER = com.subvert.forpda;
				PRODUCT_NAME = "$(TARGET_NAME)";
				PROVISIONING_PROFILE_SPECIFIER = "";
				SUPPORTED_PLATFORMS = "iphoneos iphonesimulator";
				SUPPORTS_MACCATALYST = NO;
				SUPPORTS_MAC_DESIGNED_FOR_IPHONE_IPAD = NO;
				SUPPORTS_XR_DESIGNED_FOR_IPHONE_IPAD = NO;
				SWIFT_EMIT_LOC_STRINGS = YES;
				SWIFT_STRICT_CONCURRENCY = complete;
				SWIFT_UPCOMING_FEATURE_CONCISE_MAGIC_FILE = YES;
				SWIFT_UPCOMING_FEATURE_DEPRECATE_APPLICATION_MAIN = YES;
				SWIFT_UPCOMING_FEATURE_DISABLE_OUTWARD_ACTOR_ISOLATION = YES;
				SWIFT_UPCOMING_FEATURE_EXISTENTIAL_ANY = YES;
				SWIFT_UPCOMING_FEATURE_FORWARD_TRAILING_CLOSURES = YES;
				SWIFT_UPCOMING_FEATURE_GLOBAL_CONCURRENCY = YES;
				SWIFT_UPCOMING_FEATURE_IMPLICIT_OPEN_EXISTENTIALS = YES;
				SWIFT_UPCOMING_FEATURE_IMPORT_OBJC_FORWARD_DECLS = YES;
				SWIFT_UPCOMING_FEATURE_INFER_SENDABLE_FROM_CAPTURES = YES;
				SWIFT_UPCOMING_FEATURE_INTERNAL_IMPORTS_BY_DEFAULT = YES;
				SWIFT_UPCOMING_FEATURE_ISOLATED_DEFAULT_VALUES = YES;
				SWIFT_UPCOMING_FEATURE_REGION_BASED_ISOLATION = YES;
				SWIFT_VERSION = 6.0;
				TARGETED_DEVICE_FAMILY = 1;
			};
			name = Debug;
		};
		B8D3520B293CABB7008A84EA /* Release */ = {
			isa = XCBuildConfiguration;
			buildSettings = {
				ASSETCATALOG_COMPILER_APPICON_NAME = AppIcon;
				ASSETCATALOG_COMPILER_GLOBAL_ACCENT_COLOR_NAME = AccentColor;
				ASSETCATALOG_COMPILER_INCLUDE_ALL_APPICON_ASSETS = YES;
				CODE_SIGN_ENTITLEMENTS = ForPDA/ForPDA.entitlements;
				CODE_SIGN_IDENTITY = "Apple Development";
				CODE_SIGN_STYLE = Automatic;
				CURRENT_PROJECT_VERSION = 556;
				DEVELOPMENT_TEAM = 7353CQCGQC;
				ENABLE_USER_SCRIPT_SANDBOXING = NO;
				GENERATE_INFOPLIST_FILE = YES;
				INFOPLIST_FILE = App/Info.plist;
				INFOPLIST_KEY_CFBundleDisplayName = ForPDA;
				INFOPLIST_KEY_LSApplicationCategoryType = "public.app-category.news";
				INFOPLIST_KEY_UIApplicationSupportsIndirectInputEvents = YES;
				INFOPLIST_KEY_UILaunchStoryboardName = LaunchScreen;
				INFOPLIST_KEY_UISupportedInterfaceOrientations = UIInterfaceOrientationPortrait;
				INFOPLIST_KEY_UISupportedInterfaceOrientations_iPad = "UIInterfaceOrientationLandscapeLeft UIInterfaceOrientationLandscapeRight UIInterfaceOrientationPortrait UIInterfaceOrientationPortraitUpsideDown";
				IPHONEOS_DEPLOYMENT_TARGET = 16.0;
				LD_RUNPATH_SEARCH_PATHS = (
					"$(inherited)",
					"@executable_path/Frameworks",
				);
				MARKETING_VERSION = 0.8.0;
				OTHER_LDFLAGS = "";
				OTHER_SWIFT_FLAGS = "";
				PRODUCT_BUNDLE_IDENTIFIER = com.subvert.forpda;
				PRODUCT_NAME = "$(TARGET_NAME)";
				PROVISIONING_PROFILE_SPECIFIER = "";
				SUPPORTED_PLATFORMS = "iphoneos iphonesimulator";
				SUPPORTS_MACCATALYST = NO;
				SUPPORTS_MAC_DESIGNED_FOR_IPHONE_IPAD = NO;
				SUPPORTS_XR_DESIGNED_FOR_IPHONE_IPAD = NO;
				SWIFT_EMIT_LOC_STRINGS = YES;
				SWIFT_STRICT_CONCURRENCY = complete;
				SWIFT_UPCOMING_FEATURE_CONCISE_MAGIC_FILE = YES;
				SWIFT_UPCOMING_FEATURE_DEPRECATE_APPLICATION_MAIN = YES;
				SWIFT_UPCOMING_FEATURE_DISABLE_OUTWARD_ACTOR_ISOLATION = YES;
				SWIFT_UPCOMING_FEATURE_EXISTENTIAL_ANY = YES;
				SWIFT_UPCOMING_FEATURE_FORWARD_TRAILING_CLOSURES = YES;
				SWIFT_UPCOMING_FEATURE_GLOBAL_CONCURRENCY = YES;
				SWIFT_UPCOMING_FEATURE_IMPLICIT_OPEN_EXISTENTIALS = YES;
				SWIFT_UPCOMING_FEATURE_IMPORT_OBJC_FORWARD_DECLS = YES;
				SWIFT_UPCOMING_FEATURE_INFER_SENDABLE_FROM_CAPTURES = YES;
				SWIFT_UPCOMING_FEATURE_INTERNAL_IMPORTS_BY_DEFAULT = YES;
				SWIFT_UPCOMING_FEATURE_ISOLATED_DEFAULT_VALUES = YES;
				SWIFT_UPCOMING_FEATURE_REGION_BASED_ISOLATION = YES;
				SWIFT_VERSION = 6.0;
				TARGETED_DEVICE_FAMILY = 1;
			};
			name = Release;
		};
/* End XCBuildConfiguration section */

/* Begin XCConfigurationList section */
		B8AB63D62AA49F6100F2CEFF /* Build configuration list for PBXNativeTarget "OpenInAppExtension" */ = {
			isa = XCConfigurationList;
			buildConfigurations = (
				B8AB63D72AA49F6100F2CEFF /* Debug */,
				B8AB63D82AA49F6100F2CEFF /* Release */,
			);
			defaultConfigurationIsVisible = 0;
			defaultConfigurationName = Release;
		};
		B8D351F0293CABB6008A84EA /* Build configuration list for PBXProject "ForPDA" */ = {
			isa = XCConfigurationList;
			buildConfigurations = (
				B8D35207293CABB7008A84EA /* Debug */,
				B8D35208293CABB7008A84EA /* Release */,
			);
			defaultConfigurationIsVisible = 0;
			defaultConfigurationName = Release;
		};
		B8D35209293CABB7008A84EA /* Build configuration list for PBXNativeTarget "ForPDA" */ = {
			isa = XCConfigurationList;
			buildConfigurations = (
				B8D3520A293CABB7008A84EA /* Debug */,
				B8D3520B293CABB7008A84EA /* Release */,
			);
			defaultConfigurationIsVisible = 0;
			defaultConfigurationName = Release;
		};
/* End XCConfigurationList section */

/* Begin XCSwiftPackageProductDependency section */
		B894CE152C7FB54700D0D18B /* AppFeature */ = {
			isa = XCSwiftPackageProductDependency;
			productName = AppFeature;
		};
/* End XCSwiftPackageProductDependency section */
	};
	rootObject = B8D351ED293CABB6008A84EA /* Project object */;
}
