// !$*UTF8*$!
{
	archiveVersion = 1;
	classes = {
	};
	objectVersion = 56;
	objects = {

/* Begin PBXBuildFile section */
		B809925B293CBF5C0053202C /* SnapKit in Frameworks */ = {isa = PBXBuildFile; productRef = B809925A293CBF5C0053202C /* SnapKit */; };
		B8340352296789FE00C3CF37 /* PDACharterLabel.swift in Sources */ = {isa = PBXBuildFile; fileRef = B8340351296789FE00C3CF37 /* PDACharterLabel.swift */; };
		B8340355296796F600C3CF37 /* PDAPaddingLabel.swift in Sources */ = {isa = PBXBuildFile; fileRef = B8340354296796F600C3CF37 /* PDAPaddingLabel.swift */; };
		B83403572967AFCA00C3CF37 /* PDATableView.swift in Sources */ = {isa = PBXBuildFile; fileRef = B83403562967AFCA00C3CF37 /* PDATableView.swift */; };
		B834035B2967B14C00C3CF37 /* PDAResizingImageViewWithText.swift in Sources */ = {isa = PBXBuildFile; fileRef = B834035A2967B14C00C3CF37 /* PDAResizingImageViewWithText.swift */; };
		B83E8AC5294A75DA000D59E7 /* SwiftyGif in Frameworks */ = {isa = PBXBuildFile; productRef = B83E8AC4294A75DA000D59E7 /* SwiftyGif */; };
		B83E8AC7294A8337000D59E7 /* UITextView+Ext.swift in Sources */ = {isa = PBXBuildFile; fileRef = B83E8AC6294A8337000D59E7 /* UITextView+Ext.swift */; };
		B83E8AC9294A836D000D59E7 /* PDAResizingTextView.swift in Sources */ = {isa = PBXBuildFile; fileRef = B83E8AC8294A836D000D59E7 /* PDAResizingTextView.swift */; };
		B83E8ACB294A862A000D59E7 /* UIView+Ext.swift in Sources */ = {isa = PBXBuildFile; fileRef = B83E8ACA294A862A000D59E7 /* UIView+Ext.swift */; };
		B8495D42294CCE1E00F60171 /* SwiftMessages in Frameworks */ = {isa = PBXBuildFile; productRef = B8495D41294CCE1E00F60171 /* SwiftMessages */; };
		B84CCC52294A6EDA0001EB24 /* Nuke in Frameworks */ = {isa = PBXBuildFile; productRef = B84CCC51294A6EDA0001EB24 /* Nuke */; };
		B84CCC54294A6EDA0001EB24 /* NukeExtensions in Frameworks */ = {isa = PBXBuildFile; productRef = B84CCC53294A6EDA0001EB24 /* NukeExtensions */; };
		B863357D293D218900F8D2E6 /* String+Ext.swift in Sources */ = {isa = PBXBuildFile; fileRef = B863357C293D218900F8D2E6 /* String+Ext.swift */; };
		B87C32552A0801EE00CFB7EF /* FirebaseAnalyticsWithoutAdIdSupport in Frameworks */ = {isa = PBXBuildFile; productRef = B87C32542A0801EE00CFB7EF /* FirebaseAnalyticsWithoutAdIdSupport */; };
		B87C32572A0801EE00CFB7EF /* FirebaseCrashlytics in Frameworks */ = {isa = PBXBuildFile; productRef = B87C32562A0801EE00CFB7EF /* FirebaseCrashlytics */; };
		B87C32592A0801EE00CFB7EF /* FirebasePerformance in Frameworks */ = {isa = PBXBuildFile; productRef = B87C32582A0801EE00CFB7EF /* FirebasePerformance */; };
		B87EB9CD293D21FB0025C2A0 /* NewsView.swift in Sources */ = {isa = PBXBuildFile; fileRef = B87EB9CC293D21FB0025C2A0 /* NewsView.swift */; };
		B87EB9D0293D2DA30025C2A0 /* ArticleVC.swift in Sources */ = {isa = PBXBuildFile; fileRef = B87EB9CF293D2DA30025C2A0 /* ArticleVC.swift */; };
		B87EB9D2293D2DB90025C2A0 /* ArticleView.swift in Sources */ = {isa = PBXBuildFile; fileRef = B87EB9D1293D2DB90025C2A0 /* ArticleView.swift */; };
		B87EB9D4293D50DB0025C2A0 /* PDAResizingImageView.swift in Sources */ = {isa = PBXBuildFile; fileRef = B87EB9D3293D50DB0025C2A0 /* PDAResizingImageView.swift */; };
		B884AFF829FD9D6F00BC1AA1 /* YouTubePlayerKit in Frameworks */ = {isa = PBXBuildFile; productRef = B884AFF729FD9D6F00BC1AA1 /* YouTubePlayerKit */; };
		B89301192947CF5500D14141 /* SwiftRichString in Frameworks */ = {isa = PBXBuildFile; productRef = B89301182947CF5500D14141 /* SwiftRichString */; };
		B893011C2947E18300D14141 /* MenuVC.swift in Sources */ = {isa = PBXBuildFile; fileRef = B893011B2947E18300D14141 /* MenuVC.swift */; };
		B893011E2947E19800D14141 /* MenuView.swift in Sources */ = {isa = PBXBuildFile; fileRef = B893011D2947E19800D14141 /* MenuView.swift */; };
		B89301212947E2AE00D14141 /* LoginVC.swift in Sources */ = {isa = PBXBuildFile; fileRef = B89301202947E2AE00D14141 /* LoginVC.swift */; };
		B89301262947E2BD00D14141 /* LoginView.swift in Sources */ = {isa = PBXBuildFile; fileRef = B89301252947E2BD00D14141 /* LoginView.swift */; };
		B8AC57722947FC9600435CF3 /* ProfileVC.swift in Sources */ = {isa = PBXBuildFile; fileRef = B8AC57712947FC9600435CF3 /* ProfileVC.swift */; };
		B8AC57742947FCA500435CF3 /* ProfileView.swift in Sources */ = {isa = PBXBuildFile; fileRef = B8AC57732947FCA500435CF3 /* ProfileView.swift */; };
		B8B55B022A07C948008C93D3 /* Factory in Frameworks */ = {isa = PBXBuildFile; productRef = B8B55B012A07C948008C93D3 /* Factory */; };
		B8B86DB8295773950098D5E5 /* NewsVM.swift in Sources */ = {isa = PBXBuildFile; fileRef = B8B86DB7295773950098D5E5 /* NewsVM.swift */; };
		B8BD2D79293E1C3F00E12E29 /* MarqueeLabel in Frameworks */ = {isa = PBXBuildFile; productRef = B8BD2D78293E1C3F00E12E29 /* MarqueeLabel */; };
		B8BD2D85293E242200E12E29 /* SwipeCellKit in Frameworks */ = {isa = PBXBuildFile; productRef = B8BD2D84293E242200E12E29 /* SwipeCellKit */; };
		B8BD2D87293E257900E12E29 /* Comment.swift in Sources */ = {isa = PBXBuildFile; fileRef = B8BD2D86293E257900E12E29 /* Comment.swift */; };
		B8BD2D89293E26A900E12E29 /* ArticleCommentCell.swift in Sources */ = {isa = PBXBuildFile; fileRef = B8BD2D88293E26A900E12E29 /* ArticleCommentCell.swift */; };
		B8BD2D8D293E283E00E12E29 /* CommentsVC.swift in Sources */ = {isa = PBXBuildFile; fileRef = B8BD2D8C293E283E00E12E29 /* CommentsVC.swift */; };
		B8BD2D93293E2AF000E12E29 /* CommentCell.swift in Sources */ = {isa = PBXBuildFile; fileRef = B8BD2D8F293E2AEF00E12E29 /* CommentCell.swift */; };
		B8BD2D94293E2AF000E12E29 /* CommentsViewController.swift in Sources */ = {isa = PBXBuildFile; fileRef = B8BD2D90293E2AEF00E12E29 /* CommentsViewController.swift */; };
		B8BD2D95293E2AF000E12E29 /* AbstractComment.swift in Sources */ = {isa = PBXBuildFile; fileRef = B8BD2D91293E2AEF00E12E29 /* AbstractComment.swift */; };
		B8BD2D96293E2AF000E12E29 /* CommentsViewDelegate.swift in Sources */ = {isa = PBXBuildFile; fileRef = B8BD2D92293E2AF000E12E29 /* CommentsViewDelegate.swift */; };
		B8C7ABAF293D0A0D00FB2F67 /* Article.swift in Sources */ = {isa = PBXBuildFile; fileRef = B8C7ABAE293D0A0D00FB2F67 /* Article.swift */; };
		B8C7ABB1293D12CB00FB2F67 /* ArticleCell.swift in Sources */ = {isa = PBXBuildFile; fileRef = B8C7ABB0293D12CB00FB2F67 /* ArticleCell.swift */; };
		B8C7ABB8293D20DD00FB2F67 /* PDATabBarController.swift in Sources */ = {isa = PBXBuildFile; fileRef = B8C7ABB7293D20DD00FB2F67 /* PDATabBarController.swift */; };
		B8C7ABBA293D20E400FB2F67 /* PDAViewController.swift in Sources */ = {isa = PBXBuildFile; fileRef = B8C7ABB9293D20E400FB2F67 /* PDAViewController.swift */; };
		B8C7ABBC293D20EF00FB2F67 /* UITableViewCell+Ext.swift in Sources */ = {isa = PBXBuildFile; fileRef = B8C7ABBB293D20EF00FB2F67 /* UITableViewCell+Ext.swift */; };
		B8D351F9293CABB6008A84EA /* AppDelegate.swift in Sources */ = {isa = PBXBuildFile; fileRef = B8D351F8293CABB6008A84EA /* AppDelegate.swift */; };
		B8D351FB293CABB6008A84EA /* SceneDelegate.swift in Sources */ = {isa = PBXBuildFile; fileRef = B8D351FA293CABB6008A84EA /* SceneDelegate.swift */; };
		B8D351FD293CABB6008A84EA /* NewsVC.swift in Sources */ = {isa = PBXBuildFile; fileRef = B8D351FC293CABB6008A84EA /* NewsVC.swift */; };
		B8D35202293CABB7008A84EA /* Assets.xcassets in Resources */ = {isa = PBXBuildFile; fileRef = B8D35201293CABB7008A84EA /* Assets.xcassets */; };
		B8D35205293CABB7008A84EA /* LaunchScreen.storyboard in Resources */ = {isa = PBXBuildFile; fileRef = B8D35203293CABB7008A84EA /* LaunchScreen.storyboard */; };
		B8D3521B293CBE46008A84EA /* SwiftSoup in Frameworks */ = {isa = PBXBuildFile; productRef = B8D3521A293CBE46008A84EA /* SwiftSoup */; };
		B8DDFA1C294A4D22008B0156 /* NetworkManager.swift in Sources */ = {isa = PBXBuildFile; fileRef = B8DDFA1B294A4D22008B0156 /* NetworkManager.swift */; };
		B8DDFA1E294A5611008B0156 /* ArticleVM.swift in Sources */ = {isa = PBXBuildFile; fileRef = B8DDFA1D294A5611008B0156 /* ArticleVM.swift */; };
		B8DDFA20294A56E4008B0156 /* DocumentParser.swift in Sources */ = {isa = PBXBuildFile; fileRef = B8DDFA1F294A56E4008B0156 /* DocumentParser.swift */; };
		B8E446312A002F7200CE8745 /* AnalyticsHelper.swift in Sources */ = {isa = PBXBuildFile; fileRef = B8E446302A002F7200CE8745 /* AnalyticsHelper.swift */; };
		B8E4463B2A0044E000CE8745 /* GoogleService-Info.plist in Resources */ = {isa = PBXBuildFile; fileRef = B8E4463A2A0044E000CE8745 /* GoogleService-Info.plist */; };
		B8E4463F2A004CD600CE8745 /* URL+Ext.swift in Sources */ = {isa = PBXBuildFile; fileRef = B8E4463E2A004CD600CE8745 /* URL+Ext.swift */; };
		B8FEA1BD29675F73002DFAA4 /* UITableView+Ext.swift in Sources */ = {isa = PBXBuildFile; fileRef = B8FEA1BC29675F73002DFAA4 /* UITableView+Ext.swift */; };
		B8FEA1C229676FC3002DFAA4 /* RswiftLibrary in Frameworks */ = {isa = PBXBuildFile; productRef = B8FEA1C129676FC3002DFAA4 /* RswiftLibrary */; };
/* End PBXBuildFile section */

/* Begin PBXFileReference section */
		B8340351296789FE00C3CF37 /* PDACharterLabel.swift */ = {isa = PBXFileReference; lastKnownFileType = sourcecode.swift; path = PDACharterLabel.swift; sourceTree = "<group>"; };
		B8340354296796F600C3CF37 /* PDAPaddingLabel.swift */ = {isa = PBXFileReference; lastKnownFileType = sourcecode.swift; path = PDAPaddingLabel.swift; sourceTree = "<group>"; };
		B83403562967AFCA00C3CF37 /* PDATableView.swift */ = {isa = PBXFileReference; lastKnownFileType = sourcecode.swift; path = PDATableView.swift; sourceTree = "<group>"; };
		B834035A2967B14C00C3CF37 /* PDAResizingImageViewWithText.swift */ = {isa = PBXFileReference; lastKnownFileType = sourcecode.swift; path = PDAResizingImageViewWithText.swift; sourceTree = "<group>"; };
		B83E8AC6294A8337000D59E7 /* UITextView+Ext.swift */ = {isa = PBXFileReference; lastKnownFileType = sourcecode.swift; path = "UITextView+Ext.swift"; sourceTree = "<group>"; };
		B83E8AC8294A836D000D59E7 /* PDAResizingTextView.swift */ = {isa = PBXFileReference; lastKnownFileType = sourcecode.swift; path = PDAResizingTextView.swift; sourceTree = "<group>"; };
		B83E8ACA294A862A000D59E7 /* UIView+Ext.swift */ = {isa = PBXFileReference; lastKnownFileType = sourcecode.swift; path = "UIView+Ext.swift"; sourceTree = "<group>"; };
		B863357C293D218900F8D2E6 /* String+Ext.swift */ = {isa = PBXFileReference; lastKnownFileType = sourcecode.swift; path = "String+Ext.swift"; sourceTree = "<group>"; };
		B87EB9CC293D21FB0025C2A0 /* NewsView.swift */ = {isa = PBXFileReference; lastKnownFileType = sourcecode.swift; path = NewsView.swift; sourceTree = "<group>"; };
		B87EB9CF293D2DA30025C2A0 /* ArticleVC.swift */ = {isa = PBXFileReference; lastKnownFileType = sourcecode.swift; path = ArticleVC.swift; sourceTree = "<group>"; };
		B87EB9D1293D2DB90025C2A0 /* ArticleView.swift */ = {isa = PBXFileReference; lastKnownFileType = sourcecode.swift; path = ArticleView.swift; sourceTree = "<group>"; };
		B87EB9D3293D50DB0025C2A0 /* PDAResizingImageView.swift */ = {isa = PBXFileReference; lastKnownFileType = sourcecode.swift; path = PDAResizingImageView.swift; sourceTree = "<group>"; };
		B893011B2947E18300D14141 /* MenuVC.swift */ = {isa = PBXFileReference; lastKnownFileType = sourcecode.swift; path = MenuVC.swift; sourceTree = "<group>"; };
		B893011D2947E19800D14141 /* MenuView.swift */ = {isa = PBXFileReference; lastKnownFileType = sourcecode.swift; path = MenuView.swift; sourceTree = "<group>"; };
		B89301202947E2AE00D14141 /* LoginVC.swift */ = {isa = PBXFileReference; lastKnownFileType = sourcecode.swift; path = LoginVC.swift; sourceTree = "<group>"; };
		B89301252947E2BD00D14141 /* LoginView.swift */ = {isa = PBXFileReference; lastKnownFileType = sourcecode.swift; path = LoginView.swift; sourceTree = "<group>"; };
		B8AC57712947FC9600435CF3 /* ProfileVC.swift */ = {isa = PBXFileReference; lastKnownFileType = sourcecode.swift; path = ProfileVC.swift; sourceTree = "<group>"; };
		B8AC57732947FCA500435CF3 /* ProfileView.swift */ = {isa = PBXFileReference; lastKnownFileType = sourcecode.swift; path = ProfileView.swift; sourceTree = "<group>"; };
		B8B86DB7295773950098D5E5 /* NewsVM.swift */ = {isa = PBXFileReference; lastKnownFileType = sourcecode.swift; path = NewsVM.swift; sourceTree = "<group>"; };
		B8BD2D86293E257900E12E29 /* Comment.swift */ = {isa = PBXFileReference; lastKnownFileType = sourcecode.swift; path = Comment.swift; sourceTree = "<group>"; };
		B8BD2D88293E26A900E12E29 /* ArticleCommentCell.swift */ = {isa = PBXFileReference; lastKnownFileType = sourcecode.swift; path = ArticleCommentCell.swift; sourceTree = "<group>"; };
		B8BD2D8C293E283E00E12E29 /* CommentsVC.swift */ = {isa = PBXFileReference; lastKnownFileType = sourcecode.swift; path = CommentsVC.swift; sourceTree = "<group>"; };
		B8BD2D8F293E2AEF00E12E29 /* CommentCell.swift */ = {isa = PBXFileReference; fileEncoding = 4; lastKnownFileType = sourcecode.swift; path = CommentCell.swift; sourceTree = "<group>"; };
		B8BD2D90293E2AEF00E12E29 /* CommentsViewController.swift */ = {isa = PBXFileReference; fileEncoding = 4; lastKnownFileType = sourcecode.swift; path = CommentsViewController.swift; sourceTree = "<group>"; };
		B8BD2D91293E2AEF00E12E29 /* AbstractComment.swift */ = {isa = PBXFileReference; fileEncoding = 4; lastKnownFileType = sourcecode.swift; path = AbstractComment.swift; sourceTree = "<group>"; };
		B8BD2D92293E2AF000E12E29 /* CommentsViewDelegate.swift */ = {isa = PBXFileReference; fileEncoding = 4; lastKnownFileType = sourcecode.swift; path = CommentsViewDelegate.swift; sourceTree = "<group>"; };
		B8C7ABAE293D0A0D00FB2F67 /* Article.swift */ = {isa = PBXFileReference; lastKnownFileType = sourcecode.swift; path = Article.swift; sourceTree = "<group>"; };
		B8C7ABB0293D12CB00FB2F67 /* ArticleCell.swift */ = {isa = PBXFileReference; lastKnownFileType = sourcecode.swift; path = ArticleCell.swift; sourceTree = "<group>"; };
		B8C7ABB7293D20DD00FB2F67 /* PDATabBarController.swift */ = {isa = PBXFileReference; fileEncoding = 4; lastKnownFileType = sourcecode.swift; path = PDATabBarController.swift; sourceTree = "<group>"; };
		B8C7ABB9293D20E400FB2F67 /* PDAViewController.swift */ = {isa = PBXFileReference; fileEncoding = 4; lastKnownFileType = sourcecode.swift; path = PDAViewController.swift; sourceTree = "<group>"; };
		B8C7ABBB293D20EF00FB2F67 /* UITableViewCell+Ext.swift */ = {isa = PBXFileReference; fileEncoding = 4; lastKnownFileType = sourcecode.swift; path = "UITableViewCell+Ext.swift"; sourceTree = "<group>"; };
		B8D351F5293CABB6008A84EA /* ForPDA.app */ = {isa = PBXFileReference; explicitFileType = wrapper.application; includeInIndex = 0; path = ForPDA.app; sourceTree = BUILT_PRODUCTS_DIR; };
		B8D351F8293CABB6008A84EA /* AppDelegate.swift */ = {isa = PBXFileReference; lastKnownFileType = sourcecode.swift; path = AppDelegate.swift; sourceTree = "<group>"; };
		B8D351FA293CABB6008A84EA /* SceneDelegate.swift */ = {isa = PBXFileReference; lastKnownFileType = sourcecode.swift; path = SceneDelegate.swift; sourceTree = "<group>"; };
		B8D351FC293CABB6008A84EA /* NewsVC.swift */ = {isa = PBXFileReference; lastKnownFileType = sourcecode.swift; path = NewsVC.swift; sourceTree = "<group>"; };
		B8D35201293CABB7008A84EA /* Assets.xcassets */ = {isa = PBXFileReference; lastKnownFileType = folder.assetcatalog; path = Assets.xcassets; sourceTree = "<group>"; };
		B8D35204293CABB7008A84EA /* Base */ = {isa = PBXFileReference; lastKnownFileType = file.storyboard; name = Base; path = Base.lproj/LaunchScreen.storyboard; sourceTree = "<group>"; };
		B8D35206293CABB7008A84EA /* Info.plist */ = {isa = PBXFileReference; lastKnownFileType = text.plist.xml; path = Info.plist; sourceTree = "<group>"; };
		B8DDFA1B294A4D22008B0156 /* NetworkManager.swift */ = {isa = PBXFileReference; lastKnownFileType = sourcecode.swift; path = NetworkManager.swift; sourceTree = "<group>"; };
		B8DDFA1D294A5611008B0156 /* ArticleVM.swift */ = {isa = PBXFileReference; lastKnownFileType = sourcecode.swift; path = ArticleVM.swift; sourceTree = "<group>"; };
		B8DDFA1F294A56E4008B0156 /* DocumentParser.swift */ = {isa = PBXFileReference; lastKnownFileType = sourcecode.swift; path = DocumentParser.swift; sourceTree = "<group>"; };
		B8E446302A002F7200CE8745 /* AnalyticsHelper.swift */ = {isa = PBXFileReference; lastKnownFileType = sourcecode.swift; path = AnalyticsHelper.swift; sourceTree = "<group>"; };
		B8E4463A2A0044E000CE8745 /* GoogleService-Info.plist */ = {isa = PBXFileReference; fileEncoding = 4; lastKnownFileType = text.plist.xml; path = "GoogleService-Info.plist"; sourceTree = "<group>"; };
		B8E4463E2A004CD600CE8745 /* URL+Ext.swift */ = {isa = PBXFileReference; lastKnownFileType = sourcecode.swift; path = "URL+Ext.swift"; sourceTree = "<group>"; };
		B8FEA1BC29675F73002DFAA4 /* UITableView+Ext.swift */ = {isa = PBXFileReference; lastKnownFileType = sourcecode.swift; path = "UITableView+Ext.swift"; sourceTree = "<group>"; };
/* End PBXFileReference section */

/* Begin PBXFrameworksBuildPhase section */
		B8D351F2293CABB6008A84EA /* Frameworks */ = {
			isa = PBXFrameworksBuildPhase;
			buildActionMask = 2147483647;
			files = (
				B87C32552A0801EE00CFB7EF /* FirebaseAnalyticsWithoutAdIdSupport in Frameworks */,
				B884AFF829FD9D6F00BC1AA1 /* YouTubePlayerKit in Frameworks */,
				B87C32592A0801EE00CFB7EF /* FirebasePerformance in Frameworks */,
				B809925B293CBF5C0053202C /* SnapKit in Frameworks */,
				B87C32572A0801EE00CFB7EF /* FirebaseCrashlytics in Frameworks */,
				B8FEA1C229676FC3002DFAA4 /* RswiftLibrary in Frameworks */,
				B84CCC54294A6EDA0001EB24 /* NukeExtensions in Frameworks */,
				B8D3521B293CBE46008A84EA /* SwiftSoup in Frameworks */,
				B83E8AC5294A75DA000D59E7 /* SwiftyGif in Frameworks */,
				B8BD2D79293E1C3F00E12E29 /* MarqueeLabel in Frameworks */,
				B8BD2D85293E242200E12E29 /* SwipeCellKit in Frameworks */,
				B89301192947CF5500D14141 /* SwiftRichString in Frameworks */,
				B8495D42294CCE1E00F60171 /* SwiftMessages in Frameworks */,
				B84CCC52294A6EDA0001EB24 /* Nuke in Frameworks */,
				B8B55B022A07C948008C93D3 /* Factory in Frameworks */,
			);
			runOnlyForDeploymentPostprocessing = 0;
		};
/* End PBXFrameworksBuildPhase section */

/* Begin PBXGroup section */
		B81BE1472944054100E2AAF9 /* Comments */ = {
			isa = PBXGroup;
			children = (
				B8BD2D8C293E283E00E12E29 /* CommentsVC.swift */,
				B8BD2D88293E26A900E12E29 /* ArticleCommentCell.swift */,
			);
			path = Comments;
			sourceTree = "<group>";
		};
		B834034F296789D800C3CF37 /* Custom Views */ = {
			isa = PBXGroup;
			children = (
				B8C7ABB7293D20DD00FB2F67 /* PDATabBarController.swift */,
				B8C7ABB9293D20E400FB2F67 /* PDAViewController.swift */,
				B83403562967AFCA00C3CF37 /* PDATableView.swift */,
				B87EB9D3293D50DB0025C2A0 /* PDAResizingImageView.swift */,
				B834035A2967B14C00C3CF37 /* PDAResizingImageViewWithText.swift */,
				B83E8AC8294A836D000D59E7 /* PDAResizingTextView.swift */,
				B8340351296789FE00C3CF37 /* PDACharterLabel.swift */,
				B8340354296796F600C3CF37 /* PDAPaddingLabel.swift */,
			);
			path = "Custom Views";
			sourceTree = "<group>";
		};
		B87EB9CE293D2D8B0025C2A0 /* Article */ = {
			isa = PBXGroup;
			children = (
				B87EB9CF293D2DA30025C2A0 /* ArticleVC.swift */,
				B8DDFA1D294A5611008B0156 /* ArticleVM.swift */,
				B87EB9D1293D2DB90025C2A0 /* ArticleView.swift */,
			);
			path = Article;
			sourceTree = "<group>";
		};
		B893011A2947E17C00D14141 /* Menu */ = {
			isa = PBXGroup;
			children = (
				B893011B2947E18300D14141 /* MenuVC.swift */,
				B893011D2947E19800D14141 /* MenuView.swift */,
			);
			path = Menu;
			sourceTree = "<group>";
		};
		B893011F2947E2A700D14141 /* Login */ = {
			isa = PBXGroup;
			children = (
				B89301202947E2AE00D14141 /* LoginVC.swift */,
				B89301252947E2BD00D14141 /* LoginView.swift */,
			);
			path = Login;
			sourceTree = "<group>";
		};
		B8AC57702947FC8E00435CF3 /* Profile */ = {
			isa = PBXGroup;
			children = (
				B8AC57712947FC9600435CF3 /* ProfileVC.swift */,
				B8AC57732947FCA500435CF3 /* ProfileView.swift */,
			);
			path = Profile;
			sourceTree = "<group>";
		};
		B8BD2D8E293E2AE800E12E29 /* Comments */ = {
			isa = PBXGroup;
			children = (
				B8BD2D91293E2AEF00E12E29 /* AbstractComment.swift */,
				B8BD2D8F293E2AEF00E12E29 /* CommentCell.swift */,
				B8BD2D90293E2AEF00E12E29 /* CommentsViewController.swift */,
				B8BD2D92293E2AF000E12E29 /* CommentsViewDelegate.swift */,
			);
			path = Comments;
			sourceTree = "<group>";
		};
		B8C7ABB2293D207C00FB2F67 /* Screens */ = {
			isa = PBXGroup;
			children = (
				B8C7ABB3293D208400FB2F67 /* News */,
				B87EB9CE293D2D8B0025C2A0 /* Article */,
				B81BE1472944054100E2AAF9 /* Comments */,
				B893011A2947E17C00D14141 /* Menu */,
				B8AC57702947FC8E00435CF3 /* Profile */,
				B893011F2947E2A700D14141 /* Login */,
			);
			path = Screens;
			sourceTree = "<group>";
		};
		B8C7ABB3293D208400FB2F67 /* News */ = {
			isa = PBXGroup;
			children = (
				B8D351FC293CABB6008A84EA /* NewsVC.swift */,
				B8B86DB7295773950098D5E5 /* NewsVM.swift */,
				B87EB9CC293D21FB0025C2A0 /* NewsView.swift */,
				B8C7ABB6293D20BA00FB2F67 /* Cells */,
			);
			path = News;
			sourceTree = "<group>";
		};
		B8C7ABB4293D208E00FB2F67 /* Extensions */ = {
			isa = PBXGroup;
			children = (
				B8C7ABBB293D20EF00FB2F67 /* UITableViewCell+Ext.swift */,
				B8FEA1BC29675F73002DFAA4 /* UITableView+Ext.swift */,
				B83E8AC6294A8337000D59E7 /* UITextView+Ext.swift */,
				B83E8ACA294A862A000D59E7 /* UIView+Ext.swift */,
				B863357C293D218900F8D2E6 /* String+Ext.swift */,
				B8E4463E2A004CD600CE8745 /* URL+Ext.swift */,
			);
			path = Extensions;
			sourceTree = "<group>";
		};
		B8C7ABB5293D209B00FB2F67 /* Models */ = {
			isa = PBXGroup;
			children = (
				B8BD2D8E293E2AE800E12E29 /* Comments */,
				B8C7ABAE293D0A0D00FB2F67 /* Article.swift */,
				B8BD2D86293E257900E12E29 /* Comment.swift */,
			);
			path = Models;
			sourceTree = "<group>";
		};
		B8C7ABB6293D20BA00FB2F67 /* Cells */ = {
			isa = PBXGroup;
			children = (
				B8C7ABB0293D12CB00FB2F67 /* ArticleCell.swift */,
			);
			path = Cells;
			sourceTree = "<group>";
		};
		B8D351EC293CABB6008A84EA = {
			isa = PBXGroup;
			children = (
				B8D351F7293CABB6008A84EA /* ForPDA */,
				B8D351F6293CABB6008A84EA /* Products */,
			);
			sourceTree = "<group>";
		};
		B8D351F6293CABB6008A84EA /* Products */ = {
			isa = PBXGroup;
			children = (
				B8D351F5293CABB6008A84EA /* ForPDA.app */,
			);
			name = Products;
			sourceTree = "<group>";
		};
		B8D351F7293CABB6008A84EA /* ForPDA */ = {
			isa = PBXGroup;
			children = (
				B8C7ABB2293D207C00FB2F67 /* Screens */,
				B8C7ABB5293D209B00FB2F67 /* Models */,
				B8FEA1B929675AAC002DFAA4 /* Services */,
				B834034F296789D800C3CF37 /* Custom Views */,
				B8C7ABB4293D208E00FB2F67 /* Extensions */,
				B8FEA1BA29675ABF002DFAA4 /* Support */,
				B8D35206293CABB7008A84EA /* Info.plist */,
				B8E4463A2A0044E000CE8745 /* GoogleService-Info.plist */,
			);
			path = ForPDA;
			sourceTree = "<group>";
		};
		B8FEA1B929675AAC002DFAA4 /* Services */ = {
			isa = PBXGroup;
			children = (
				B8DDFA1B294A4D22008B0156 /* NetworkManager.swift */,
				B8DDFA1F294A56E4008B0156 /* DocumentParser.swift */,
				B8E446302A002F7200CE8745 /* AnalyticsHelper.swift */,
			);
			path = Services;
			sourceTree = "<group>";
		};
		B8FEA1BA29675ABF002DFAA4 /* Support */ = {
			isa = PBXGroup;
			children = (
				B8D351F8293CABB6008A84EA /* AppDelegate.swift */,
				B8D351FA293CABB6008A84EA /* SceneDelegate.swift */,
				B8D35201293CABB7008A84EA /* Assets.xcassets */,
				B8D35203293CABB7008A84EA /* LaunchScreen.storyboard */,
			);
			path = Support;
			sourceTree = "<group>";
		};
/* End PBXGroup section */

/* Begin PBXNativeTarget section */
		B8D351F4293CABB6008A84EA /* ForPDA */ = {
			isa = PBXNativeTarget;
			buildConfigurationList = B8D35209293CABB7008A84EA /* Build configuration list for PBXNativeTarget "ForPDA" */;
			buildPhases = (
				B8D351F1293CABB6008A84EA /* Sources */,
				B8D351F2293CABB6008A84EA /* Frameworks */,
				B8D351F3293CABB6008A84EA /* Resources */,
				B8FEA1BB29675BCE002DFAA4 /* SwiftLint */,
				B85021EA2A0807C0000AD3B0 /* Firebase Crashlytics */,
			);
			buildRules = (
			);
			dependencies = (
				B834034D296770C300C3CF37 /* PBXTargetDependency */,
			);
			name = ForPDA;
			packageProductDependencies = (
				B8D3521A293CBE46008A84EA /* SwiftSoup */,
				B809925A293CBF5C0053202C /* SnapKit */,
				B8BD2D78293E1C3F00E12E29 /* MarqueeLabel */,
				B8BD2D84293E242200E12E29 /* SwipeCellKit */,
				B89301182947CF5500D14141 /* SwiftRichString */,
				B84CCC51294A6EDA0001EB24 /* Nuke */,
				B84CCC53294A6EDA0001EB24 /* NukeExtensions */,
				B83E8AC4294A75DA000D59E7 /* SwiftyGif */,
				B8495D41294CCE1E00F60171 /* SwiftMessages */,
				B8FEA1C129676FC3002DFAA4 /* RswiftLibrary */,
				B884AFF729FD9D6F00BC1AA1 /* YouTubePlayerKit */,
				B8B55B012A07C948008C93D3 /* Factory */,
				B87C32542A0801EE00CFB7EF /* FirebaseAnalyticsWithoutAdIdSupport */,
				B87C32562A0801EE00CFB7EF /* FirebaseCrashlytics */,
				B87C32582A0801EE00CFB7EF /* FirebasePerformance */,
			);
			productName = ForPDA;
			productReference = B8D351F5293CABB6008A84EA /* ForPDA.app */;
			productType = "com.apple.product-type.application";
		};
/* End PBXNativeTarget section */

/* Begin PBXProject section */
		B8D351ED293CABB6008A84EA /* Project object */ = {
			isa = PBXProject;
			attributes = {
				BuildIndependentTargetsInParallel = 1;
				LastSwiftUpdateCheck = 1410;
				LastUpgradeCheck = 1410;
				TargetAttributes = {
					B8D351F4293CABB6008A84EA = {
						CreatedOnToolsVersion = 14.1;
					};
				};
			};
			buildConfigurationList = B8D351F0293CABB6008A84EA /* Build configuration list for PBXProject "ForPDA" */;
			compatibilityVersion = "Xcode 14.0";
			developmentRegion = en;
			hasScannedForEncodings = 0;
			knownRegions = (
				en,
				Base,
			);
			mainGroup = B8D351EC293CABB6008A84EA;
			packageReferences = (
				B8D35219293CBE46008A84EA /* XCRemoteSwiftPackageReference "SwiftSoup" */,
				B8099259293CBF5C0053202C /* XCRemoteSwiftPackageReference "SnapKit" */,
				B8BD2D77293E1C3F00E12E29 /* XCRemoteSwiftPackageReference "MarqueeLabel" */,
				B8BD2D83293E242200E12E29 /* XCRemoteSwiftPackageReference "SwipeCellKit" */,
				B89301172947CF5500D14141 /* XCRemoteSwiftPackageReference "SwiftRichString" */,
				B84CCC50294A6EDA0001EB24 /* XCRemoteSwiftPackageReference "Nuke" */,
				B83E8AC3294A75DA000D59E7 /* XCRemoteSwiftPackageReference "SwiftyGif" */,
				B8495D40294CCE1E00F60171 /* XCRemoteSwiftPackageReference "SwiftMessages" */,
				B8FEA1C029676FC3002DFAA4 /* XCRemoteSwiftPackageReference "R" */,
				B884AFF629FD9D6F00BC1AA1 /* XCRemoteSwiftPackageReference "YouTubePlayerKit" */,
				B8B55B002A07C948008C93D3 /* XCRemoteSwiftPackageReference "Factory" */,
				B87C32532A0801EE00CFB7EF /* XCRemoteSwiftPackageReference "firebase-ios-sdk" */,
			);
			productRefGroup = B8D351F6293CABB6008A84EA /* Products */;
			projectDirPath = "";
			projectRoot = "";
			targets = (
				B8D351F4293CABB6008A84EA /* ForPDA */,
			);
		};
/* End PBXProject section */

/* Begin PBXResourcesBuildPhase section */
		B8D351F3293CABB6008A84EA /* Resources */ = {
			isa = PBXResourcesBuildPhase;
			buildActionMask = 2147483647;
			files = (
				B8D35205293CABB7008A84EA /* LaunchScreen.storyboard in Resources */,
				B8D35202293CABB7008A84EA /* Assets.xcassets in Resources */,
				B8E4463B2A0044E000CE8745 /* GoogleService-Info.plist in Resources */,
			);
			runOnlyForDeploymentPostprocessing = 0;
		};
/* End PBXResourcesBuildPhase section */

/* Begin PBXShellScriptBuildPhase section */
		B85021EA2A0807C0000AD3B0 /* Firebase Crashlytics */ = {
			isa = PBXShellScriptBuildPhase;
			alwaysOutOfDate = 1;
			buildActionMask = 2147483647;
			files = (
			);
			inputFileListPaths = (
			);
			inputPaths = (
				"${DWARF_DSYM_FOLDER_PATH}/${DWARF_DSYM_FILE_NAME}/Contents/Resources/DWARF/${TARGET_NAME}",
				"$(SRCROOT)/$(BUILT_PRODUCTS_DIR)/$(INFOPLIST_PATH)\n",
			);
			name = "Firebase Crashlytics";
			outputFileListPaths = (
			);
			outputPaths = (
			);
			runOnlyForDeploymentPostprocessing = 0;
			shellPath = /bin/sh;
			shellScript = "\"${BUILD_DIR%/Build/*}/SourcePackages/checkouts/firebase-ios-sdk/Crashlytics/run\"\n";
		};
		B8FEA1BB29675BCE002DFAA4 /* SwiftLint */ = {
			isa = PBXShellScriptBuildPhase;
			alwaysOutOfDate = 1;
			buildActionMask = 12;
			files = (
			);
			inputFileListPaths = (
			);
			inputPaths = (
			);
			name = SwiftLint;
			outputFileListPaths = (
			);
			outputPaths = (
			);
			runOnlyForDeploymentPostprocessing = 0;
			shellPath = /bin/sh;
			shellScript = "export PATH=\"$PATH:/opt/homebrew/bin\"\nif which swiftlint > /dev/null; then\n  swiftlint\nelse\n  echo \"warning: SwiftLint not installed, download from https://github.com/realm/SwiftLint\"\nfi\n";
		};
/* End PBXShellScriptBuildPhase section */

/* Begin PBXSourcesBuildPhase section */
		B8D351F1293CABB6008A84EA /* Sources */ = {
			isa = PBXSourcesBuildPhase;
			buildActionMask = 2147483647;
			files = (
				B8340355296796F600C3CF37 /* PDAPaddingLabel.swift in Sources */,
				B83E8ACB294A862A000D59E7 /* UIView+Ext.swift in Sources */,
				B8FEA1BD29675F73002DFAA4 /* UITableView+Ext.swift in Sources */,
				B8DDFA1C294A4D22008B0156 /* NetworkManager.swift in Sources */,
				B863357D293D218900F8D2E6 /* String+Ext.swift in Sources */,
				B8C7ABBA293D20E400FB2F67 /* PDAViewController.swift in Sources */,
				B87EB9D4293D50DB0025C2A0 /* PDAResizingImageView.swift in Sources */,
				B8E4463F2A004CD600CE8745 /* URL+Ext.swift in Sources */,
				B8C7ABBC293D20EF00FB2F67 /* UITableViewCell+Ext.swift in Sources */,
				B8BD2D87293E257900E12E29 /* Comment.swift in Sources */,
				B8AC57722947FC9600435CF3 /* ProfileVC.swift in Sources */,
				B8B86DB8295773950098D5E5 /* NewsVM.swift in Sources */,
				B8BD2D89293E26A900E12E29 /* ArticleCommentCell.swift in Sources */,
				B89301262947E2BD00D14141 /* LoginView.swift in Sources */,
				B8DDFA20294A56E4008B0156 /* DocumentParser.swift in Sources */,
				B87EB9D0293D2DA30025C2A0 /* ArticleVC.swift in Sources */,
				B87EB9CD293D21FB0025C2A0 /* NewsView.swift in Sources */,
				B8340352296789FE00C3CF37 /* PDACharterLabel.swift in Sources */,
				B8BD2D94293E2AF000E12E29 /* CommentsViewController.swift in Sources */,
				B893011C2947E18300D14141 /* MenuVC.swift in Sources */,
				B8DDFA1E294A5611008B0156 /* ArticleVM.swift in Sources */,
				B8C7ABAF293D0A0D00FB2F67 /* Article.swift in Sources */,
				B8BD2D93293E2AF000E12E29 /* CommentCell.swift in Sources */,
				B8AC57742947FCA500435CF3 /* ProfileView.swift in Sources */,
				B8D351FD293CABB6008A84EA /* NewsVC.swift in Sources */,
				B83E8AC7294A8337000D59E7 /* UITextView+Ext.swift in Sources */,
				B8BD2D8D293E283E00E12E29 /* CommentsVC.swift in Sources */,
				B834035B2967B14C00C3CF37 /* PDAResizingImageViewWithText.swift in Sources */,
				B87EB9D2293D2DB90025C2A0 /* ArticleView.swift in Sources */,
				B8D351F9293CABB6008A84EA /* AppDelegate.swift in Sources */,
				B8C7ABB1293D12CB00FB2F67 /* ArticleCell.swift in Sources */,
				B83E8AC9294A836D000D59E7 /* PDAResizingTextView.swift in Sources */,
				B8D351FB293CABB6008A84EA /* SceneDelegate.swift in Sources */,
				B8BD2D96293E2AF000E12E29 /* CommentsViewDelegate.swift in Sources */,
				B8C7ABB8293D20DD00FB2F67 /* PDATabBarController.swift in Sources */,
				B893011E2947E19800D14141 /* MenuView.swift in Sources */,
				B8BD2D95293E2AF000E12E29 /* AbstractComment.swift in Sources */,
				B83403572967AFCA00C3CF37 /* PDATableView.swift in Sources */,
				B89301212947E2AE00D14141 /* LoginVC.swift in Sources */,
				B8E446312A002F7200CE8745 /* AnalyticsHelper.swift in Sources */,
			);
			runOnlyForDeploymentPostprocessing = 0;
		};
/* End PBXSourcesBuildPhase section */

/* Begin PBXTargetDependency section */
		B834034D296770C300C3CF37 /* PBXTargetDependency */ = {
			isa = PBXTargetDependency;
			productRef = B834034C296770C300C3CF37 /* RswiftGenerateInternalResources */;
		};
/* End PBXTargetDependency section */

/* Begin PBXVariantGroup section */
		B8D35203293CABB7008A84EA /* LaunchScreen.storyboard */ = {
			isa = PBXVariantGroup;
			children = (
				B8D35204293CABB7008A84EA /* Base */,
			);
			name = LaunchScreen.storyboard;
			sourceTree = "<group>";
		};
/* End PBXVariantGroup section */

/* Begin XCBuildConfiguration section */
		B8D35207293CABB7008A84EA /* Debug */ = {
			isa = XCBuildConfiguration;
			buildSettings = {
				ALWAYS_SEARCH_USER_PATHS = NO;
				CLANG_ANALYZER_NONNULL = YES;
				CLANG_ANALYZER_NUMBER_OBJECT_CONVERSION = YES_AGGRESSIVE;
				CLANG_CXX_LANGUAGE_STANDARD = "gnu++20";
				CLANG_ENABLE_MODULES = YES;
				CLANG_ENABLE_OBJC_ARC = YES;
				CLANG_ENABLE_OBJC_WEAK = YES;
				CLANG_WARN_BLOCK_CAPTURE_AUTORELEASING = YES;
				CLANG_WARN_BOOL_CONVERSION = YES;
				CLANG_WARN_COMMA = YES;
				CLANG_WARN_CONSTANT_CONVERSION = YES;
				CLANG_WARN_DEPRECATED_OBJC_IMPLEMENTATIONS = YES;
				CLANG_WARN_DIRECT_OBJC_ISA_USAGE = YES_ERROR;
				CLANG_WARN_DOCUMENTATION_COMMENTS = YES;
				CLANG_WARN_EMPTY_BODY = YES;
				CLANG_WARN_ENUM_CONVERSION = YES;
				CLANG_WARN_INFINITE_RECURSION = YES;
				CLANG_WARN_INT_CONVERSION = YES;
				CLANG_WARN_NON_LITERAL_NULL_CONVERSION = YES;
				CLANG_WARN_OBJC_IMPLICIT_RETAIN_SELF = YES;
				CLANG_WARN_OBJC_LITERAL_CONVERSION = YES;
				CLANG_WARN_OBJC_ROOT_CLASS = YES_ERROR;
				CLANG_WARN_QUOTED_INCLUDE_IN_FRAMEWORK_HEADER = YES;
				CLANG_WARN_RANGE_LOOP_ANALYSIS = YES;
				CLANG_WARN_STRICT_PROTOTYPES = YES;
				CLANG_WARN_SUSPICIOUS_MOVE = YES;
				CLANG_WARN_UNGUARDED_AVAILABILITY = YES_AGGRESSIVE;
				CLANG_WARN_UNREACHABLE_CODE = YES;
				CLANG_WARN__DUPLICATE_METHOD_MATCH = YES;
				COPY_PHASE_STRIP = NO;
				DEBUG_ACTIVITY_MODE = "";
				"DEBUG_ACTIVITY_MODE[sdk=iphonesimulator*]" = DISABLE;
				DEBUG_INFORMATION_FORMAT = dwarf;
				ENABLE_STRICT_OBJC_MSGSEND = YES;
				ENABLE_TESTABILITY = YES;
				GCC_C_LANGUAGE_STANDARD = gnu11;
				GCC_DYNAMIC_NO_PIC = NO;
				GCC_NO_COMMON_BLOCKS = YES;
				GCC_OPTIMIZATION_LEVEL = 0;
				GCC_PREPROCESSOR_DEFINITIONS = (
					"DEBUG=1",
					"$(inherited)",
				);
				GCC_WARN_64_TO_32_BIT_CONVERSION = YES;
				GCC_WARN_ABOUT_RETURN_TYPE = YES_ERROR;
				GCC_WARN_UNDECLARED_SELECTOR = YES;
				GCC_WARN_UNINITIALIZED_AUTOS = YES_AGGRESSIVE;
				GCC_WARN_UNUSED_FUNCTION = YES;
				GCC_WARN_UNUSED_VARIABLE = YES;
				IPHONEOS_DEPLOYMENT_TARGET = 14.0;
				MTL_ENABLE_DEBUG_INFO = INCLUDE_SOURCE;
				MTL_FAST_MATH = YES;
				ONLY_ACTIVE_ARCH = YES;
				SDKROOT = iphoneos;
				SWIFT_ACTIVE_COMPILATION_CONDITIONS = DEBUG;
				SWIFT_OPTIMIZATION_LEVEL = "-Onone";
			};
			name = Debug;
		};
		B8D35208293CABB7008A84EA /* Release */ = {
			isa = XCBuildConfiguration;
			buildSettings = {
				ALWAYS_SEARCH_USER_PATHS = NO;
				CLANG_ANALYZER_NONNULL = YES;
				CLANG_ANALYZER_NUMBER_OBJECT_CONVERSION = YES_AGGRESSIVE;
				CLANG_CXX_LANGUAGE_STANDARD = "gnu++20";
				CLANG_ENABLE_MODULES = YES;
				CLANG_ENABLE_OBJC_ARC = YES;
				CLANG_ENABLE_OBJC_WEAK = YES;
				CLANG_WARN_BLOCK_CAPTURE_AUTORELEASING = YES;
				CLANG_WARN_BOOL_CONVERSION = YES;
				CLANG_WARN_COMMA = YES;
				CLANG_WARN_CONSTANT_CONVERSION = YES;
				CLANG_WARN_DEPRECATED_OBJC_IMPLEMENTATIONS = YES;
				CLANG_WARN_DIRECT_OBJC_ISA_USAGE = YES_ERROR;
				CLANG_WARN_DOCUMENTATION_COMMENTS = YES;
				CLANG_WARN_EMPTY_BODY = YES;
				CLANG_WARN_ENUM_CONVERSION = YES;
				CLANG_WARN_INFINITE_RECURSION = YES;
				CLANG_WARN_INT_CONVERSION = YES;
				CLANG_WARN_NON_LITERAL_NULL_CONVERSION = YES;
				CLANG_WARN_OBJC_IMPLICIT_RETAIN_SELF = YES;
				CLANG_WARN_OBJC_LITERAL_CONVERSION = YES;
				CLANG_WARN_OBJC_ROOT_CLASS = YES_ERROR;
				CLANG_WARN_QUOTED_INCLUDE_IN_FRAMEWORK_HEADER = YES;
				CLANG_WARN_RANGE_LOOP_ANALYSIS = YES;
				CLANG_WARN_STRICT_PROTOTYPES = YES;
				CLANG_WARN_SUSPICIOUS_MOVE = YES;
				CLANG_WARN_UNGUARDED_AVAILABILITY = YES_AGGRESSIVE;
				CLANG_WARN_UNREACHABLE_CODE = YES;
				CLANG_WARN__DUPLICATE_METHOD_MATCH = YES;
				COPY_PHASE_STRIP = NO;
				DEBUG_ACTIVITY_MODE = "";
				DEBUG_INFORMATION_FORMAT = "dwarf-with-dsym";
				ENABLE_NS_ASSERTIONS = NO;
				ENABLE_STRICT_OBJC_MSGSEND = YES;
				GCC_C_LANGUAGE_STANDARD = gnu11;
				GCC_NO_COMMON_BLOCKS = YES;
				GCC_WARN_64_TO_32_BIT_CONVERSION = YES;
				GCC_WARN_ABOUT_RETURN_TYPE = YES_ERROR;
				GCC_WARN_UNDECLARED_SELECTOR = YES;
				GCC_WARN_UNINITIALIZED_AUTOS = YES_AGGRESSIVE;
				GCC_WARN_UNUSED_FUNCTION = YES;
				GCC_WARN_UNUSED_VARIABLE = YES;
				IPHONEOS_DEPLOYMENT_TARGET = 14.0;
				MTL_ENABLE_DEBUG_INFO = NO;
				MTL_FAST_MATH = YES;
				SDKROOT = iphoneos;
				SWIFT_COMPILATION_MODE = wholemodule;
				SWIFT_OPTIMIZATION_LEVEL = "-O";
				VALIDATE_PRODUCT = YES;
			};
			name = Release;
		};
		B8D3520A293CABB7008A84EA /* Debug */ = {
			isa = XCBuildConfiguration;
			buildSettings = {
				ASSETCATALOG_COMPILER_APPICON_NAME = AppIcon;
				ASSETCATALOG_COMPILER_GLOBAL_ACCENT_COLOR_NAME = AccentColor;
				CODE_SIGN_STYLE = Automatic;
				CURRENT_PROJECT_VERSION = 12;
				DEBUG_INFORMATION_FORMAT = "dwarf-with-dsym";
				DEVELOPMENT_TEAM = 7353CQCGQC;
				GENERATE_INFOPLIST_FILE = YES;
				INFOPLIST_FILE = ForPDA/Info.plist;
				INFOPLIST_KEY_CFBundleDisplayName = ForPDA;
				INFOPLIST_KEY_UIApplicationSupportsIndirectInputEvents = YES;
				INFOPLIST_KEY_UILaunchStoryboardName = LaunchScreen;
				INFOPLIST_KEY_UISupportedInterfaceOrientations = UIInterfaceOrientationPortrait;
				INFOPLIST_KEY_UISupportedInterfaceOrientations_iPad = "UIInterfaceOrientationLandscapeLeft UIInterfaceOrientationLandscapeRight UIInterfaceOrientationPortrait UIInterfaceOrientationPortraitUpsideDown";
				IPHONEOS_DEPLOYMENT_TARGET = 14.0;
				LD_RUNPATH_SEARCH_PATHS = (
					"$(inherited)",
					"@executable_path/Frameworks",
				);
				MARKETING_VERSION = 0.1.1;
				PRODUCT_BUNDLE_IDENTIFIER = com.subvert.forpda;
				PRODUCT_NAME = "$(TARGET_NAME)";
				SUPPORTED_PLATFORMS = "iphoneos iphonesimulator";
				SUPPORTS_MACCATALYST = NO;
				SUPPORTS_MAC_DESIGNED_FOR_IPHONE_IPAD = NO;
				SWIFT_EMIT_LOC_STRINGS = YES;
				SWIFT_VERSION = 5.0;
				TARGETED_DEVICE_FAMILY = 1;
			};
			name = Debug;
		};
		B8D3520B293CABB7008A84EA /* Release */ = {
			isa = XCBuildConfiguration;
			buildSettings = {
				ASSETCATALOG_COMPILER_APPICON_NAME = AppIcon;
				ASSETCATALOG_COMPILER_GLOBAL_ACCENT_COLOR_NAME = AccentColor;
				CODE_SIGN_STYLE = Automatic;
				CURRENT_PROJECT_VERSION = 12;
				DEVELOPMENT_TEAM = 7353CQCGQC;
				GENERATE_INFOPLIST_FILE = YES;
				INFOPLIST_FILE = ForPDA/Info.plist;
				INFOPLIST_KEY_CFBundleDisplayName = ForPDA;
				INFOPLIST_KEY_UIApplicationSupportsIndirectInputEvents = YES;
				INFOPLIST_KEY_UILaunchStoryboardName = LaunchScreen;
				INFOPLIST_KEY_UISupportedInterfaceOrientations = UIInterfaceOrientationPortrait;
				INFOPLIST_KEY_UISupportedInterfaceOrientations_iPad = "UIInterfaceOrientationLandscapeLeft UIInterfaceOrientationLandscapeRight UIInterfaceOrientationPortrait UIInterfaceOrientationPortraitUpsideDown";
				IPHONEOS_DEPLOYMENT_TARGET = 14.0;
				LD_RUNPATH_SEARCH_PATHS = (
					"$(inherited)",
					"@executable_path/Frameworks",
				);
				MARKETING_VERSION = 0.1.1;
				PRODUCT_BUNDLE_IDENTIFIER = com.subvert.forpda;
				PRODUCT_NAME = "$(TARGET_NAME)";
				SUPPORTED_PLATFORMS = "iphoneos iphonesimulator";
				SUPPORTS_MACCATALYST = NO;
				SUPPORTS_MAC_DESIGNED_FOR_IPHONE_IPAD = NO;
				SWIFT_EMIT_LOC_STRINGS = YES;
				SWIFT_VERSION = 5.0;
				TARGETED_DEVICE_FAMILY = 1;
			};
			name = Release;
		};
/* End XCBuildConfiguration section */

/* Begin XCConfigurationList section */
		B8D351F0293CABB6008A84EA /* Build configuration list for PBXProject "ForPDA" */ = {
			isa = XCConfigurationList;
			buildConfigurations = (
				B8D35207293CABB7008A84EA /* Debug */,
				B8D35208293CABB7008A84EA /* Release */,
			);
			defaultConfigurationIsVisible = 0;
			defaultConfigurationName = Release;
		};
		B8D35209293CABB7008A84EA /* Build configuration list for PBXNativeTarget "ForPDA" */ = {
			isa = XCConfigurationList;
			buildConfigurations = (
				B8D3520A293CABB7008A84EA /* Debug */,
				B8D3520B293CABB7008A84EA /* Release */,
			);
			defaultConfigurationIsVisible = 0;
			defaultConfigurationName = Release;
		};
/* End XCConfigurationList section */

/* Begin XCRemoteSwiftPackageReference section */
		B8099259293CBF5C0053202C /* XCRemoteSwiftPackageReference "SnapKit" */ = {
			isa = XCRemoteSwiftPackageReference;
			repositoryURL = "https://github.com/SnapKit/SnapKit.git";
			requirement = {
				kind = upToNextMajorVersion;
				minimumVersion = 5.6.0;
			};
		};
		B83E8AC3294A75DA000D59E7 /* XCRemoteSwiftPackageReference "SwiftyGif" */ = {
			isa = XCRemoteSwiftPackageReference;
			repositoryURL = "https://github.com/kirualex/SwiftyGif.git";
			requirement = {
				kind = upToNextMajorVersion;
				minimumVersion = 5.4.4;
			};
		};
		B8495D40294CCE1E00F60171 /* XCRemoteSwiftPackageReference "SwiftMessages" */ = {
			isa = XCRemoteSwiftPackageReference;
			repositoryURL = "https://github.com/SwiftKickMobile/SwiftMessages";
			requirement = {
				kind = upToNextMajorVersion;
				minimumVersion = 9.0.6;
			};
		};
		B84CCC50294A6EDA0001EB24 /* XCRemoteSwiftPackageReference "Nuke" */ = {
			isa = XCRemoteSwiftPackageReference;
			repositoryURL = "https://github.com/kean/Nuke.git";
			requirement = {
				kind = upToNextMajorVersion;
				minimumVersion = 12.1.0;
			};
		};
		B87C32532A0801EE00CFB7EF /* XCRemoteSwiftPackageReference "firebase-ios-sdk" */ = {
			isa = XCRemoteSwiftPackageReference;
			repositoryURL = "https://github.com/firebase/firebase-ios-sdk";
			requirement = {
				kind = upToNextMajorVersion;
				minimumVersion = 10.9.0;
			};
		};
		B884AFF629FD9D6F00BC1AA1 /* XCRemoteSwiftPackageReference "YouTubePlayerKit" */ = {
			isa = XCRemoteSwiftPackageReference;
			repositoryURL = "https://github.com/SvenTiigi/YouTubePlayerKit.git";
			requirement = {
				kind = upToNextMajorVersion;
				minimumVersion = 1.4.0;
			};
		};
		B89301172947CF5500D14141 /* XCRemoteSwiftPackageReference "SwiftRichString" */ = {
			isa = XCRemoteSwiftPackageReference;
			repositoryURL = "https://github.com/malcommac/SwiftRichString.git";
			requirement = {
				kind = upToNextMajorVersion;
				minimumVersion = 3.7.2;
			};
		};
		B8B55B002A07C948008C93D3 /* XCRemoteSwiftPackageReference "Factory" */ = {
			isa = XCRemoteSwiftPackageReference;
			repositoryURL = "https://github.com/hmlongco/Factory";
			requirement = {
				kind = upToNextMajorVersion;
				minimumVersion = 2.1.5;
			};
		};
		B8BD2D77293E1C3F00E12E29 /* XCRemoteSwiftPackageReference "MarqueeLabel" */ = {
			isa = XCRemoteSwiftPackageReference;
			repositoryURL = "https://github.com/cbpowell/MarqueeLabel.git";
			requirement = {
				kind = upToNextMajorVersion;
				minimumVersion = 4.3.0;
			};
		};
		B8BD2D83293E242200E12E29 /* XCRemoteSwiftPackageReference "SwipeCellKit" */ = {
			isa = XCRemoteSwiftPackageReference;
			repositoryURL = "https://github.com/SwipeCellKit/SwipeCellKit.git";
			requirement = {
				kind = upToNextMajorVersion;
				minimumVersion = 2.7.1;
			};
		};
		B8D35219293CBE46008A84EA /* XCRemoteSwiftPackageReference "SwiftSoup" */ = {
			isa = XCRemoteSwiftPackageReference;
			repositoryURL = "https://github.com/scinfu/SwiftSoup.git";
			requirement = {
				kind = upToNextMajorVersion;
				minimumVersion = 2.6.0;
			};
		};
		B8FEA1C029676FC3002DFAA4 /* XCRemoteSwiftPackageReference "R" */ = {
			isa = XCRemoteSwiftPackageReference;
			repositoryURL = "https://github.com/mac-cain13/R.swift";
			requirement = {
				kind = upToNextMajorVersion;
				minimumVersion = 7.3.2;
			};
		};
/* End XCRemoteSwiftPackageReference section */

/* Begin XCSwiftPackageProductDependency section */
		B809925A293CBF5C0053202C /* SnapKit */ = {
			isa = XCSwiftPackageProductDependency;
			package = B8099259293CBF5C0053202C /* XCRemoteSwiftPackageReference "SnapKit" */;
			productName = SnapKit;
		};
		B834034C296770C300C3CF37 /* RswiftGenerateInternalResources */ = {
			isa = XCSwiftPackageProductDependency;
			productName = "plugin:RswiftGenerateInternalResources";
		};
		B83E8AC4294A75DA000D59E7 /* SwiftyGif */ = {
			isa = XCSwiftPackageProductDependency;
			package = B83E8AC3294A75DA000D59E7 /* XCRemoteSwiftPackageReference "SwiftyGif" */;
			productName = SwiftyGif;
		};
		B8495D41294CCE1E00F60171 /* SwiftMessages */ = {
			isa = XCSwiftPackageProductDependency;
			package = B8495D40294CCE1E00F60171 /* XCRemoteSwiftPackageReference "SwiftMessages" */;
			productName = SwiftMessages;
		};
		B84CCC51294A6EDA0001EB24 /* Nuke */ = {
			isa = XCSwiftPackageProductDependency;
			package = B84CCC50294A6EDA0001EB24 /* XCRemoteSwiftPackageReference "Nuke" */;
			productName = Nuke;
		};
		B84CCC53294A6EDA0001EB24 /* NukeExtensions */ = {
			isa = XCSwiftPackageProductDependency;
			package = B84CCC50294A6EDA0001EB24 /* XCRemoteSwiftPackageReference "Nuke" */;
			productName = NukeExtensions;
		};
		B87C32542A0801EE00CFB7EF /* FirebaseAnalyticsWithoutAdIdSupport */ = {
			isa = XCSwiftPackageProductDependency;
			package = B87C32532A0801EE00CFB7EF /* XCRemoteSwiftPackageReference "firebase-ios-sdk" */;
			productName = FirebaseAnalyticsWithoutAdIdSupport;
		};
		B87C32562A0801EE00CFB7EF /* FirebaseCrashlytics */ = {
			isa = XCSwiftPackageProductDependency;
			package = B87C32532A0801EE00CFB7EF /* XCRemoteSwiftPackageReference "firebase-ios-sdk" */;
			productName = FirebaseCrashlytics;
		};
		B87C32582A0801EE00CFB7EF /* FirebasePerformance */ = {
			isa = XCSwiftPackageProductDependency;
			package = B87C32532A0801EE00CFB7EF /* XCRemoteSwiftPackageReference "firebase-ios-sdk" */;
			productName = FirebasePerformance;
		};
		B884AFF729FD9D6F00BC1AA1 /* YouTubePlayerKit */ = {
			isa = XCSwiftPackageProductDependency;
			package = B884AFF629FD9D6F00BC1AA1 /* XCRemoteSwiftPackageReference "YouTubePlayerKit" */;
			productName = YouTubePlayerKit;
		};
		B89301182947CF5500D14141 /* SwiftRichString */ = {
			isa = XCSwiftPackageProductDependency;
			package = B89301172947CF5500D14141 /* XCRemoteSwiftPackageReference "SwiftRichString" */;
			productName = SwiftRichString;
		};
		B8B55B012A07C948008C93D3 /* Factory */ = {
			isa = XCSwiftPackageProductDependency;
			package = B8B55B002A07C948008C93D3 /* XCRemoteSwiftPackageReference "Factory" */;
			productName = Factory;
		};
		B8BD2D78293E1C3F00E12E29 /* MarqueeLabel */ = {
			isa = XCSwiftPackageProductDependency;
			package = B8BD2D77293E1C3F00E12E29 /* XCRemoteSwiftPackageReference "MarqueeLabel" */;
			productName = MarqueeLabel;
		};
		B8BD2D84293E242200E12E29 /* SwipeCellKit */ = {
			isa = XCSwiftPackageProductDependency;
			package = B8BD2D83293E242200E12E29 /* XCRemoteSwiftPackageReference "SwipeCellKit" */;
			productName = SwipeCellKit;
		};
		B8D3521A293CBE46008A84EA /* SwiftSoup */ = {
			isa = XCSwiftPackageProductDependency;
			package = B8D35219293CBE46008A84EA /* XCRemoteSwiftPackageReference "SwiftSoup" */;
			productName = SwiftSoup;
		};
		B8FEA1C129676FC3002DFAA4 /* RswiftLibrary */ = {
			isa = XCSwiftPackageProductDependency;
			package = B8FEA1C029676FC3002DFAA4 /* XCRemoteSwiftPackageReference "R" */;
			productName = RswiftLibrary;
		};
/* End XCSwiftPackageProductDependency section */
	};
	rootObject = B8D351ED293CABB6008A84EA /* Project object */;
}
